<?xml version="1.0" encoding="utf-8"?>
<Project ToolsVersion="15.0" xmlns="http://schemas.microsoft.com/developer/msbuild/2003">
  <ItemGroup>
    <ClCompile Include="C:\Users\Guangyuan Zhao\Documents\GitHub\NetEase-Games-Project\NetEase-Games-Project\physx4.1\physx\samples\samplebridges\SampleBridges.cpp">
      <Filter>SampleBridges</Filter>
    </ClCompile>
    <ClCompile Include="C:\Users\Guangyuan Zhao\Documents\GitHub\NetEase-Games-Project\NetEase-Games-Project\physx4.1\physx\samples\samplebridges\SampleBridgesCCT.cpp">
      <Filter>SampleBridges</Filter>
    </ClCompile>
    <ClCompile Include="C:\Users\Guangyuan Zhao\Documents\GitHub\NetEase-Games-Project\NetEase-Games-Project\physx4.1\physx\samples\samplecustomgravity\Planet.cpp">
      <Filter>SampleCustomGravity</Filter>
    </ClCompile>
    <ClCompile Include="C:\Users\Guangyuan Zhao\Documents\GitHub\NetEase-Games-Project\NetEase-Games-Project\physx4.1\physx\samples\samplecustomgravity\SampleCustomGravity.cpp">
      <Filter>SampleCustomGravity</Filter>
    </ClCompile>
    <ClCompile Include="C:\Users\Guangyuan Zhao\Documents\GitHub\NetEase-Games-Project\NetEase-Games-Project\physx4.1\physx\samples\samplecustomgravity\SampleCustomGravity_CCT.cpp">
      <Filter>SampleCustomGravity</Filter>
    </ClCompile>
    <ClCompile Include="C:\Users\Guangyuan Zhao\Documents\GitHub\NetEase-Games-Project\NetEase-Games-Project\physx4.1\physx\samples\samplecustomgravity\SampleCustomGravityBuilder.cpp">
      <Filter>SampleCustomGravity</Filter>
    </ClCompile>
    <ClCompile Include="C:\Users\Guangyuan Zhao\Documents\GitHub\NetEase-Games-Project\NetEase-Games-Project\physx4.1\physx\samples\samplecustomgravity\SampleCustomGravityCameraController.cpp">
      <Filter>SampleCustomGravity</Filter>
    </ClCompile>
    <ClCompile Include="C:\Users\Guangyuan Zhao\Documents\GitHub\NetEase-Games-Project\NetEase-Games-Project\physx4.1\physx\samples\samplecustomgravity\SampleCustomGravityFilterShader.cpp">
      <Filter>SampleCustomGravity</Filter>
    </ClCompile>
    <ClCompile Include="C:\Users\Guangyuan Zhao\Documents\GitHub\NetEase-Games-Project\NetEase-Games-Project\physx4.1\physx\samples\samplehelloworld\SampleHelloWorld.cpp">
      <Filter>SampleHelloWorld</Filter>
    </ClCompile>
    <ClCompile Include="C:\Users\Guangyuan Zhao\Documents\GitHub\NetEase-Games-Project\NetEase-Games-Project\physx4.1\physx\samples\samplelargeworld\ChunkLoader.cpp">
      <Filter>SampleLargeWorld</Filter>
    </ClCompile>
    <ClCompile Include="C:\Users\Guangyuan Zhao\Documents\GitHub\NetEase-Games-Project\NetEase-Games-Project\physx4.1\physx\samples\samplelargeworld\MeshBuilder.cpp">
      <Filter>SampleLargeWorld</Filter>
    </ClCompile>
    <ClCompile Include="C:\Users\Guangyuan Zhao\Documents\GitHub\NetEase-Games-Project\NetEase-Games-Project\physx4.1\physx\samples\samplelargeworld\SampleLargeWorld.cpp">
      <Filter>SampleLargeWorld</Filter>
    </ClCompile>
    <ClCompile Include="C:\Users\Guangyuan Zhao\Documents\GitHub\NetEase-Games-Project\NetEase-Games-Project\physx4.1\physx\samples\samplelargeworld\SampleLargeWorldCCT.cpp">
      <Filter>SampleLargeWorld</Filter>
    </ClCompile>
    <ClCompile Include="C:\Users\Guangyuan Zhao\Documents\GitHub\NetEase-Games-Project\NetEase-Games-Project\physx4.1\physx\samples\samplenorthpole\SampleNorthPole.cpp">
      <Filter>SampleNorthPole</Filter>
    </ClCompile>
    <ClCompile Include="C:\Users\Guangyuan Zhao\Documents\GitHub\NetEase-Games-Project\NetEase-Games-Project\physx4.1\physx\samples\samplenorthpole\SampleNorthPoleBuilder.cpp">
      <Filter>SampleNorthPole</Filter>
    </ClCompile>
    <ClCompile Include="C:\Users\Guangyuan Zhao\Documents\GitHub\NetEase-Games-Project\NetEase-Games-Project\physx4.1\physx\samples\samplenorthpole\SampleNorthPoleCameraController.cpp">
      <Filter>SampleNorthPole</Filter>
    </ClCompile>
    <ClCompile Include="C:\Users\Guangyuan Zhao\Documents\GitHub\NetEase-Games-Project\NetEase-Games-Project\physx4.1\physx\samples\samplenorthpole\SampleNorthPoleCCT.cpp">
      <Filter>SampleNorthPole</Filter>
    </ClCompile>
    <ClCompile Include="C:\Users\Guangyuan Zhao\Documents\GitHub\NetEase-Games-Project\NetEase-Games-Project\physx4.1\physx\samples\samplenorthpole\SampleNorthPoleDynamics.cpp">
      <Filter>SampleNorthPole</Filter>
    </ClCompile>
    <ClCompile Include="C:\Users\Guangyuan Zhao\Documents\GitHub\NetEase-Games-Project\NetEase-Games-Project\physx4.1\physx\samples\samplenorthpole\SampleNorthPoleFilterShader.cpp">
      <Filter>SampleNorthPole</Filter>
    </ClCompile>
    <ClCompile Include="C:\Users\Guangyuan Zhao\Documents\GitHub\NetEase-Games-Project\NetEase-Games-Project\physx4.1\physx\samples\samplesubmarine\Crab.cpp">
      <Filter>SampleSubmarine</Filter>
    </ClCompile>
    <ClCompile Include="C:\Users\Guangyuan Zhao\Documents\GitHub\NetEase-Games-Project\NetEase-Games-Project\physx4.1\physx\samples\samplesubmarine\SampleSubmarine.cpp">
      <Filter>SampleSubmarine</Filter>
    </ClCompile>
    <ClCompile Include="C:\Users\Guangyuan Zhao\Documents\GitHub\NetEase-Games-Project\NetEase-Games-Project\physx4.1\physx\samples\samplevehicle\SampleVehicle.cpp">
      <Filter>SampleVehicle</Filter>
    </ClCompile>
    <ClCompile Include="C:\Users\Guangyuan Zhao\Documents\GitHub\NetEase-Games-Project\NetEase-Games-Project\physx4.1\physx\samples\samplevehicle\SampleVehicleDebugRender.cpp">
      <Filter>SampleVehicle</Filter>
    </ClCompile>
    <ClCompile Include="C:\Users\Guangyuan Zhao\Documents\GitHub\NetEase-Games-Project\NetEase-Games-Project\physx4.1\physx\samples\samplevehicle\SampleVehicleTerrain.cpp">
      <Filter>SampleVehicle</Filter>
    </ClCompile>
    <ClCompile Include="C:\Users\Guangyuan Zhao\Documents\GitHub\NetEase-Games-Project\NetEase-Games-Project\physx4.1\physx\samples\samplevehicle\SampleVehicle_CameraController.cpp">
      <Filter>SampleVehicle</Filter>
    </ClCompile>
    <ClCompile Include="C:\Users\Guangyuan Zhao\Documents\GitHub\NetEase-Games-Project\NetEase-Games-Project\physx4.1\physx\samples\samplevehicle\SampleVehicle_ControlInputs.cpp">
      <Filter>SampleVehicle</Filter>
    </ClCompile>
    <ClCompile Include="C:\Users\Guangyuan Zhao\Documents\GitHub\NetEase-Games-Project\NetEase-Games-Project\physx4.1\physx\samples\samplevehicle\SampleVehicle_GameLogic.cpp">
      <Filter>SampleVehicle</Filter>
    </ClCompile>
    <ClCompile Include="C:\Users\Guangyuan Zhao\Documents\GitHub\NetEase-Games-Project\NetEase-Games-Project\physx4.1\physx\samples\samplevehicle\SampleVehicle_SceneQuery.cpp">
      <Filter>SampleVehicle</Filter>
    </ClCompile>
    <ClCompile Include="C:\Users\Guangyuan Zhao\Documents\GitHub\NetEase-Games-Project\NetEase-Games-Project\physx4.1\physx\samples\samplevehicle\SampleVehicle_VehicleController.cpp">
      <Filter>SampleVehicle</Filter>
    </ClCompile>
    <ClCompile Include="C:\Users\Guangyuan Zhao\Documents\GitHub\NetEase-Games-Project\NetEase-Games-Project\physx4.1\physx\samples\samplevehicle\SampleVehicle_VehicleCooking.cpp">
      <Filter>SampleVehicle</Filter>
    </ClCompile>
    <ClCompile Include="C:\Users\Guangyuan Zhao\Documents\GitHub\NetEase-Games-Project\NetEase-Games-Project\physx4.1\physx\samples\samplevehicle\SampleVehicle_VehicleManager.cpp">
      <Filter>SampleVehicle</Filter>
    </ClCompile>
    <ClCompile Include="C:\Users\Guangyuan Zhao\Documents\GitHub\NetEase-Games-Project\NetEase-Games-Project\physx4.1\physx\samples\samplevehicle\SampleVehicle_WheelQueryResults.cpp">
      <Filter>SampleVehicle</Filter>
    </ClCompile>
    <ClCompile Include="C:\Users\Guangyuan Zhao\Documents\GitHub\NetEase-Games-Project\NetEase-Games-Project\physx4.1\physx\samples\samplecctsharedcode\KinematicPlatform.cpp">
      <Filter>CCTShared</Filter>
    </ClCompile>
    <ClCompile Include="C:\Users\Guangyuan Zhao\Documents\GitHub\NetEase-Games-Project\NetEase-Games-Project\physx4.1\physx\samples\samplecctsharedcode\SampleCCTActor.cpp">
      <Filter>CCTShared</Filter>
    </ClCompile>
    <ClCompile Include="C:\Users\Guangyuan Zhao\Documents\GitHub\NetEase-Games-Project\NetEase-Games-Project\physx4.1\physx\samples\samplecctsharedcode\SampleCCTCameraController.cpp">
      <Filter>CCTShared</Filter>
    </ClCompile>
    <ClCompile Include="C:\Users\Guangyuan Zhao\Documents\GitHub\NetEase-Games-Project\NetEase-Games-Project\physx4.1\physx\samples\samplecctsharedcode\SampleCCTJump.cpp">
      <Filter>CCTShared</Filter>
    </ClCompile>
    <ClCompile Include="..\..\..\samples\samplevehicle\MyController.cpp">
      <Filter>SampleVehicle</Filter>
    </ClCompile>
    <ClCompile Include="..\..\..\samples\samplevehicle\imgui.cpp">
      <Filter>SampleVehicle</Filter>
    </ClCompile>
    <ClCompile Include="..\..\..\samples\samplevehicle\imgui_demo.cpp">
      <Filter>SampleVehicle</Filter>
    </ClCompile>
    <ClCompile Include="..\..\..\samples\samplevehicle\imgui_draw.cpp">
      <Filter>SampleVehicle</Filter>
    </ClCompile>
    <ClCompile Include="..\..\..\samples\samplevehicle\imgui_impl_dx11.cpp">
      <Filter>SampleVehicle</Filter>
    </ClCompile>
    <ClCompile Include="..\..\..\samples\samplevehicle\imgui_impl_win32.cpp">
      <Filter>SampleVehicle</Filter>
    </ClCompile>
    <ClCompile Include="..\..\..\samples\samplevehicle\imgui_tables.cpp">
      <Filter>SampleVehicle</Filter>
    </ClCompile>
    <ClCompile Include="..\..\..\samples\samplevehicle\imgui_widgets.cpp">
      <Filter>SampleVehicle</Filter>
    </ClCompile>
    <ClCompile Include="..\..\..\samples\samplevehicle\imgui_impl_dx12.cpp">
      <Filter>SampleVehicle</Filter>
    </ClCompile>
  </ItemGroup>
  <ItemGroup>
    <ClInclude Include="C:\Users\Guangyuan Zhao\Documents\GitHub\NetEase-Games-Project\NetEase-Games-Project\physx4.1\physx\samples\samplebridges\SampleBridges.h">
      <Filter>SampleBridges</Filter>
    </ClInclude>
    <ClInclude Include="C:\Users\Guangyuan Zhao\Documents\GitHub\NetEase-Games-Project\NetEase-Games-Project\physx4.1\physx\samples\samplebridges\SampleBridgesInputEventIds.h">
      <Filter>SampleBridges</Filter>
    </ClInclude>
    <ClInclude Include="C:\Users\Guangyuan Zhao\Documents\GitHub\NetEase-Games-Project\NetEase-Games-Project\physx4.1\physx\samples\samplebridges\SampleBridgesSettings.h">
      <Filter>SampleBridges</Filter>
    </ClInclude>
    <ClInclude Include="C:\Users\Guangyuan Zhao\Documents\GitHub\NetEase-Games-Project\NetEase-Games-Project\physx4.1\physx\samples\samplecustomgravity\Planet.h">
      <Filter>SampleCustomGravity</Filter>
    </ClInclude>
    <ClInclude Include="C:\Users\Guangyuan Zhao\Documents\GitHub\NetEase-Games-Project\NetEase-Games-Project\physx4.1\physx\samples\samplecustomgravity\SampleCustomGravity.h">
      <Filter>SampleCustomGravity</Filter>
    </ClInclude>
    <ClInclude Include="C:\Users\Guangyuan Zhao\Documents\GitHub\NetEase-Games-Project\NetEase-Games-Project\physx4.1\physx\samples\samplecustomgravity\SampleCustomGravityCameraController.h">
      <Filter>SampleCustomGravity</Filter>
    </ClInclude>
    <ClInclude Include="C:\Users\Guangyuan Zhao\Documents\GitHub\NetEase-Games-Project\NetEase-Games-Project\physx4.1\physx\samples\samplecustomgravity\SampleCustomGravityInputEventIds.h">
      <Filter>SampleCustomGravity</Filter>
    </ClInclude>
    <ClInclude Include="C:\Users\Guangyuan Zhao\Documents\GitHub\NetEase-Games-Project\NetEase-Games-Project\physx4.1\physx\samples\samplehelloworld\SampleHelloWorld.h">
      <Filter>SampleHelloWorld</Filter>
    </ClInclude>
    <ClInclude Include="C:\Users\Guangyuan Zhao\Documents\GitHub\NetEase-Games-Project\NetEase-Games-Project\physx4.1\physx\samples\samplelargeworld\ChunkLoader.h">
      <Filter>SampleLargeWorld</Filter>
    </ClInclude>
    <ClInclude Include="C:\Users\Guangyuan Zhao\Documents\GitHub\NetEase-Games-Project\NetEase-Games-Project\physx4.1\physx\samples\samplelargeworld\MeshBuilder.h">
      <Filter>SampleLargeWorld</Filter>
    </ClInclude>
    <ClInclude Include="C:\Users\Guangyuan Zhao\Documents\GitHub\NetEase-Games-Project\NetEase-Games-Project\physx4.1\physx\samples\samplelargeworld\SampleLargeWorld.h">
      <Filter>SampleLargeWorld</Filter>
    </ClInclude>
    <ClInclude Include="C:\Users\Guangyuan Zhao\Documents\GitHub\NetEase-Games-Project\NetEase-Games-Project\physx4.1\physx\samples\samplelargeworld\SampleLargeWorldInputEventIds.h">
      <Filter>SampleLargeWorld</Filter>
    </ClInclude>
    <ClInclude Include="C:\Users\Guangyuan Zhao\Documents\GitHub\NetEase-Games-Project\NetEase-Games-Project\physx4.1\physx\samples\samplenorthpole\SampleNorthPole.h">
      <Filter>SampleNorthPole</Filter>
    </ClInclude>
    <ClInclude Include="C:\Users\Guangyuan Zhao\Documents\GitHub\NetEase-Games-Project\NetEase-Games-Project\physx4.1\physx\samples\samplenorthpole\SampleNorthPoleCameraController.h">
      <Filter>SampleNorthPole</Filter>
    </ClInclude>
    <ClInclude Include="C:\Users\Guangyuan Zhao\Documents\GitHub\NetEase-Games-Project\NetEase-Games-Project\physx4.1\physx\samples\samplenorthpole\SampleNorthPoleInputEventIds.h">
      <Filter>SampleNorthPole</Filter>
    </ClInclude>
    <ClInclude Include="C:\Users\Guangyuan Zhao\Documents\GitHub\NetEase-Games-Project\NetEase-Games-Project\physx4.1\physx\samples\samplesubmarine\Crab.h">
      <Filter>SampleSubmarine</Filter>
    </ClInclude>
    <ClInclude Include="C:\Users\Guangyuan Zhao\Documents\GitHub\NetEase-Games-Project\NetEase-Games-Project\physx4.1\physx\samples\samplesubmarine\SampleSubmarine.h">
      <Filter>SampleSubmarine</Filter>
    </ClInclude>
    <ClInclude Include="C:\Users\Guangyuan Zhao\Documents\GitHub\NetEase-Games-Project\NetEase-Games-Project\physx4.1\physx\samples\samplesubmarine\SampleSubmarineInputEventIds.h">
      <Filter>SampleSubmarine</Filter>
    </ClInclude>
    <ClInclude Include="C:\Users\Guangyuan Zhao\Documents\GitHub\NetEase-Games-Project\NetEase-Games-Project\physx4.1\physx\samples\samplesubmarine\SubmarineCameraController.h">
      <Filter>SampleSubmarine</Filter>
    </ClInclude>
    <ClInclude Include="C:\Users\Guangyuan Zhao\Documents\GitHub\NetEase-Games-Project\NetEase-Games-Project\physx4.1\physx\samples\samplevehicle\SampleVehicle.h">
      <Filter>SampleVehicle</Filter>
    </ClInclude>
    <ClInclude Include="C:\Users\Guangyuan Zhao\Documents\GitHub\NetEase-Games-Project\NetEase-Games-Project\physx4.1\physx\samples\samplevehicle\SampleVehicleInputEventIds.h">
      <Filter>SampleVehicle</Filter>
    </ClInclude>
    <ClInclude Include="C:\Users\Guangyuan Zhao\Documents\GitHub\NetEase-Games-Project\NetEase-Games-Project\physx4.1\physx\samples\samplevehicle\SampleVehicle_CameraController.h">
      <Filter>SampleVehicle</Filter>
    </ClInclude>
    <ClInclude Include="C:\Users\Guangyuan Zhao\Documents\GitHub\NetEase-Games-Project\NetEase-Games-Project\physx4.1\physx\samples\samplevehicle\SampleVehicle_ControlInputs.h">
      <Filter>SampleVehicle</Filter>
    </ClInclude>
    <ClInclude Include="C:\Users\Guangyuan Zhao\Documents\GitHub\NetEase-Games-Project\NetEase-Games-Project\physx4.1\physx\samples\samplevehicle\SampleVehicle_GameLogic.h">
      <Filter>SampleVehicle</Filter>
    </ClInclude>
    <ClInclude Include="C:\Users\Guangyuan Zhao\Documents\GitHub\NetEase-Games-Project\NetEase-Games-Project\physx4.1\physx\samples\samplevehicle\SampleVehicle_SceneQuery.h">
      <Filter>SampleVehicle</Filter>
    </ClInclude>
    <ClInclude Include="C:\Users\Guangyuan Zhao\Documents\GitHub\NetEase-Games-Project\NetEase-Games-Project\physx4.1\physx\samples\samplevehicle\SampleVehicle_VehicleController.h">
      <Filter>SampleVehicle</Filter>
    </ClInclude>
    <ClInclude Include="C:\Users\Guangyuan Zhao\Documents\GitHub\NetEase-Games-Project\NetEase-Games-Project\physx4.1\physx\samples\samplevehicle\SampleVehicle_VehicleCooking.h">
      <Filter>SampleVehicle</Filter>
    </ClInclude>
    <ClInclude Include="C:\Users\Guangyuan Zhao\Documents\GitHub\NetEase-Games-Project\NetEase-Games-Project\physx4.1\physx\samples\samplevehicle\SampleVehicle_VehicleManager.h">
      <Filter>SampleVehicle</Filter>
    </ClInclude>
    <ClInclude Include="C:\Users\Guangyuan Zhao\Documents\GitHub\NetEase-Games-Project\NetEase-Games-Project\physx4.1\physx\samples\samplevehicle\SampleVehicle_WheelQueryResults.h">
      <Filter>SampleVehicle</Filter>
    </ClInclude>
    <ClInclude Include="C:\Users\Guangyuan Zhao\Documents\GitHub\NetEase-Games-Project\NetEase-Games-Project\physx4.1\physx\samples\samplecctsharedcode\KinematicPlatform.h">
      <Filter>CCTShared</Filter>
    </ClInclude>
    <ClInclude Include="C:\Users\Guangyuan Zhao\Documents\GitHub\NetEase-Games-Project\NetEase-Games-Project\physx4.1\physx\samples\samplecctsharedcode\SampleCCTActor.h">
      <Filter>CCTShared</Filter>
    </ClInclude>
    <ClInclude Include="C:\Users\Guangyuan Zhao\Documents\GitHub\NetEase-Games-Project\NetEase-Games-Project\physx4.1\physx\samples\samplecctsharedcode\SampleCCTCameraController.h">
      <Filter>CCTShared</Filter>
    </ClInclude>
    <ClInclude Include="C:\Users\Guangyuan Zhao\Documents\GitHub\NetEase-Games-Project\NetEase-Games-Project\physx4.1\physx\samples\samplecctsharedcode\SampleCCTJump.h">
      <Filter>CCTShared</Filter>
    </ClInclude>
    <ClInclude Include="..\..\..\samples\samplevehicle\MyController.h">
      <Filter>SampleVehicle</Filter>
    </ClInclude>
    <ClInclude Include="..\..\..\samples\samplevehicle\imconfig.h">
      <Filter>SampleVehicle</Filter>
    </ClInclude>
    <ClInclude Include="..\..\..\samples\samplevehicle\imgui.h">
      <Filter>SampleVehicle</Filter>
    </ClInclude>
    <ClInclude Include="..\..\..\samples\samplevehicle\imgui_impl_dx11.h">
      <Filter>SampleVehicle</Filter>
    </ClInclude>
    <ClInclude Include="..\..\..\samples\samplevehicle\imgui_impl_win32.h">
      <Filter>SampleVehicle</Filter>
    </ClInclude>
    <ClInclude Include="..\..\..\samples\samplevehicle\imgui_internal.h">
      <Filter>SampleVehicle</Filter>
    </ClInclude>
    <ClInclude Include="..\..\..\samples\samplevehicle\imstb_rectpack.h">
      <Filter>SampleVehicle</Filter>
    </ClInclude>
    <ClInclude Include="..\..\..\samples\samplevehicle\imstb_textedit.h">
      <Filter>SampleVehicle</Filter>
    </ClInclude>
    <ClInclude Include="..\..\..\samples\samplevehicle\imstb_truetype.h">
      <Filter>SampleVehicle</Filter>
    </ClInclude>
    <ClInclude Include="..\..\..\samples\samplevehicle\imgui_impl_dx12.h">
      <Filter>SampleVehicle</Filter>
    </ClInclude>
  </ItemGroup>
  <ItemGroup>
    <CustomBuild Include="C:\Users\Guangyuan Zhao\Documents\GitHub\NetEase-Games-Project\NetEase-Games-Project\physx4.1\physx\samples\compiler\cmake\CMakeLists.txt" />
  </ItemGroup>
  <ItemGroup>
    <Filter Include="CCTShared">
      <UniqueIdentifier>{68EE3F2B-95CF-398D-A7DC-AC5EAA2213E1}</UniqueIdentifier>
    </Filter>
    <Filter Include="SampleBridges">
      <UniqueIdentifier>{DE5E5F89-D257-351E-ADCB-E5B37349F457}</UniqueIdentifier>
    </Filter>
    <Filter Include="SampleCustomGravity">
      <UniqueIdentifier>{736C08EB-A5BC-30D3-A4ED-4DF26E18D000}</UniqueIdentifier>
    </Filter>
    <Filter Include="SampleHelloWorld">
      <UniqueIdentifier>{F7523CA6-2B20-352A-BD79-452E6B5B79FC}</UniqueIdentifier>
    </Filter>
    <Filter Include="SampleLargeWorld">
      <UniqueIdentifier>{6A7E618C-E6E2-39CB-879B-51075F28764D}</UniqueIdentifier>
    </Filter>
    <Filter Include="SampleNorthPole">
      <UniqueIdentifier>{3416F882-877B-3254-9262-1922771F8D3F}</UniqueIdentifier>
    </Filter>
    <Filter Include="SampleSubmarine">
      <UniqueIdentifier>{6B1B9C17-14D5-3336-B565-1EEFDD6AC064}</UniqueIdentifier>
    </Filter>
    <Filter Include="SampleVehicle">
      <UniqueIdentifier>{CA411AB0-14EB-3862-B085-0FD5AD91532A}</UniqueIdentifier>
    </Filter>
  </ItemGroup>
</Project>