<?xml version="1.0" encoding="utf-8"?>
<Project ToolsVersion="15.0" xmlns="http://schemas.microsoft.com/developer/msbuild/2003">
  <ItemGroup>
    <ClCompile Include="C:\Users\Guangyuan Zhao\Documents\GitHub\NetEase-Games-Project\PhysX\physx\snippets\snippetcommon\ClassicMain.cpp">
      <Filter>Source Files</Filter>
    </ClCompile>
    <ClCompile Include="C:\Users\Guangyuan Zhao\Documents\GitHub\NetEase-Games-Project\PhysX\physx\snippets\snippetbvhstructure\SnippetBVHStructure.cpp">
      <Filter>Source Files</Filter>
    </ClCompile>
  </ItemGroup>
  <ItemGroup>
    <ClInclude Include="C:\Users\Guangyuan Zhao\Documents\GitHub\NetEase-Games-Project\PhysX\physx\snippets\snippetcommon\SnippetPrint.h">
      <Filter>Header Files</Filter>
    </ClInclude>
    <ClInclude Include="C:\Users\Guangyuan Zhao\Documents\GitHub\NetEase-Games-Project\PhysX\physx\snippets\snippetcommon\SnippetPVD.h">
      <Filter>Header Files</Filter>
    </ClInclude>
  </ItemGroup>
  <ItemGroup>
    <CustomBuild Include="C:\Users\Guangyuan Zhao\Documents\GitHub\NetEase-Games-Project\PhysX\physx\snippets\compiler\cmake\CMakeLists.txt" />
  </ItemGroup>
  <ItemGroup>
    <Filter Include="Header Files">
      <UniqueIdentifier>{21B33A58-D205-3F8D-96ED-413F9F57828F}</UniqueIdentifier>
    </Filter>
    <Filter Include="Source Files">
      <UniqueIdentifier>{3BE9E487-9AF5-324B-8906-C9288FE5C8BB}</UniqueIdentifier>
    </Filter>
  </ItemGroup>
</Project>
