<?xml version="1.0" encoding="utf-8"?>
<Project ToolsVersion="15.0" xmlns="http://schemas.microsoft.com/developer/msbuild/2003">
  <ItemGroup>
    <CustomBuild Include="C:\Users\Guangyuan Zhao\Documents\GitHub\NetEase-Games-Project\NetEase-Games-Project\physx4.1\physx\compiler\vc15win64\CMakeFiles\4fe73a0ba4a8146432782b47d4584083\INSTALL_force.rule">
      <Filter>CMake Rules</Filter>
    </CustomBuild>
  </ItemGroup>
  <ItemGroup>
    <Filter Include="CMake Rules">
      <UniqueIdentifier>{4811F959-6A08-39F1-B90E-D6619CB8E4FA}</UniqueIdentifier>
    </Filter>
  </ItemGroup>
</Project>
