<?xml version="1.0" encoding="utf-8"?>
<Project ToolsVersion="15.0" xmlns="http://schemas.microsoft.com/developer/msbuild/2003">
  <ItemGroup>
    <ClCompile Include="C:\Users\Guangyuan Zhao\Documents\GitHub\NetEase-Games-Project\PhysX\physx\source\physxcooking\src\Adjacencies.cpp">
      <Filter>src</Filter>
    </ClCompile>
    <ClCompile Include="C:\Users\Guangyuan Zhao\Documents\GitHub\NetEase-Games-Project\PhysX\physx\source\physxcooking\src\Cooking.cpp">
      <Filter>src</Filter>
    </ClCompile>
    <ClCompile Include="C:\Users\Guangyuan Zhao\Documents\GitHub\NetEase-Games-Project\PhysX\physx\source\physxcooking\src\CookingUtils.cpp">
      <Filter>src</Filter>
    </ClCompile>
    <ClCompile Include="C:\Users\Guangyuan Zhao\Documents\GitHub\NetEase-Games-Project\PhysX\physx\source\physxcooking\src\EdgeList.cpp">
      <Filter>src</Filter>
    </ClCompile>
    <ClCompile Include="C:\Users\Guangyuan Zhao\Documents\GitHub\NetEase-Games-Project\PhysX\physx\source\physxcooking\src\MeshCleaner.cpp">
      <Filter>src</Filter>
    </ClCompile>
    <ClCompile Include="C:\Users\Guangyuan Zhao\Documents\GitHub\NetEase-Games-Project\PhysX\physx\source\physxcooking\src\Quantizer.cpp">
      <Filter>src</Filter>
    </ClCompile>
    <ClCompile Include="C:\Users\Guangyuan Zhao\Documents\GitHub\NetEase-Games-Project\PhysX\physx\source\physxcooking\src\BVHStructureBuilder.cpp">
      <Filter>src</Filter>
    </ClCompile>
    <ClCompile Include="C:\Users\Guangyuan Zhao\Documents\GitHub\NetEase-Games-Project\PhysX\physx\source\physxcooking\src\mesh\HeightFieldCooking.cpp">
      <Filter>src\mesh</Filter>
    </ClCompile>
    <ClCompile Include="C:\Users\Guangyuan Zhao\Documents\GitHub\NetEase-Games-Project\PhysX\physx\source\physxcooking\src\mesh\RTreeCooking.cpp">
      <Filter>src\mesh</Filter>
    </ClCompile>
    <ClCompile Include="C:\Users\Guangyuan Zhao\Documents\GitHub\NetEase-Games-Project\PhysX\physx\source\physxcooking\src\mesh\MeshBuilder.cpp">
      <Filter>src\mesh</Filter>
    </ClCompile>
    <ClCompile Include="C:\Users\Guangyuan Zhao\Documents\GitHub\NetEase-Games-Project\PhysX\physx\source\physxcooking\src\mesh\TriangleMeshBuilder.cpp">
      <Filter>src\mesh</Filter>
    </ClCompile>
    <ClCompile Include="C:\Users\Guangyuan Zhao\Documents\GitHub\NetEase-Games-Project\PhysX\physx\source\physxcooking\src\mesh\GrbTriangleMeshCooking.cpp">
      <Filter>src\mesh</Filter>
    </ClCompile>
    <ClCompile Include="C:\Users\Guangyuan Zhao\Documents\GitHub\NetEase-Games-Project\PhysX\physx\source\physxcooking\src\convex\BigConvexDataBuilder.cpp">
      <Filter>src\convex</Filter>
    </ClCompile>
    <ClCompile Include="C:\Users\Guangyuan Zhao\Documents\GitHub\NetEase-Games-Project\PhysX\physx\source\physxcooking\src\convex\ConvexHullBuilder.cpp">
      <Filter>src\convex</Filter>
    </ClCompile>
    <ClCompile Include="C:\Users\Guangyuan Zhao\Documents\GitHub\NetEase-Games-Project\PhysX\physx\source\physxcooking\src\convex\ConvexHullLib.cpp">
      <Filter>src\convex</Filter>
    </ClCompile>
    <ClCompile Include="C:\Users\Guangyuan Zhao\Documents\GitHub\NetEase-Games-Project\PhysX\physx\source\physxcooking\src\convex\ConvexHullUtils.cpp">
      <Filter>src\convex</Filter>
    </ClCompile>
    <ClCompile Include="C:\Users\Guangyuan Zhao\Documents\GitHub\NetEase-Games-Project\PhysX\physx\source\physxcooking\src\convex\ConvexMeshBuilder.cpp">
      <Filter>src\convex</Filter>
    </ClCompile>
    <ClCompile Include="C:\Users\Guangyuan Zhao\Documents\GitHub\NetEase-Games-Project\PhysX\physx\source\physxcooking\src\convex\ConvexPolygonsBuilder.cpp">
      <Filter>src\convex</Filter>
    </ClCompile>
    <ClCompile Include="C:\Users\Guangyuan Zhao\Documents\GitHub\NetEase-Games-Project\PhysX\physx\source\physxcooking\src\convex\QuickHullConvexHullLib.cpp">
      <Filter>src\convex</Filter>
    </ClCompile>
    <ClCompile Include="C:\Users\Guangyuan Zhao\Documents\GitHub\NetEase-Games-Project\PhysX\physx\source\physxcooking\src\convex\VolumeIntegration.cpp">
      <Filter>src\convex</Filter>
    </ClCompile>
    <ClCompile Include="C:\Users\Guangyuan Zhao\Documents\GitHub\NetEase-Games-Project\PhysX\physx\source\physxcooking\src\windows\WindowsCookingDelayLoadHook.cpp">
      <Filter>src\windows</Filter>
    </ClCompile>
  </ItemGroup>
  <ItemGroup>
    <ClInclude Include="C:\Users\Guangyuan Zhao\Documents\GitHub\NetEase-Games-Project\PhysX\physx\include\cooking\PxBVH33MidphaseDesc.h">
      <Filter>include</Filter>
    </ClInclude>
    <ClInclude Include="C:\Users\Guangyuan Zhao\Documents\GitHub\NetEase-Games-Project\PhysX\physx\include\cooking\PxBVH34MidphaseDesc.h">
      <Filter>include</Filter>
    </ClInclude>
    <ClInclude Include="C:\Users\Guangyuan Zhao\Documents\GitHub\NetEase-Games-Project\PhysX\physx\include\cooking\Pxc.h">
      <Filter>include</Filter>
    </ClInclude>
    <ClInclude Include="C:\Users\Guangyuan Zhao\Documents\GitHub\NetEase-Games-Project\PhysX\physx\include\cooking\PxConvexMeshDesc.h">
      <Filter>include</Filter>
    </ClInclude>
    <ClInclude Include="C:\Users\Guangyuan Zhao\Documents\GitHub\NetEase-Games-Project\PhysX\physx\include\cooking\PxCooking.h">
      <Filter>include</Filter>
    </ClInclude>
    <ClInclude Include="C:\Users\Guangyuan Zhao\Documents\GitHub\NetEase-Games-Project\PhysX\physx\include\cooking\PxMidphaseDesc.h">
      <Filter>include</Filter>
    </ClInclude>
    <ClInclude Include="C:\Users\Guangyuan Zhao\Documents\GitHub\NetEase-Games-Project\PhysX\physx\include\cooking\PxTriangleMeshDesc.h">
      <Filter>include</Filter>
    </ClInclude>
    <ClInclude Include="C:\Users\Guangyuan Zhao\Documents\GitHub\NetEase-Games-Project\PhysX\physx\include\cooking\PxBVHStructureDesc.h">
      <Filter>include</Filter>
    </ClInclude>
    <ClInclude Include="C:\Users\Guangyuan Zhao\Documents\GitHub\NetEase-Games-Project\PhysX\physx\source\physxcooking\src\Adjacencies.h">
      <Filter>src</Filter>
    </ClInclude>
    <ClInclude Include="C:\Users\Guangyuan Zhao\Documents\GitHub\NetEase-Games-Project\PhysX\physx\source\physxcooking\src\Cooking.h">
      <Filter>src</Filter>
    </ClInclude>
    <ClInclude Include="C:\Users\Guangyuan Zhao\Documents\GitHub\NetEase-Games-Project\PhysX\physx\source\physxcooking\src\CookingUtils.h">
      <Filter>src</Filter>
    </ClInclude>
    <ClInclude Include="C:\Users\Guangyuan Zhao\Documents\GitHub\NetEase-Games-Project\PhysX\physx\source\physxcooking\src\EdgeList.h">
      <Filter>src</Filter>
    </ClInclude>
    <ClInclude Include="C:\Users\Guangyuan Zhao\Documents\GitHub\NetEase-Games-Project\PhysX\physx\source\physxcooking\src\MeshCleaner.h">
      <Filter>src</Filter>
    </ClInclude>
    <ClInclude Include="C:\Users\Guangyuan Zhao\Documents\GitHub\NetEase-Games-Project\PhysX\physx\source\physxcooking\src\Quantizer.h">
      <Filter>src</Filter>
    </ClInclude>
    <ClInclude Include="C:\Users\Guangyuan Zhao\Documents\GitHub\NetEase-Games-Project\PhysX\physx\source\physxcooking\src\BVHStructureBuilder.h">
      <Filter>src</Filter>
    </ClInclude>
    <ClInclude Include="C:\Users\Guangyuan Zhao\Documents\GitHub\NetEase-Games-Project\PhysX\physx\source\physxcooking\src\mesh\GrbTriangleMeshCooking.h">
      <Filter>src\mesh</Filter>
    </ClInclude>
    <ClInclude Include="C:\Users\Guangyuan Zhao\Documents\GitHub\NetEase-Games-Project\PhysX\physx\source\physxcooking\src\mesh\HeightFieldCooking.h">
      <Filter>src\mesh</Filter>
    </ClInclude>
    <ClInclude Include="C:\Users\Guangyuan Zhao\Documents\GitHub\NetEase-Games-Project\PhysX\physx\source\physxcooking\src\mesh\QuickSelect.h">
      <Filter>src\mesh</Filter>
    </ClInclude>
    <ClInclude Include="C:\Users\Guangyuan Zhao\Documents\GitHub\NetEase-Games-Project\PhysX\physx\source\physxcooking\src\mesh\RTreeCooking.h">
      <Filter>src\mesh</Filter>
    </ClInclude>
    <ClInclude Include="C:\Users\Guangyuan Zhao\Documents\GitHub\NetEase-Games-Project\PhysX\physx\source\physxcooking\src\mesh\MeshBuilder.h">
      <Filter>src\mesh</Filter>
    </ClInclude>
    <ClInclude Include="C:\Users\Guangyuan Zhao\Documents\GitHub\NetEase-Games-Project\PhysX\physx\source\physxcooking\src\mesh\TriangleMeshBuilder.h">
      <Filter>src\mesh</Filter>
    </ClInclude>
    <ClInclude Include="C:\Users\Guangyuan Zhao\Documents\GitHub\NetEase-Games-Project\PhysX\physx\source\physxcooking\src\convex\BigConvexDataBuilder.h">
      <Filter>src\convex</Filter>
    </ClInclude>
    <ClInclude Include="C:\Users\Guangyuan Zhao\Documents\GitHub\NetEase-Games-Project\PhysX\physx\source\physxcooking\src\convex\ConvexHullBuilder.h">
      <Filter>src\convex</Filter>
    </ClInclude>
    <ClInclude Include="C:\Users\Guangyuan Zhao\Documents\GitHub\NetEase-Games-Project\PhysX\physx\source\physxcooking\src\convex\ConvexHullLib.h">
      <Filter>src\convex</Filter>
    </ClInclude>
    <ClInclude Include="C:\Users\Guangyuan Zhao\Documents\GitHub\NetEase-Games-Project\PhysX\physx\source\physxcooking\src\convex\ConvexHullUtils.h">
      <Filter>src\convex</Filter>
    </ClInclude>
    <ClInclude Include="C:\Users\Guangyuan Zhao\Documents\GitHub\NetEase-Games-Project\PhysX\physx\source\physxcooking\src\convex\ConvexMeshBuilder.h">
      <Filter>src\convex</Filter>
    </ClInclude>
    <ClInclude Include="C:\Users\Guangyuan Zhao\Documents\GitHub\NetEase-Games-Project\PhysX\physx\source\physxcooking\src\convex\ConvexPolygonsBuilder.h">
      <Filter>src\convex</Filter>
    </ClInclude>
    <ClInclude Include="C:\Users\Guangyuan Zhao\Documents\GitHub\NetEase-Games-Project\PhysX\physx\source\physxcooking\src\convex\QuickHullConvexHullLib.h">
      <Filter>src\convex</Filter>
    </ClInclude>
    <ClInclude Include="C:\Users\Guangyuan Zhao\Documents\GitHub\NetEase-Games-Project\PhysX\physx\source\physxcooking\src\convex\VolumeIntegration.h">
      <Filter>src\convex</Filter>
    </ClInclude>
  </ItemGroup>
  <ItemGroup>
    <CustomBuild Include="C:\Users\Guangyuan Zhao\Documents\GitHub\NetEase-Games-Project\PhysX\physx\source\compiler\cmake\CMakeLists.txt" />
  </ItemGroup>
  <ItemGroup>
    <ResourceCompile Include="C:\Users\Guangyuan Zhao\Documents\GitHub\NetEase-Games-Project\PhysX\physx\source\compiler\resource_x64\PhysXCooking.rc">
      <Filter>resource</Filter>
    </ResourceCompile>
  </ItemGroup>
  <ItemGroup>
    <Filter Include="include">
      <UniqueIdentifier>{BA55A1FA-FEEF-3F7C-80FA-EF5FDDC96BB1}</UniqueIdentifier>
    </Filter>
    <Filter Include="resource">
      <UniqueIdentifier>{6DA64EE5-A4DE-32F9-8E1A-5C4B68BB303F}</UniqueIdentifier>
    </Filter>
    <Filter Include="src">
      <UniqueIdentifier>{C6E082D6-69D7-37B8-91DA-072F2CB4E462}</UniqueIdentifier>
    </Filter>
    <Filter Include="src\convex">
      <UniqueIdentifier>{76494799-94E1-3ADD-AB0B-B363915DEC82}</UniqueIdentifier>
    </Filter>
    <Filter Include="src\mesh">
      <UniqueIdentifier>{029BBF85-0DE8-32D1-A708-1AC505CE4A11}</UniqueIdentifier>
    </Filter>
    <Filter Include="src\windows">
      <UniqueIdentifier>{30066896-AF9B-3DF1-B2E5-2F1FF1D86CB8}</UniqueIdentifier>
    </Filter>
  </ItemGroup>
</Project>
