
Microsoft Visual Studio Solution File, Format Version 12.00
# Visual Studio 15
Project("{2150E333-8FDC-42A3-9474-1A3956D46DE8}") = "CMakePredefinedTargets", "CMakePredefinedTargets", "{76B08D4A-2683-3E0E-93D1-9F26FD13AB2F}"
EndProject
Project("{2150E333-8FDC-42A3-9474-1A3956D46DE8}") = "PhysX SDK", "PhysX SDK", "{895939F7-65A8-3676-B792-0F27633D0ADA}"
EndProject
Project("{8BC9CEB8-8B4A-11D0-8D11-00A0C91BC942}") = "ALL_BUILD", "ALL_BUILD.vcxproj", "{584DAA33-0670-333D-BC4D-832E81F5D2F1}"
	ProjectSection(ProjectDependencies) = postProject
		{BB280BA5-4B0C-3510-972A-649D8855E85F} = {BB280BA5-4B0C-3510-972A-649D8855E85F}
		{6B79639C-32E9-3F53-8D3D-D39EBF89443C} = {6B79639C-32E9-3F53-8D3D-D39EBF89443C}
		{1B4FA752-FF40-3D5A-98F7-294C1D138594} = {1B4FA752-FF40-3D5A-98F7-294C1D138594}
		{9B66156F-6E4D-3C59-A131-E28DF176B967} = {9B66156F-6E4D-3C59-A131-E28DF176B967}
		{1A0DA7F0-7B8D-3C04-A48F-225EA27B7294} = {1A0DA7F0-7B8D-3C04-A48F-225EA27B7294}
		{CE500C09-F371-3711-87DB-142F34460D90} = {CE500C09-F371-3711-87DB-142F34460D90}
		{06D24CDE-CE73-38AF-8AA3-2B50541F879D} = {06D24CDE-CE73-38AF-8AA3-2B50541F879D}
		{76E302EF-DA5C-3780-B901-E0FDA5607691} = {76E302EF-DA5C-3780-B901-E0FDA5607691}
		{43914C49-1CAC-30D4-8831-93E9A91638D8} = {43914C49-1CAC-30D4-8831-93E9A91638D8}
		{D6952FAC-453C-393A-BA31-0FF93EF53799} = {D6952FAC-453C-393A-BA31-0FF93EF53799}
		{600F1BCE-B8E3-348C-9A1D-D689B13D00DE} = {600F1BCE-B8E3-348C-9A1D-D689B13D00DE}
		{856EF39C-96B7-34AD-91C4-0860B66D0B1E} = {856EF39C-96B7-34AD-91C4-0860B66D0B1E}
		{A9B5D745-0403-30C6-953C-AC8A5C80533E} = {A9B5D745-0403-30C6-953C-AC8A5C80533E}
		{45EAF5FB-E463-3F4F-9F73-6E0A0AEB3783} = {45EAF5FB-E463-3F4F-9F73-6E0A0AEB3783}
		{9E19828C-D26B-34D2-8B6A-73FAC63D9BDA} = {9E19828C-D26B-34D2-8B6A-73FAC63D9BDA}
		{09E6D463-1BF9-37D7-943D-550C451B0F6B} = {09E6D463-1BF9-37D7-943D-550C451B0F6B}
	EndProjectSection
EndProject
Project("{8BC9CEB8-8B4A-11D0-8D11-00A0C91BC942}") = "FastXml", "FastXml.vcxproj", "{BB280BA5-4B0C-3510-972A-649D8855E85F}"
	ProjectSection(ProjectDependencies) = postProject
		{09E6D463-1BF9-37D7-943D-550C451B0F6B} = {09E6D463-1BF9-37D7-943D-550C451B0F6B}
	EndProjectSection
EndProject
Project("{8BC9CEB8-8B4A-11D0-8D11-00A0C91BC942}") = "INSTALL", "INSTALL.vcxproj", "{044580D7-2EF0-3155-BC13-AD0B5C89B3F2}"
	ProjectSection(ProjectDependencies) = postProject
		{584DAA33-0670-333D-BC4D-832E81F5D2F1} = {584DAA33-0670-333D-BC4D-832E81F5D2F1}
		{09E6D463-1BF9-37D7-943D-550C451B0F6B} = {09E6D463-1BF9-37D7-943D-550C451B0F6B}
	EndProjectSection
EndProject
Project("{8BC9CEB8-8B4A-11D0-8D11-00A0C91BC942}") = "LowLevel", "LowLevel.vcxproj", "{6B79639C-32E9-3F53-8D3D-D39EBF89443C}"
	ProjectSection(ProjectDependencies) = postProject
		{09E6D463-1BF9-37D7-943D-550C451B0F6B} = {09E6D463-1BF9-37D7-943D-550C451B0F6B}
	EndProjectSection
EndProject
Project("{8BC9CEB8-8B4A-11D0-8D11-00A0C91BC942}") = "LowLevelAABB", "LowLevelAABB.vcxproj", "{1B4FA752-FF40-3D5A-98F7-294C1D138594}"
	ProjectSection(ProjectDependencies) = postProject
		{09E6D463-1BF9-37D7-943D-550C451B0F6B} = {09E6D463-1BF9-37D7-943D-550C451B0F6B}
	EndProjectSection
EndProject
Project("{8BC9CEB8-8B4A-11D0-8D11-00A0C91BC942}") = "LowLevelDynamics", "LowLevelDynamics.vcxproj", "{9B66156F-6E4D-3C59-A131-E28DF176B967}"
	ProjectSection(ProjectDependencies) = postProject
		{09E6D463-1BF9-37D7-943D-550C451B0F6B} = {09E6D463-1BF9-37D7-943D-550C451B0F6B}
	EndProjectSection
EndProject
Project("{8BC9CEB8-8B4A-11D0-8D11-00A0C91BC942}") = "PhysX", "PhysX.vcxproj", "{1A0DA7F0-7B8D-3C04-A48F-225EA27B7294}"
	ProjectSection(ProjectDependencies) = postProject
		{6B79639C-32E9-3F53-8D3D-D39EBF89443C} = {6B79639C-32E9-3F53-8D3D-D39EBF89443C}
		{1B4FA752-FF40-3D5A-98F7-294C1D138594} = {1B4FA752-FF40-3D5A-98F7-294C1D138594}
		{9B66156F-6E4D-3C59-A131-E28DF176B967} = {9B66156F-6E4D-3C59-A131-E28DF176B967}
		{06D24CDE-CE73-38AF-8AA3-2B50541F879D} = {06D24CDE-CE73-38AF-8AA3-2B50541F879D}
		{D6952FAC-453C-393A-BA31-0FF93EF53799} = {D6952FAC-453C-393A-BA31-0FF93EF53799}
		{600F1BCE-B8E3-348C-9A1D-D689B13D00DE} = {600F1BCE-B8E3-348C-9A1D-D689B13D00DE}
		{856EF39C-96B7-34AD-91C4-0860B66D0B1E} = {856EF39C-96B7-34AD-91C4-0860B66D0B1E}
		{45EAF5FB-E463-3F4F-9F73-6E0A0AEB3783} = {45EAF5FB-E463-3F4F-9F73-6E0A0AEB3783}
		{9E19828C-D26B-34D2-8B6A-73FAC63D9BDA} = {9E19828C-D26B-34D2-8B6A-73FAC63D9BDA}
		{09E6D463-1BF9-37D7-943D-550C451B0F6B} = {09E6D463-1BF9-37D7-943D-550C451B0F6B}
	EndProjectSection
EndProject
Project("{8BC9CEB8-8B4A-11D0-8D11-00A0C91BC942}") = "PhysXCharacterKinematic", "PhysXCharacterKinematic.vcxproj", "{CE500C09-F371-3711-87DB-142F34460D90}"
	ProjectSection(ProjectDependencies) = postProject
		{D6952FAC-453C-393A-BA31-0FF93EF53799} = {D6952FAC-453C-393A-BA31-0FF93EF53799}
		{09E6D463-1BF9-37D7-943D-550C451B0F6B} = {09E6D463-1BF9-37D7-943D-550C451B0F6B}
	EndProjectSection
EndProject
Project("{8BC9CEB8-8B4A-11D0-8D11-00A0C91BC942}") = "PhysXCommon", "PhysXCommon.vcxproj", "{06D24CDE-CE73-38AF-8AA3-2B50541F879D}"
	ProjectSection(ProjectDependencies) = postProject
		{D6952FAC-453C-393A-BA31-0FF93EF53799} = {D6952FAC-453C-393A-BA31-0FF93EF53799}
		{09E6D463-1BF9-37D7-943D-550C451B0F6B} = {09E6D463-1BF9-37D7-943D-550C451B0F6B}
	EndProjectSection
EndProject
Project("{8BC9CEB8-8B4A-11D0-8D11-00A0C91BC942}") = "PhysXCooking", "PhysXCooking.vcxproj", "{76E302EF-DA5C-3780-B901-E0FDA5607691}"
	ProjectSection(ProjectDependencies) = postProject
		{06D24CDE-CE73-38AF-8AA3-2B50541F879D} = {06D24CDE-CE73-38AF-8AA3-2B50541F879D}
		{D6952FAC-453C-393A-BA31-0FF93EF53799} = {D6952FAC-453C-393A-BA31-0FF93EF53799}
		{09E6D463-1BF9-37D7-943D-550C451B0F6B} = {09E6D463-1BF9-37D7-943D-550C451B0F6B}
	EndProjectSection
EndProject
Project("{8BC9CEB8-8B4A-11D0-8D11-00A0C91BC942}") = "PhysXExtensions", "PhysXExtensions.vcxproj", "{43914C49-1CAC-30D4-8831-93E9A91638D8}"
	ProjectSection(ProjectDependencies) = postProject
		{BB280BA5-4B0C-3510-972A-649D8855E85F} = {BB280BA5-4B0C-3510-972A-649D8855E85F}
		{1A0DA7F0-7B8D-3C04-A48F-225EA27B7294} = {1A0DA7F0-7B8D-3C04-A48F-225EA27B7294}
		{D6952FAC-453C-393A-BA31-0FF93EF53799} = {D6952FAC-453C-393A-BA31-0FF93EF53799}
		{600F1BCE-B8E3-348C-9A1D-D689B13D00DE} = {600F1BCE-B8E3-348C-9A1D-D689B13D00DE}
		{09E6D463-1BF9-37D7-943D-550C451B0F6B} = {09E6D463-1BF9-37D7-943D-550C451B0F6B}
	EndProjectSection
EndProject
Project("{8BC9CEB8-8B4A-11D0-8D11-00A0C91BC942}") = "PhysXFoundation", "PhysXFoundation.vcxproj", "{D6952FAC-453C-393A-BA31-0FF93EF53799}"
	ProjectSection(ProjectDependencies) = postProject
		{09E6D463-1BF9-37D7-943D-550C451B0F6B} = {09E6D463-1BF9-37D7-943D-550C451B0F6B}
	EndProjectSection
EndProject
Project("{8BC9CEB8-8B4A-11D0-8D11-00A0C91BC942}") = "PhysXPvdSDK", "PhysXPvdSDK.vcxproj", "{600F1BCE-B8E3-348C-9A1D-D689B13D00DE}"
	ProjectSection(ProjectDependencies) = postProject
		{D6952FAC-453C-393A-BA31-0FF93EF53799} = {D6952FAC-453C-393A-BA31-0FF93EF53799}
		{09E6D463-1BF9-37D7-943D-550C451B0F6B} = {09E6D463-1BF9-37D7-943D-550C451B0F6B}
	EndProjectSection
EndProject
Project("{8BC9CEB8-8B4A-11D0-8D11-00A0C91BC942}") = "PhysXTask", "PhysXTask.vcxproj", "{856EF39C-96B7-34AD-91C4-0860B66D0B1E}"
	ProjectSection(ProjectDependencies) = postProject
		{09E6D463-1BF9-37D7-943D-550C451B0F6B} = {09E6D463-1BF9-37D7-943D-550C451B0F6B}
	EndProjectSection
EndProject
Project("{8BC9CEB8-8B4A-11D0-8D11-00A0C91BC942}") = "PhysXVehicle", "PhysXVehicle.vcxproj", "{A9B5D745-0403-30C6-953C-AC8A5C80533E}"
	ProjectSection(ProjectDependencies) = postProject
		{D6952FAC-453C-393A-BA31-0FF93EF53799} = {D6952FAC-453C-393A-BA31-0FF93EF53799}
		{600F1BCE-B8E3-348C-9A1D-D689B13D00DE} = {600F1BCE-B8E3-348C-9A1D-D689B13D00DE}
		{09E6D463-1BF9-37D7-943D-550C451B0F6B} = {09E6D463-1BF9-37D7-943D-550C451B0F6B}
	EndProjectSection
EndProject
Project("{8BC9CEB8-8B4A-11D0-8D11-00A0C91BC942}") = "SceneQuery", "SceneQuery.vcxproj", "{45EAF5FB-E463-3F4F-9F73-6E0A0AEB3783}"
	ProjectSection(ProjectDependencies) = postProject
		{09E6D463-1BF9-37D7-943D-550C451B0F6B} = {09E6D463-1BF9-37D7-943D-550C451B0F6B}
	EndProjectSection
EndProject
Project("{8BC9CEB8-8B4A-11D0-8D11-00A0C91BC942}") = "SimulationController", "SimulationController.vcxproj", "{9E19828C-D26B-34D2-8B6A-73FAC63D9BDA}"
	ProjectSection(ProjectDependencies) = postProject
		{09E6D463-1BF9-37D7-943D-550C451B0F6B} = {09E6D463-1BF9-37D7-943D-550C451B0F6B}
	EndProjectSection
EndProject
Project("{8BC9CEB8-8B4A-11D0-8D11-00A0C91BC942}") = "ZERO_CHECK", "..\\ZERO_CHECK.vcxproj", "{09E6D463-1BF9-37D7-943D-550C451B0F6B}"
	ProjectSection(ProjectDependencies) = postProject
	EndProjectSection
EndProject
Global
	GlobalSection(SolutionConfigurationPlatforms) = preSolution
		debug|x64 = debug|x64
		checked|x64 = checked|x64
		profile|x64 = profile|x64
		release|x64 = release|x64
	EndGlobalSection
	GlobalSection(ProjectConfigurationPlatforms) = postSolution
		{584DAA33-0670-333D-BC4D-832E81F5D2F1}.debug|x64.ActiveCfg = debug|x64
		{584DAA33-0670-333D-BC4D-832E81F5D2F1}.debug|x64.Build.0 = debug|x64
		{584DAA33-0670-333D-BC4D-832E81F5D2F1}.checked|x64.ActiveCfg = checked|x64
		{584DAA33-0670-333D-BC4D-832E81F5D2F1}.checked|x64.Build.0 = checked|x64
		{584DAA33-0670-333D-BC4D-832E81F5D2F1}.profile|x64.ActiveCfg = profile|x64
		{584DAA33-0670-333D-BC4D-832E81F5D2F1}.profile|x64.Build.0 = profile|x64
		{584DAA33-0670-333D-BC4D-832E81F5D2F1}.release|x64.ActiveCfg = release|x64
		{584DAA33-0670-333D-BC4D-832E81F5D2F1}.release|x64.Build.0 = release|x64
		{BB280BA5-4B0C-3510-972A-649D8855E85F}.debug|x64.ActiveCfg = debug|x64
		{BB280BA5-4B0C-3510-972A-649D8855E85F}.debug|x64.Build.0 = debug|x64
		{BB280BA5-4B0C-3510-972A-649D8855E85F}.checked|x64.ActiveCfg = checked|x64
		{BB280BA5-4B0C-3510-972A-649D8855E85F}.checked|x64.Build.0 = checked|x64
		{BB280BA5-4B0C-3510-972A-649D8855E85F}.profile|x64.ActiveCfg = profile|x64
		{BB280BA5-4B0C-3510-972A-649D8855E85F}.profile|x64.Build.0 = profile|x64
		{BB280BA5-4B0C-3510-972A-649D8855E85F}.release|x64.ActiveCfg = release|x64
		{BB280BA5-4B0C-3510-972A-649D8855E85F}.release|x64.Build.0 = release|x64
		{044580D7-2EF0-3155-BC13-AD0B5C89B3F2}.debug|x64.ActiveCfg = debug|x64
		{044580D7-2EF0-3155-BC13-AD0B5C89B3F2}.checked|x64.ActiveCfg = checked|x64
		{044580D7-2EF0-3155-BC13-AD0B5C89B3F2}.profile|x64.ActiveCfg = profile|x64
		{044580D7-2EF0-3155-BC13-AD0B5C89B3F2}.release|x64.ActiveCfg = release|x64
		{6B79639C-32E9-3F53-8D3D-D39EBF89443C}.debug|x64.ActiveCfg = debug|x64
		{6B79639C-32E9-3F53-8D3D-D39EBF89443C}.debug|x64.Build.0 = debug|x64
		{6B79639C-32E9-3F53-8D3D-D39EBF89443C}.checked|x64.ActiveCfg = checked|x64
		{6B79639C-32E9-3F53-8D3D-D39EBF89443C}.checked|x64.Build.0 = checked|x64
		{6B79639C-32E9-3F53-8D3D-D39EBF89443C}.profile|x64.ActiveCfg = profile|x64
		{6B79639C-32E9-3F53-8D3D-D39EBF89443C}.profile|x64.Build.0 = profile|x64
		{6B79639C-32E9-3F53-8D3D-D39EBF89443C}.release|x64.ActiveCfg = release|x64
		{6B79639C-32E9-3F53-8D3D-D39EBF89443C}.release|x64.Build.0 = release|x64
		{1B4FA752-FF40-3D5A-98F7-294C1D138594}.debug|x64.ActiveCfg = debug|x64
		{1B4FA752-FF40-3D5A-98F7-294C1D138594}.debug|x64.Build.0 = debug|x64
		{1B4FA752-FF40-3D5A-98F7-294C1D138594}.checked|x64.ActiveCfg = checked|x64
		{1B4FA752-FF40-3D5A-98F7-294C1D138594}.checked|x64.Build.0 = checked|x64
		{1B4FA752-FF40-3D5A-98F7-294C1D138594}.profile|x64.ActiveCfg = profile|x64
		{1B4FA752-FF40-3D5A-98F7-294C1D138594}.profile|x64.Build.0 = profile|x64
		{1B4FA752-FF40-3D5A-98F7-294C1D138594}.release|x64.ActiveCfg = release|x64
		{1B4FA752-FF40-3D5A-98F7-294C1D138594}.release|x64.Build.0 = release|x64
		{9B66156F-6E4D-3C59-A131-E28DF176B967}.debug|x64.ActiveCfg = debug|x64
		{9B66156F-6E4D-3C59-A131-E28DF176B967}.debug|x64.Build.0 = debug|x64
		{9B66156F-6E4D-3C59-A131-E28DF176B967}.checked|x64.ActiveCfg = checked|x64
		{9B66156F-6E4D-3C59-A131-E28DF176B967}.checked|x64.Build.0 = checked|x64
		{9B66156F-6E4D-3C59-A131-E28DF176B967}.profile|x64.ActiveCfg = profile|x64
		{9B66156F-6E4D-3C59-A131-E28DF176B967}.profile|x64.Build.0 = profile|x64
		{9B66156F-6E4D-3C59-A131-E28DF176B967}.release|x64.ActiveCfg = release|x64
		{9B66156F-6E4D-3C59-A131-E28DF176B967}.release|x64.Build.0 = release|x64
		{1A0DA7F0-7B8D-3C04-A48F-225EA27B7294}.debug|x64.ActiveCfg = debug|x64
		{1A0DA7F0-7B8D-3C04-A48F-225EA27B7294}.debug|x64.Build.0 = debug|x64
		{1A0DA7F0-7B8D-3C04-A48F-225EA27B7294}.checked|x64.ActiveCfg = checked|x64
		{1A0DA7F0-7B8D-3C04-A48F-225EA27B7294}.checked|x64.Build.0 = checked|x64
		{1A0DA7F0-7B8D-3C04-A48F-225EA27B7294}.profile|x64.ActiveCfg = profile|x64
		{1A0DA7F0-7B8D-3C04-A48F-225EA27B7294}.profile|x64.Build.0 = profile|x64
		{1A0DA7F0-7B8D-3C04-A48F-225EA27B7294}.release|x64.ActiveCfg = release|x64
		{1A0DA7F0-7B8D-3C04-A48F-225EA27B7294}.release|x64.Build.0 = release|x64
		{CE500C09-F371-3711-87DB-142F34460D90}.debug|x64.ActiveCfg = debug|x64
		{CE500C09-F371-3711-87DB-142F34460D90}.debug|x64.Build.0 = debug|x64
		{CE500C09-F371-3711-87DB-142F34460D90}.checked|x64.ActiveCfg = checked|x64
		{CE500C09-F371-3711-87DB-142F34460D90}.checked|x64.Build.0 = checked|x64
		{CE500C09-F371-3711-87DB-142F34460D90}.profile|x64.ActiveCfg = profile|x64
		{CE500C09-F371-3711-87DB-142F34460D90}.profile|x64.Build.0 = profile|x64
		{CE500C09-F371-3711-87DB-142F34460D90}.release|x64.ActiveCfg = release|x64
		{CE500C09-F371-3711-87DB-142F34460D90}.release|x64.Build.0 = release|x64
		{06D24CDE-CE73-38AF-8AA3-2B50541F879D}.debug|x64.ActiveCfg = debug|x64
		{06D24CDE-CE73-38AF-8AA3-2B50541F879D}.debug|x64.Build.0 = debug|x64
		{06D24CDE-CE73-38AF-8AA3-2B50541F879D}.checked|x64.ActiveCfg = checked|x64
		{06D24CDE-CE73-38AF-8AA3-2B50541F879D}.checked|x64.Build.0 = checked|x64
		{06D24CDE-CE73-38AF-8AA3-2B50541F879D}.profile|x64.ActiveCfg = profile|x64
		{06D24CDE-CE73-38AF-8AA3-2B50541F879D}.profile|x64.Build.0 = profile|x64
		{06D24CDE-CE73-38AF-8AA3-2B50541F879D}.release|x64.ActiveCfg = release|x64
		{06D24CDE-CE73-38AF-8AA3-2B50541F879D}.release|x64.Build.0 = release|x64
		{76E302EF-DA5C-3780-B901-E0FDA5607691}.debug|x64.ActiveCfg = debug|x64
		{76E302EF-DA5C-3780-B901-E0FDA5607691}.debug|x64.Build.0 = debug|x64
		{76E302EF-DA5C-3780-B901-E0FDA5607691}.checked|x64.ActiveCfg = checked|x64
		{76E302EF-DA5C-3780-B901-E0FDA5607691}.checked|x64.Build.0 = checked|x64
		{76E302EF-DA5C-3780-B901-E0FDA5607691}.profile|x64.ActiveCfg = profile|x64
		{76E302EF-DA5C-3780-B901-E0FDA5607691}.profile|x64.Build.0 = profile|x64
		{76E302EF-DA5C-3780-B901-E0FDA5607691}.release|x64.ActiveCfg = release|x64
		{76E302EF-DA5C-3780-B901-E0FDA5607691}.release|x64.Build.0 = release|x64
		{43914C49-1CAC-30D4-8831-93E9A91638D8}.debug|x64.ActiveCfg = debug|x64
		{43914C49-1CAC-30D4-8831-93E9A91638D8}.debug|x64.Build.0 = debug|x64
		{43914C49-1CAC-30D4-8831-93E9A91638D8}.checked|x64.ActiveCfg = checked|x64
		{43914C49-1CAC-30D4-8831-93E9A91638D8}.checked|x64.Build.0 = checked|x64
		{43914C49-1CAC-30D4-8831-93E9A91638D8}.profile|x64.ActiveCfg = profile|x64
		{43914C49-1CAC-30D4-8831-93E9A91638D8}.profile|x64.Build.0 = profile|x64
		{43914C49-1CAC-30D4-8831-93E9A91638D8}.release|x64.ActiveCfg = release|x64
		{43914C49-1CAC-30D4-8831-93E9A91638D8}.release|x64.Build.0 = release|x64
		{D6952FAC-453C-393A-BA31-0FF93EF53799}.debug|x64.ActiveCfg = debug|x64
		{D6952FAC-453C-393A-BA31-0FF93EF53799}.debug|x64.Build.0 = debug|x64
		{D6952FAC-453C-393A-BA31-0FF93EF53799}.checked|x64.ActiveCfg = checked|x64
		{D6952FAC-453C-393A-BA31-0FF93EF53799}.checked|x64.Build.0 = checked|x64
		{D6952FAC-453C-393A-BA31-0FF93EF53799}.profile|x64.ActiveCfg = profile|x64
		{D6952FAC-453C-393A-BA31-0FF93EF53799}.profile|x64.Build.0 = profile|x64
		{D6952FAC-453C-393A-BA31-0FF93EF53799}.release|x64.ActiveCfg = release|x64
		{D6952FAC-453C-393A-BA31-0FF93EF53799}.release|x64.Build.0 = release|x64
		{600F1BCE-B8E3-348C-9A1D-D689B13D00DE}.debug|x64.ActiveCfg = debug|x64
		{600F1BCE-B8E3-348C-9A1D-D689B13D00DE}.debug|x64.Build.0 = debug|x64
		{600F1BCE-B8E3-348C-9A1D-D689B13D00DE}.checked|x64.ActiveCfg = checked|x64
		{600F1BCE-B8E3-348C-9A1D-D689B13D00DE}.checked|x64.Build.0 = checked|x64
		{600F1BCE-B8E3-348C-9A1D-D689B13D00DE}.profile|x64.ActiveCfg = profile|x64
		{600F1BCE-B8E3-348C-9A1D-D689B13D00DE}.profile|x64.Build.0 = profile|x64
		{600F1BCE-B8E3-348C-9A1D-D689B13D00DE}.release|x64.ActiveCfg = release|x64
		{600F1BCE-B8E3-348C-9A1D-D689B13D00DE}.release|x64.Build.0 = release|x64
		{856EF39C-96B7-34AD-91C4-0860B66D0B1E}.debug|x64.ActiveCfg = debug|x64
		{856EF39C-96B7-34AD-91C4-0860B66D0B1E}.debug|x64.Build.0 = debug|x64
		{856EF39C-96B7-34AD-91C4-0860B66D0B1E}.checked|x64.ActiveCfg = checked|x64
		{856EF39C-96B7-34AD-91C4-0860B66D0B1E}.checked|x64.Build.0 = checked|x64
		{856EF39C-96B7-34AD-91C4-0860B66D0B1E}.profile|x64.ActiveCfg = profile|x64
		{856EF39C-96B7-34AD-91C4-0860B66D0B1E}.profile|x64.Build.0 = profile|x64
		{856EF39C-96B7-34AD-91C4-0860B66D0B1E}.release|x64.ActiveCfg = release|x64
		{856EF39C-96B7-34AD-91C4-0860B66D0B1E}.release|x64.Build.0 = release|x64
		{A9B5D745-0403-30C6-953C-AC8A5C80533E}.debug|x64.ActiveCfg = debug|x64
		{A9B5D745-0403-30C6-953C-AC8A5C80533E}.debug|x64.Build.0 = debug|x64
		{A9B5D745-0403-30C6-953C-AC8A5C80533E}.checked|x64.ActiveCfg = checked|x64
		{A9B5D745-0403-30C6-953C-AC8A5C80533E}.checked|x64.Build.0 = checked|x64
		{A9B5D745-0403-30C6-953C-AC8A5C80533E}.profile|x64.ActiveCfg = profile|x64
		{A9B5D745-0403-30C6-953C-AC8A5C80533E}.profile|x64.Build.0 = profile|x64
		{A9B5D745-0403-30C6-953C-AC8A5C80533E}.release|x64.ActiveCfg = release|x64
		{A9B5D745-0403-30C6-953C-AC8A5C80533E}.release|x64.Build.0 = release|x64
		{45EAF5FB-E463-3F4F-9F73-6E0A0AEB3783}.debug|x64.ActiveCfg = debug|x64
		{45EAF5FB-E463-3F4F-9F73-6E0A0AEB3783}.debug|x64.Build.0 = debug|x64
		{45EAF5FB-E463-3F4F-9F73-6E0A0AEB3783}.checked|x64.ActiveCfg = checked|x64
		{45EAF5FB-E463-3F4F-9F73-6E0A0AEB3783}.checked|x64.Build.0 = checked|x64
		{45EAF5FB-E463-3F4F-9F73-6E0A0AEB3783}.profile|x64.ActiveCfg = profile|x64
		{45EAF5FB-E463-3F4F-9F73-6E0A0AEB3783}.profile|x64.Build.0 = profile|x64
		{45EAF5FB-E463-3F4F-9F73-6E0A0AEB3783}.release|x64.ActiveCfg = release|x64
		{45EAF5FB-E463-3F4F-9F73-6E0A0AEB3783}.release|x64.Build.0 = release|x64
		{9E19828C-D26B-34D2-8B6A-73FAC63D9BDA}.debug|x64.ActiveCfg = debug|x64
		{9E19828C-D26B-34D2-8B6A-73FAC63D9BDA}.debug|x64.Build.0 = debug|x64
		{9E19828C-D26B-34D2-8B6A-73FAC63D9BDA}.checked|x64.ActiveCfg = checked|x64
		{9E19828C-D26B-34D2-8B6A-73FAC63D9BDA}.checked|x64.Build.0 = checked|x64
		{9E19828C-D26B-34D2-8B6A-73FAC63D9BDA}.profile|x64.ActiveCfg = profile|x64
		{9E19828C-D26B-34D2-8B6A-73FAC63D9BDA}.profile|x64.Build.0 = profile|x64
		{9E19828C-D26B-34D2-8B6A-73FAC63D9BDA}.release|x64.ActiveCfg = release|x64
		{9E19828C-D26B-34D2-8B6A-73FAC63D9BDA}.release|x64.Build.0 = release|x64
		{09E6D463-1BF9-37D7-943D-550C451B0F6B}.debug|x64.ActiveCfg = debug|x64
		{09E6D463-1BF9-37D7-943D-550C451B0F6B}.debug|x64.Build.0 = debug|x64
		{09E6D463-1BF9-37D7-943D-550C451B0F6B}.checked|x64.ActiveCfg = checked|x64
		{09E6D463-1BF9-37D7-943D-550C451B0F6B}.checked|x64.Build.0 = checked|x64
		{09E6D463-1BF9-37D7-943D-550C451B0F6B}.profile|x64.ActiveCfg = profile|x64
		{09E6D463-1BF9-37D7-943D-550C451B0F6B}.profile|x64.Build.0 = profile|x64
		{09E6D463-1BF9-37D7-943D-550C451B0F6B}.release|x64.ActiveCfg = release|x64
		{09E6D463-1BF9-37D7-943D-550C451B0F6B}.release|x64.Build.0 = release|x64
	EndGlobalSection
	GlobalSection(NestedProjects) = preSolution
		{584DAA33-0670-333D-BC4D-832E81F5D2F1} = {76B08D4A-2683-3E0E-93D1-9F26FD13AB2F}
		{044580D7-2EF0-3155-BC13-AD0B5C89B3F2} = {76B08D4A-2683-3E0E-93D1-9F26FD13AB2F}
		{09E6D463-1BF9-37D7-943D-550C451B0F6B} = {76B08D4A-2683-3E0E-93D1-9F26FD13AB2F}
		{BB280BA5-4B0C-3510-972A-649D8855E85F} = {895939F7-65A8-3676-B792-0F27633D0ADA}
		{6B79639C-32E9-3F53-8D3D-D39EBF89443C} = {895939F7-65A8-3676-B792-0F27633D0ADA}
		{1B4FA752-FF40-3D5A-98F7-294C1D138594} = {895939F7-65A8-3676-B792-0F27633D0ADA}
		{9B66156F-6E4D-3C59-A131-E28DF176B967} = {895939F7-65A8-3676-B792-0F27633D0ADA}
		{1A0DA7F0-7B8D-3C04-A48F-225EA27B7294} = {895939F7-65A8-3676-B792-0F27633D0ADA}
		{CE500C09-F371-3711-87DB-142F34460D90} = {895939F7-65A8-3676-B792-0F27633D0ADA}
		{06D24CDE-CE73-38AF-8AA3-2B50541F879D} = {895939F7-65A8-3676-B792-0F27633D0ADA}
		{76E302EF-DA5C-3780-B901-E0FDA5607691} = {895939F7-65A8-3676-B792-0F27633D0ADA}
		{43914C49-1CAC-30D4-8831-93E9A91638D8} = {895939F7-65A8-3676-B792-0F27633D0ADA}
		{D6952FAC-453C-393A-BA31-0FF93EF53799} = {895939F7-65A8-3676-B792-0F27633D0ADA}
		{600F1BCE-B8E3-348C-9A1D-D689B13D00DE} = {895939F7-65A8-3676-B792-0F27633D0ADA}
		{856EF39C-96B7-34AD-91C4-0860B66D0B1E} = {895939F7-65A8-3676-B792-0F27633D0ADA}
		{A9B5D745-0403-30C6-953C-AC8A5C80533E} = {895939F7-65A8-3676-B792-0F27633D0ADA}
		{45EAF5FB-E463-3F4F-9F73-6E0A0AEB3783} = {895939F7-65A8-3676-B792-0F27633D0ADA}
		{9E19828C-D26B-34D2-8B6A-73FAC63D9BDA} = {895939F7-65A8-3676-B792-0F27633D0ADA}
	EndGlobalSection
	GlobalSection(ExtensibilityGlobals) = postSolution
		SolutionGuid = {B5AD880D-4B7E-3E82-8771-DC2D8353F8E5}
	EndGlobalSection
	GlobalSection(ExtensibilityAddIns) = postSolution
	EndGlobalSection
EndGlobal
