
Microsoft Visual Studio Solution File, Format Version 12.00
# Visual Studio Version 16
Project("{2150E333-8FDC-42A3-9474-1A3956D46DE8}") = "CMakePredefinedTargets", "CMakePredefinedTargets", "{6DA95F9F-9CC5-33BE-8FA7-E036D86BAD74}"
EndProject
Project("{2150E333-8FDC-42A3-9474-1A3956D46DE8}") = "PhysX SDK", "PhysX SDK", "{F05A2F1E-2150-3066-89E5-A2F24691CB96}"
EndProject
Project("{2150E333-8FDC-42A3-9474-1A3956D46DE8}") = "Snippets", "Snippets", "{E7BFF7F2-3133-3943-B484-CFF5EC88884D}"
EndProject
Project("{2150E333-8FDC-42A3-9474-1A3956D46DE8}") = "Libraries only", "Snippets\Libraries only", "{3912E299-2292-39CE-8853-C0F6A8AA5545}"
EndProject
Project("{8BC9CEB8-8B4A-11D0-8D11-00A0C91BC942}") = "ALL_BUILD", "ALL_BUILD.vcxproj", "{CFB641C9-434F-30C0-A04F-1D5A37D9970A}"
	ProjectSection(ProjectDependencies) = postProject
		{C08185D7-4683-39D5-A140-EFFBA6673F27} = {C08185D7-4683-39D5-A140-EFFBA6673F27}
		{9ADA1F42-AEB0-355D-869D-EDE5CA80AB76} = {9ADA1F42-AEB0-355D-869D-EDE5CA80AB76}
		{F5C9A3D0-3D64-3B77-9415-17082162E235} = {F5C9A3D0-3D64-3B77-9415-17082162E235}
		{863B4E41-2AFA-3B03-AADF-DA9369BFB2E8} = {863B4E41-2AFA-3B03-AADF-DA9369BFB2E8}
		{FB834EF8-04AB-32AB-8F33-54CC2DB2586B} = {FB834EF8-04AB-32AB-8F33-54CC2DB2586B}
		{07A6CD29-0820-3421-BE8C-CE3652E4339D} = {07A6CD29-0820-3421-BE8C-CE3652E4339D}
		{4E8BD5DC-EF19-3AC2-B4FC-632B12D6611F} = {4E8BD5DC-EF19-3AC2-B4FC-632B12D6611F}
		{B309D9EB-C09B-3BFD-B50F-C01664F5A408} = {B309D9EB-C09B-3BFD-B50F-C01664F5A408}
		{C075BC19-EFA2-36E3-8A77-396962778FBF} = {C075BC19-EFA2-36E3-8A77-396962778FBF}
		{F43D1557-634E-330F-9CC4-29C6BD5DBBC3} = {F43D1557-634E-330F-9CC4-29C6BD5DBBC3}
		{83F34875-546E-34D2-8AE0-B5A6994014A1} = {83F34875-546E-34D2-8AE0-B5A6994014A1}
		{02DA0BAA-E8F9-3CAD-9C6C-08A0D7207868} = {02DA0BAA-E8F9-3CAD-9C6C-08A0D7207868}
		{2115F461-248D-37AA-A4EF-C813D03B7D8A} = {2115F461-248D-37AA-A4EF-C813D03B7D8A}
		{F2916547-1E5B-3CB7-9A83-CC7EB19F8837} = {F2916547-1E5B-3CB7-9A83-CC7EB19F8837}
		{E756E195-FD4E-36BD-A754-0FD7EA8BD0BF} = {E756E195-FD4E-36BD-A754-0FD7EA8BD0BF}
		{28687A2C-020A-3033-BDDF-ACC406A353BF} = {28687A2C-020A-3033-BDDF-ACC406A353BF}
		{EC1746D6-9CE3-32B9-8291-5F06C772DB56} = {EC1746D6-9CE3-32B9-8291-5F06C772DB56}
		{25CCAD08-5F0D-39BC-AC92-6652D4369B4B} = {25CCAD08-5F0D-39BC-AC92-6652D4369B4B}
		{7DF0161D-690F-3911-A9D5-D3602BFDBA07} = {7DF0161D-690F-3911-A9D5-D3602BFDBA07}
		{B2E167C1-BB38-330B-8665-280A91519962} = {B2E167C1-BB38-330B-8665-280A91519962}
		{92BCB13F-816D-3B61-933C-D475A4665485} = {92BCB13F-816D-3B61-933C-D475A4665485}
		{00878985-3D83-318F-AD86-693DC64ECC50} = {00878985-3D83-318F-AD86-693DC64ECC50}
		{7A10591B-8BC7-370B-99CD-12704ABE370B} = {7A10591B-8BC7-370B-99CD-12704ABE370B}
		{AFC803E8-C293-3DF9-92F9-4090BEAAE2A7} = {AFC803E8-C293-3DF9-92F9-4090BEAAE2A7}
		{5B180293-D33B-3C8A-9DCF-D8A282F2AD04} = {5B180293-D33B-3C8A-9DCF-D8A282F2AD04}
		{BDB4C753-3D22-3430-849D-961F5B79FD81} = {BDB4C753-3D22-3430-849D-961F5B79FD81}
		{4790D912-E2A3-36CF-A3AE-0D0E697F1264} = {4790D912-E2A3-36CF-A3AE-0D0E697F1264}
		{3E59C70E-3EFF-358B-AF86-86BE8745109C} = {3E59C70E-3EFF-358B-AF86-86BE8745109C}
		{600337A8-EB88-3DEC-811F-6983404CD3EE} = {600337A8-EB88-3DEC-811F-6983404CD3EE}
		{DA5C7AF9-3676-3EBD-A3CF-8647464F3C39} = {DA5C7AF9-3676-3EBD-A3CF-8647464F3C39}
		{74EA8ED0-1F8E-3936-9628-B7538D2E7D79} = {74EA8ED0-1F8E-3936-9628-B7538D2E7D79}
		{AB8FAE4D-2A26-3B81-9A59-34D6CD3F0A5F} = {AB8FAE4D-2A26-3B81-9A59-34D6CD3F0A5F}
		{FC7B3EA4-9E17-376B-97BE-2C8CDA523290} = {FC7B3EA4-9E17-376B-97BE-2C8CDA523290}
		{0E7B7C04-1CCC-318B-BA33-BCC927043A05} = {0E7B7C04-1CCC-318B-BA33-BCC927043A05}
		{4FE76E94-0526-31C0-9A61-FB7C48F1912A} = {4FE76E94-0526-31C0-9A61-FB7C48F1912A}
		{6F72CEB5-763C-39D1-9888-EF19CE2B5CEF} = {6F72CEB5-763C-39D1-9888-EF19CE2B5CEF}
		{26109CCD-00B9-3B56-9FA4-A256738A3FCE} = {26109CCD-00B9-3B56-9FA4-A256738A3FCE}
	EndProjectSection
EndProject
Project("{8BC9CEB8-8B4A-11D0-8D11-00A0C91BC942}") = "FastXml", "..\sdk_source_bin\FastXml.vcxproj", "{F1C3B078-87C3-3872-B5C0-973139E035D6}"
	ProjectSection(ProjectDependencies) = postProject
	EndProjectSection
EndProject
Project("{8BC9CEB8-8B4A-11D0-8D11-00A0C91BC942}") = "INSTALL", "INSTALL.vcxproj", "{C8560745-C1DA-348C-84FD-F653A33D18DD}"
	ProjectSection(ProjectDependencies) = postProject
		{CFB641C9-434F-30C0-A04F-1D5A37D9970A} = {CFB641C9-434F-30C0-A04F-1D5A37D9970A}
	EndProjectSection
EndProject
Project("{8BC9CEB8-8B4A-11D0-8D11-00A0C91BC942}") = "LowLevel", "..\sdk_source_bin\LowLevel.vcxproj", "{98BE029D-7369-38E8-9254-611EDCBAD20E}"
	ProjectSection(ProjectDependencies) = postProject
	EndProjectSection
EndProject
Project("{8BC9CEB8-8B4A-11D0-8D11-00A0C91BC942}") = "LowLevelAABB", "..\sdk_source_bin\LowLevelAABB.vcxproj", "{86921EAF-B669-3360-B634-81A702F6B371}"
	ProjectSection(ProjectDependencies) = postProject
	EndProjectSection
EndProject
Project("{8BC9CEB8-8B4A-11D0-8D11-00A0C91BC942}") = "LowLevelDynamics", "..\sdk_source_bin\LowLevelDynamics.vcxproj", "{BCAD4D84-F0CF-371C-B273-0D3C6E5FBDDE}"
	ProjectSection(ProjectDependencies) = postProject
	EndProjectSection
EndProject
Project("{8BC9CEB8-8B4A-11D0-8D11-00A0C91BC942}") = "PhysX", "..\sdk_source_bin\PhysX.vcxproj", "{F74B7B4C-A35C-32BA-947D-7B6656147449}"
	ProjectSection(ProjectDependencies) = postProject
		{98BE029D-7369-38E8-9254-611EDCBAD20E} = {98BE029D-7369-38E8-9254-611EDCBAD20E}
		{86921EAF-B669-3360-B634-81A702F6B371} = {86921EAF-B669-3360-B634-81A702F6B371}
		{BCAD4D84-F0CF-371C-B273-0D3C6E5FBDDE} = {BCAD4D84-F0CF-371C-B273-0D3C6E5FBDDE}
		{66A4A21A-0A08-3671-8469-D70E403ABF21} = {66A4A21A-0A08-3671-8469-D70E403ABF21}
		{214D1DA1-EF27-30B2-B87C-3BD99C1A67B2} = {214D1DA1-EF27-30B2-B87C-3BD99C1A67B2}
		{36A0D976-0A8E-3B14-8239-5AF4F0A20BAA} = {36A0D976-0A8E-3B14-8239-5AF4F0A20BAA}
		{F3F77744-2568-3333-B747-0B1DEBAA0F5A} = {F3F77744-2568-3333-B747-0B1DEBAA0F5A}
		{CC569D35-110A-3790-A7FF-3DB2A5FB0D0A} = {CC569D35-110A-3790-A7FF-3DB2A5FB0D0A}
		{9F6F7E64-2899-3C04-ADD2-6256005EA3A8} = {9F6F7E64-2899-3C04-ADD2-6256005EA3A8}
	EndProjectSection
EndProject
Project("{8BC9CEB8-8B4A-11D0-8D11-00A0C91BC942}") = "PhysXCharacterKinematic", "..\sdk_source_bin\PhysXCharacterKinematic.vcxproj", "{8B69FF1A-3D3D-3279-9559-422F63FF839E}"
	ProjectSection(ProjectDependencies) = postProject
		{214D1DA1-EF27-30B2-B87C-3BD99C1A67B2} = {214D1DA1-EF27-30B2-B87C-3BD99C1A67B2}
	EndProjectSection
EndProject
Project("{8BC9CEB8-8B4A-11D0-8D11-00A0C91BC942}") = "PhysXCommon", "..\sdk_source_bin\PhysXCommon.vcxproj", "{66A4A21A-0A08-3671-8469-D70E403ABF21}"
	ProjectSection(ProjectDependencies) = postProject
		{214D1DA1-EF27-30B2-B87C-3BD99C1A67B2} = {214D1DA1-EF27-30B2-B87C-3BD99C1A67B2}
	EndProjectSection
EndProject
Project("{8BC9CEB8-8B4A-11D0-8D11-00A0C91BC942}") = "PhysXCooking", "..\sdk_source_bin\PhysXCooking.vcxproj", "{F4B05E5E-F8A1-3C33-8E86-D7BAA5812213}"
	ProjectSection(ProjectDependencies) = postProject
		{66A4A21A-0A08-3671-8469-D70E403ABF21} = {66A4A21A-0A08-3671-8469-D70E403ABF21}
		{214D1DA1-EF27-30B2-B87C-3BD99C1A67B2} = {214D1DA1-EF27-30B2-B87C-3BD99C1A67B2}
	EndProjectSection
EndProject
Project("{8BC9CEB8-8B4A-11D0-8D11-00A0C91BC942}") = "PhysXExtensions", "..\sdk_source_bin\PhysXExtensions.vcxproj", "{AA913E48-371A-30D2-BEE1-F4663E0D65D9}"
	ProjectSection(ProjectDependencies) = postProject
		{F1C3B078-87C3-3872-B5C0-973139E035D6} = {F1C3B078-87C3-3872-B5C0-973139E035D6}
		{F74B7B4C-A35C-32BA-947D-7B6656147449} = {F74B7B4C-A35C-32BA-947D-7B6656147449}
		{214D1DA1-EF27-30B2-B87C-3BD99C1A67B2} = {214D1DA1-EF27-30B2-B87C-3BD99C1A67B2}
		{36A0D976-0A8E-3B14-8239-5AF4F0A20BAA} = {36A0D976-0A8E-3B14-8239-5AF4F0A20BAA}
	EndProjectSection
EndProject
Project("{8BC9CEB8-8B4A-11D0-8D11-00A0C91BC942}") = "PhysXFoundation", "..\sdk_source_bin\PhysXFoundation.vcxproj", "{214D1DA1-EF27-30B2-B87C-3BD99C1A67B2}"
	ProjectSection(ProjectDependencies) = postProject
	EndProjectSection
EndProject
Project("{8BC9CEB8-8B4A-11D0-8D11-00A0C91BC942}") = "PhysXPvdSDK", "..\sdk_source_bin\PhysXPvdSDK.vcxproj", "{36A0D976-0A8E-3B14-8239-5AF4F0A20BAA}"
	ProjectSection(ProjectDependencies) = postProject
		{214D1DA1-EF27-30B2-B87C-3BD99C1A67B2} = {214D1DA1-EF27-30B2-B87C-3BD99C1A67B2}
	EndProjectSection
EndProject
Project("{8BC9CEB8-8B4A-11D0-8D11-00A0C91BC942}") = "PhysXTask", "..\sdk_source_bin\PhysXTask.vcxproj", "{F3F77744-2568-3333-B747-0B1DEBAA0F5A}"
	ProjectSection(ProjectDependencies) = postProject
	EndProjectSection
EndProject
Project("{8BC9CEB8-8B4A-11D0-8D11-00A0C91BC942}") = "PhysXVehicle", "..\sdk_source_bin\PhysXVehicle.vcxproj", "{3369D071-0A52-3A95-AA6A-C415B7A6D2AB}"
	ProjectSection(ProjectDependencies) = postProject
		{214D1DA1-EF27-30B2-B87C-3BD99C1A67B2} = {214D1DA1-EF27-30B2-B87C-3BD99C1A67B2}
		{36A0D976-0A8E-3B14-8239-5AF4F0A20BAA} = {36A0D976-0A8E-3B14-8239-5AF4F0A20BAA}
	EndProjectSection
EndProject
Project("{8BC9CEB8-8B4A-11D0-8D11-00A0C91BC942}") = "SceneQuery", "..\sdk_source_bin\SceneQuery.vcxproj", "{CC569D35-110A-3790-A7FF-3DB2A5FB0D0A}"
	ProjectSection(ProjectDependencies) = postProject
	EndProjectSection
EndProject
Project("{8BC9CEB8-8B4A-11D0-8D11-00A0C91BC942}") = "SimulationController", "..\sdk_source_bin\SimulationController.vcxproj", "{9F6F7E64-2899-3C04-ADD2-6256005EA3A8}"
	ProjectSection(ProjectDependencies) = postProject
	EndProjectSection
EndProject
Project("{8BC9CEB8-8B4A-11D0-8D11-00A0C91BC942}") = "SnippetArticulation", "SnippetArticulation.vcxproj", "{C08185D7-4683-39D5-A140-EFFBA6673F27}"
	ProjectSection(ProjectDependencies) = postProject
		{F74B7B4C-A35C-32BA-947D-7B6656147449} = {F74B7B4C-A35C-32BA-947D-7B6656147449}
		{8B69FF1A-3D3D-3279-9559-422F63FF839E} = {8B69FF1A-3D3D-3279-9559-422F63FF839E}
		{66A4A21A-0A08-3671-8469-D70E403ABF21} = {66A4A21A-0A08-3671-8469-D70E403ABF21}
		{F4B05E5E-F8A1-3C33-8E86-D7BAA5812213} = {F4B05E5E-F8A1-3C33-8E86-D7BAA5812213}
		{AA913E48-371A-30D2-BEE1-F4663E0D65D9} = {AA913E48-371A-30D2-BEE1-F4663E0D65D9}
		{214D1DA1-EF27-30B2-B87C-3BD99C1A67B2} = {214D1DA1-EF27-30B2-B87C-3BD99C1A67B2}
		{36A0D976-0A8E-3B14-8239-5AF4F0A20BAA} = {36A0D976-0A8E-3B14-8239-5AF4F0A20BAA}
		{3369D071-0A52-3A95-AA6A-C415B7A6D2AB} = {3369D071-0A52-3A95-AA6A-C415B7A6D2AB}
		{7A10591B-8BC7-370B-99CD-12704ABE370B} = {7A10591B-8BC7-370B-99CD-12704ABE370B}
		{74EA8ED0-1F8E-3936-9628-B7538D2E7D79} = {74EA8ED0-1F8E-3936-9628-B7538D2E7D79}
	EndProjectSection
EndProject
Project("{8BC9CEB8-8B4A-11D0-8D11-00A0C91BC942}") = "SnippetBVHStructure", "SnippetBVHStructure.vcxproj", "{9ADA1F42-AEB0-355D-869D-EDE5CA80AB76}"
	ProjectSection(ProjectDependencies) = postProject
		{F74B7B4C-A35C-32BA-947D-7B6656147449} = {F74B7B4C-A35C-32BA-947D-7B6656147449}
		{8B69FF1A-3D3D-3279-9559-422F63FF839E} = {8B69FF1A-3D3D-3279-9559-422F63FF839E}
		{66A4A21A-0A08-3671-8469-D70E403ABF21} = {66A4A21A-0A08-3671-8469-D70E403ABF21}
		{F4B05E5E-F8A1-3C33-8E86-D7BAA5812213} = {F4B05E5E-F8A1-3C33-8E86-D7BAA5812213}
		{AA913E48-371A-30D2-BEE1-F4663E0D65D9} = {AA913E48-371A-30D2-BEE1-F4663E0D65D9}
		{214D1DA1-EF27-30B2-B87C-3BD99C1A67B2} = {214D1DA1-EF27-30B2-B87C-3BD99C1A67B2}
		{36A0D976-0A8E-3B14-8239-5AF4F0A20BAA} = {36A0D976-0A8E-3B14-8239-5AF4F0A20BAA}
		{3369D071-0A52-3A95-AA6A-C415B7A6D2AB} = {3369D071-0A52-3A95-AA6A-C415B7A6D2AB}
		{7A10591B-8BC7-370B-99CD-12704ABE370B} = {7A10591B-8BC7-370B-99CD-12704ABE370B}
		{74EA8ED0-1F8E-3936-9628-B7538D2E7D79} = {74EA8ED0-1F8E-3936-9628-B7538D2E7D79}
	EndProjectSection
EndProject
Project("{8BC9CEB8-8B4A-11D0-8D11-00A0C91BC942}") = "SnippetContactModification", "SnippetContactModification.vcxproj", "{F5C9A3D0-3D64-3B77-9415-17082162E235}"
	ProjectSection(ProjectDependencies) = postProject
		{F74B7B4C-A35C-32BA-947D-7B6656147449} = {F74B7B4C-A35C-32BA-947D-7B6656147449}
		{8B69FF1A-3D3D-3279-9559-422F63FF839E} = {8B69FF1A-3D3D-3279-9559-422F63FF839E}
		{66A4A21A-0A08-3671-8469-D70E403ABF21} = {66A4A21A-0A08-3671-8469-D70E403ABF21}
		{F4B05E5E-F8A1-3C33-8E86-D7BAA5812213} = {F4B05E5E-F8A1-3C33-8E86-D7BAA5812213}
		{AA913E48-371A-30D2-BEE1-F4663E0D65D9} = {AA913E48-371A-30D2-BEE1-F4663E0D65D9}
		{214D1DA1-EF27-30B2-B87C-3BD99C1A67B2} = {214D1DA1-EF27-30B2-B87C-3BD99C1A67B2}
		{36A0D976-0A8E-3B14-8239-5AF4F0A20BAA} = {36A0D976-0A8E-3B14-8239-5AF4F0A20BAA}
		{3369D071-0A52-3A95-AA6A-C415B7A6D2AB} = {3369D071-0A52-3A95-AA6A-C415B7A6D2AB}
		{7A10591B-8BC7-370B-99CD-12704ABE370B} = {7A10591B-8BC7-370B-99CD-12704ABE370B}
		{74EA8ED0-1F8E-3936-9628-B7538D2E7D79} = {74EA8ED0-1F8E-3936-9628-B7538D2E7D79}
	EndProjectSection
EndProject
Project("{8BC9CEB8-8B4A-11D0-8D11-00A0C91BC942}") = "SnippetContactReport", "SnippetContactReport.vcxproj", "{863B4E41-2AFA-3B03-AADF-DA9369BFB2E8}"
	ProjectSection(ProjectDependencies) = postProject
		{F74B7B4C-A35C-32BA-947D-7B6656147449} = {F74B7B4C-A35C-32BA-947D-7B6656147449}
		{8B69FF1A-3D3D-3279-9559-422F63FF839E} = {8B69FF1A-3D3D-3279-9559-422F63FF839E}
		{66A4A21A-0A08-3671-8469-D70E403ABF21} = {66A4A21A-0A08-3671-8469-D70E403ABF21}
		{F4B05E5E-F8A1-3C33-8E86-D7BAA5812213} = {F4B05E5E-F8A1-3C33-8E86-D7BAA5812213}
		{AA913E48-371A-30D2-BEE1-F4663E0D65D9} = {AA913E48-371A-30D2-BEE1-F4663E0D65D9}
		{214D1DA1-EF27-30B2-B87C-3BD99C1A67B2} = {214D1DA1-EF27-30B2-B87C-3BD99C1A67B2}
		{36A0D976-0A8E-3B14-8239-5AF4F0A20BAA} = {36A0D976-0A8E-3B14-8239-5AF4F0A20BAA}
		{3369D071-0A52-3A95-AA6A-C415B7A6D2AB} = {3369D071-0A52-3A95-AA6A-C415B7A6D2AB}
		{7A10591B-8BC7-370B-99CD-12704ABE370B} = {7A10591B-8BC7-370B-99CD-12704ABE370B}
		{74EA8ED0-1F8E-3936-9628-B7538D2E7D79} = {74EA8ED0-1F8E-3936-9628-B7538D2E7D79}
	EndProjectSection
EndProject
Project("{8BC9CEB8-8B4A-11D0-8D11-00A0C91BC942}") = "SnippetContactReportCCD", "SnippetContactReportCCD.vcxproj", "{FB834EF8-04AB-32AB-8F33-54CC2DB2586B}"
	ProjectSection(ProjectDependencies) = postProject
		{F74B7B4C-A35C-32BA-947D-7B6656147449} = {F74B7B4C-A35C-32BA-947D-7B6656147449}
		{8B69FF1A-3D3D-3279-9559-422F63FF839E} = {8B69FF1A-3D3D-3279-9559-422F63FF839E}
		{66A4A21A-0A08-3671-8469-D70E403ABF21} = {66A4A21A-0A08-3671-8469-D70E403ABF21}
		{F4B05E5E-F8A1-3C33-8E86-D7BAA5812213} = {F4B05E5E-F8A1-3C33-8E86-D7BAA5812213}
		{AA913E48-371A-30D2-BEE1-F4663E0D65D9} = {AA913E48-371A-30D2-BEE1-F4663E0D65D9}
		{214D1DA1-EF27-30B2-B87C-3BD99C1A67B2} = {214D1DA1-EF27-30B2-B87C-3BD99C1A67B2}
		{36A0D976-0A8E-3B14-8239-5AF4F0A20BAA} = {36A0D976-0A8E-3B14-8239-5AF4F0A20BAA}
		{3369D071-0A52-3A95-AA6A-C415B7A6D2AB} = {3369D071-0A52-3A95-AA6A-C415B7A6D2AB}
		{7A10591B-8BC7-370B-99CD-12704ABE370B} = {7A10591B-8BC7-370B-99CD-12704ABE370B}
		{74EA8ED0-1F8E-3936-9628-B7538D2E7D79} = {74EA8ED0-1F8E-3936-9628-B7538D2E7D79}
	EndProjectSection
EndProject
Project("{8BC9CEB8-8B4A-11D0-8D11-00A0C91BC942}") = "SnippetConvert", "SnippetConvert.vcxproj", "{07A6CD29-0820-3421-BE8C-CE3652E4339D}"
	ProjectSection(ProjectDependencies) = postProject
		{F74B7B4C-A35C-32BA-947D-7B6656147449} = {F74B7B4C-A35C-32BA-947D-7B6656147449}
		{8B69FF1A-3D3D-3279-9559-422F63FF839E} = {8B69FF1A-3D3D-3279-9559-422F63FF839E}
		{66A4A21A-0A08-3671-8469-D70E403ABF21} = {66A4A21A-0A08-3671-8469-D70E403ABF21}
		{F4B05E5E-F8A1-3C33-8E86-D7BAA5812213} = {F4B05E5E-F8A1-3C33-8E86-D7BAA5812213}
		{AA913E48-371A-30D2-BEE1-F4663E0D65D9} = {AA913E48-371A-30D2-BEE1-F4663E0D65D9}
		{214D1DA1-EF27-30B2-B87C-3BD99C1A67B2} = {214D1DA1-EF27-30B2-B87C-3BD99C1A67B2}
		{36A0D976-0A8E-3B14-8239-5AF4F0A20BAA} = {36A0D976-0A8E-3B14-8239-5AF4F0A20BAA}
		{3369D071-0A52-3A95-AA6A-C415B7A6D2AB} = {3369D071-0A52-3A95-AA6A-C415B7A6D2AB}
		{7A10591B-8BC7-370B-99CD-12704ABE370B} = {7A10591B-8BC7-370B-99CD-12704ABE370B}
		{74EA8ED0-1F8E-3936-9628-B7538D2E7D79} = {74EA8ED0-1F8E-3936-9628-B7538D2E7D79}
	EndProjectSection
EndProject
Project("{8BC9CEB8-8B4A-11D0-8D11-00A0C91BC942}") = "SnippetConvexMeshCreate", "SnippetConvexMeshCreate.vcxproj", "{4E8BD5DC-EF19-3AC2-B4FC-632B12D6611F}"
	ProjectSection(ProjectDependencies) = postProject
		{F74B7B4C-A35C-32BA-947D-7B6656147449} = {F74B7B4C-A35C-32BA-947D-7B6656147449}
		{8B69FF1A-3D3D-3279-9559-422F63FF839E} = {8B69FF1A-3D3D-3279-9559-422F63FF839E}
		{66A4A21A-0A08-3671-8469-D70E403ABF21} = {66A4A21A-0A08-3671-8469-D70E403ABF21}
		{F4B05E5E-F8A1-3C33-8E86-D7BAA5812213} = {F4B05E5E-F8A1-3C33-8E86-D7BAA5812213}
		{AA913E48-371A-30D2-BEE1-F4663E0D65D9} = {AA913E48-371A-30D2-BEE1-F4663E0D65D9}
		{214D1DA1-EF27-30B2-B87C-3BD99C1A67B2} = {214D1DA1-EF27-30B2-B87C-3BD99C1A67B2}
		{36A0D976-0A8E-3B14-8239-5AF4F0A20BAA} = {36A0D976-0A8E-3B14-8239-5AF4F0A20BAA}
		{3369D071-0A52-3A95-AA6A-C415B7A6D2AB} = {3369D071-0A52-3A95-AA6A-C415B7A6D2AB}
		{7A10591B-8BC7-370B-99CD-12704ABE370B} = {7A10591B-8BC7-370B-99CD-12704ABE370B}
		{74EA8ED0-1F8E-3936-9628-B7538D2E7D79} = {74EA8ED0-1F8E-3936-9628-B7538D2E7D79}
	EndProjectSection
EndProject
Project("{8BC9CEB8-8B4A-11D0-8D11-00A0C91BC942}") = "SnippetCustomJoint", "SnippetCustomJoint.vcxproj", "{B309D9EB-C09B-3BFD-B50F-C01664F5A408}"
	ProjectSection(ProjectDependencies) = postProject
		{F74B7B4C-A35C-32BA-947D-7B6656147449} = {F74B7B4C-A35C-32BA-947D-7B6656147449}
		{8B69FF1A-3D3D-3279-9559-422F63FF839E} = {8B69FF1A-3D3D-3279-9559-422F63FF839E}
		{66A4A21A-0A08-3671-8469-D70E403ABF21} = {66A4A21A-0A08-3671-8469-D70E403ABF21}
		{F4B05E5E-F8A1-3C33-8E86-D7BAA5812213} = {F4B05E5E-F8A1-3C33-8E86-D7BAA5812213}
		{AA913E48-371A-30D2-BEE1-F4663E0D65D9} = {AA913E48-371A-30D2-BEE1-F4663E0D65D9}
		{214D1DA1-EF27-30B2-B87C-3BD99C1A67B2} = {214D1DA1-EF27-30B2-B87C-3BD99C1A67B2}
		{36A0D976-0A8E-3B14-8239-5AF4F0A20BAA} = {36A0D976-0A8E-3B14-8239-5AF4F0A20BAA}
		{3369D071-0A52-3A95-AA6A-C415B7A6D2AB} = {3369D071-0A52-3A95-AA6A-C415B7A6D2AB}
		{7A10591B-8BC7-370B-99CD-12704ABE370B} = {7A10591B-8BC7-370B-99CD-12704ABE370B}
		{74EA8ED0-1F8E-3936-9628-B7538D2E7D79} = {74EA8ED0-1F8E-3936-9628-B7538D2E7D79}
	EndProjectSection
EndProject
Project("{8BC9CEB8-8B4A-11D0-8D11-00A0C91BC942}") = "SnippetCustomProfiler", "SnippetCustomProfiler.vcxproj", "{C075BC19-EFA2-36E3-8A77-396962778FBF}"
	ProjectSection(ProjectDependencies) = postProject
		{F74B7B4C-A35C-32BA-947D-7B6656147449} = {F74B7B4C-A35C-32BA-947D-7B6656147449}
		{8B69FF1A-3D3D-3279-9559-422F63FF839E} = {8B69FF1A-3D3D-3279-9559-422F63FF839E}
		{66A4A21A-0A08-3671-8469-D70E403ABF21} = {66A4A21A-0A08-3671-8469-D70E403ABF21}
		{F4B05E5E-F8A1-3C33-8E86-D7BAA5812213} = {F4B05E5E-F8A1-3C33-8E86-D7BAA5812213}
		{AA913E48-371A-30D2-BEE1-F4663E0D65D9} = {AA913E48-371A-30D2-BEE1-F4663E0D65D9}
		{214D1DA1-EF27-30B2-B87C-3BD99C1A67B2} = {214D1DA1-EF27-30B2-B87C-3BD99C1A67B2}
		{36A0D976-0A8E-3B14-8239-5AF4F0A20BAA} = {36A0D976-0A8E-3B14-8239-5AF4F0A20BAA}
		{3369D071-0A52-3A95-AA6A-C415B7A6D2AB} = {3369D071-0A52-3A95-AA6A-C415B7A6D2AB}
		{7A10591B-8BC7-370B-99CD-12704ABE370B} = {7A10591B-8BC7-370B-99CD-12704ABE370B}
		{74EA8ED0-1F8E-3936-9628-B7538D2E7D79} = {74EA8ED0-1F8E-3936-9628-B7538D2E7D79}
	EndProjectSection
EndProject
Project("{8BC9CEB8-8B4A-11D0-8D11-00A0C91BC942}") = "SnippetDeformableMesh", "SnippetDeformableMesh.vcxproj", "{F43D1557-634E-330F-9CC4-29C6BD5DBBC3}"
	ProjectSection(ProjectDependencies) = postProject
		{F74B7B4C-A35C-32BA-947D-7B6656147449} = {F74B7B4C-A35C-32BA-947D-7B6656147449}
		{8B69FF1A-3D3D-3279-9559-422F63FF839E} = {8B69FF1A-3D3D-3279-9559-422F63FF839E}
		{66A4A21A-0A08-3671-8469-D70E403ABF21} = {66A4A21A-0A08-3671-8469-D70E403ABF21}
		{F4B05E5E-F8A1-3C33-8E86-D7BAA5812213} = {F4B05E5E-F8A1-3C33-8E86-D7BAA5812213}
		{AA913E48-371A-30D2-BEE1-F4663E0D65D9} = {AA913E48-371A-30D2-BEE1-F4663E0D65D9}
		{214D1DA1-EF27-30B2-B87C-3BD99C1A67B2} = {214D1DA1-EF27-30B2-B87C-3BD99C1A67B2}
		{36A0D976-0A8E-3B14-8239-5AF4F0A20BAA} = {36A0D976-0A8E-3B14-8239-5AF4F0A20BAA}
		{3369D071-0A52-3A95-AA6A-C415B7A6D2AB} = {3369D071-0A52-3A95-AA6A-C415B7A6D2AB}
		{7A10591B-8BC7-370B-99CD-12704ABE370B} = {7A10591B-8BC7-370B-99CD-12704ABE370B}
		{74EA8ED0-1F8E-3936-9628-B7538D2E7D79} = {74EA8ED0-1F8E-3936-9628-B7538D2E7D79}
	EndProjectSection
EndProject
Project("{8BC9CEB8-8B4A-11D0-8D11-00A0C91BC942}") = "SnippetDelayLoadHook", "SnippetDelayLoadHook.vcxproj", "{83F34875-546E-34D2-8AE0-B5A6994014A1}"
	ProjectSection(ProjectDependencies) = postProject
		{F74B7B4C-A35C-32BA-947D-7B6656147449} = {F74B7B4C-A35C-32BA-947D-7B6656147449}
		{8B69FF1A-3D3D-3279-9559-422F63FF839E} = {8B69FF1A-3D3D-3279-9559-422F63FF839E}
		{66A4A21A-0A08-3671-8469-D70E403ABF21} = {66A4A21A-0A08-3671-8469-D70E403ABF21}
		{F4B05E5E-F8A1-3C33-8E86-D7BAA5812213} = {F4B05E5E-F8A1-3C33-8E86-D7BAA5812213}
		{AA913E48-371A-30D2-BEE1-F4663E0D65D9} = {AA913E48-371A-30D2-BEE1-F4663E0D65D9}
		{214D1DA1-EF27-30B2-B87C-3BD99C1A67B2} = {214D1DA1-EF27-30B2-B87C-3BD99C1A67B2}
		{36A0D976-0A8E-3B14-8239-5AF4F0A20BAA} = {36A0D976-0A8E-3B14-8239-5AF4F0A20BAA}
		{3369D071-0A52-3A95-AA6A-C415B7A6D2AB} = {3369D071-0A52-3A95-AA6A-C415B7A6D2AB}
		{7A10591B-8BC7-370B-99CD-12704ABE370B} = {7A10591B-8BC7-370B-99CD-12704ABE370B}
		{74EA8ED0-1F8E-3936-9628-B7538D2E7D79} = {74EA8ED0-1F8E-3936-9628-B7538D2E7D79}
	EndProjectSection
EndProject
Project("{8BC9CEB8-8B4A-11D0-8D11-00A0C91BC942}") = "SnippetHelloGRB", "SnippetHelloGRB.vcxproj", "{02DA0BAA-E8F9-3CAD-9C6C-08A0D7207868}"
	ProjectSection(ProjectDependencies) = postProject
		{F74B7B4C-A35C-32BA-947D-7B6656147449} = {F74B7B4C-A35C-32BA-947D-7B6656147449}
		{8B69FF1A-3D3D-3279-9559-422F63FF839E} = {8B69FF1A-3D3D-3279-9559-422F63FF839E}
		{66A4A21A-0A08-3671-8469-D70E403ABF21} = {66A4A21A-0A08-3671-8469-D70E403ABF21}
		{F4B05E5E-F8A1-3C33-8E86-D7BAA5812213} = {F4B05E5E-F8A1-3C33-8E86-D7BAA5812213}
		{AA913E48-371A-30D2-BEE1-F4663E0D65D9} = {AA913E48-371A-30D2-BEE1-F4663E0D65D9}
		{214D1DA1-EF27-30B2-B87C-3BD99C1A67B2} = {214D1DA1-EF27-30B2-B87C-3BD99C1A67B2}
		{36A0D976-0A8E-3B14-8239-5AF4F0A20BAA} = {36A0D976-0A8E-3B14-8239-5AF4F0A20BAA}
		{3369D071-0A52-3A95-AA6A-C415B7A6D2AB} = {3369D071-0A52-3A95-AA6A-C415B7A6D2AB}
		{7A10591B-8BC7-370B-99CD-12704ABE370B} = {7A10591B-8BC7-370B-99CD-12704ABE370B}
		{74EA8ED0-1F8E-3936-9628-B7538D2E7D79} = {74EA8ED0-1F8E-3936-9628-B7538D2E7D79}
	EndProjectSection
EndProject
Project("{8BC9CEB8-8B4A-11D0-8D11-00A0C91BC942}") = "SnippetHelloWorld", "SnippetHelloWorld.vcxproj", "{2115F461-248D-37AA-A4EF-C813D03B7D8A}"
	ProjectSection(ProjectDependencies) = postProject
		{F74B7B4C-A35C-32BA-947D-7B6656147449} = {F74B7B4C-A35C-32BA-947D-7B6656147449}
		{8B69FF1A-3D3D-3279-9559-422F63FF839E} = {8B69FF1A-3D3D-3279-9559-422F63FF839E}
		{66A4A21A-0A08-3671-8469-D70E403ABF21} = {66A4A21A-0A08-3671-8469-D70E403ABF21}
		{F4B05E5E-F8A1-3C33-8E86-D7BAA5812213} = {F4B05E5E-F8A1-3C33-8E86-D7BAA5812213}
		{AA913E48-371A-30D2-BEE1-F4663E0D65D9} = {AA913E48-371A-30D2-BEE1-F4663E0D65D9}
		{214D1DA1-EF27-30B2-B87C-3BD99C1A67B2} = {214D1DA1-EF27-30B2-B87C-3BD99C1A67B2}
		{36A0D976-0A8E-3B14-8239-5AF4F0A20BAA} = {36A0D976-0A8E-3B14-8239-5AF4F0A20BAA}
		{3369D071-0A52-3A95-AA6A-C415B7A6D2AB} = {3369D071-0A52-3A95-AA6A-C415B7A6D2AB}
		{7A10591B-8BC7-370B-99CD-12704ABE370B} = {7A10591B-8BC7-370B-99CD-12704ABE370B}
		{74EA8ED0-1F8E-3936-9628-B7538D2E7D79} = {74EA8ED0-1F8E-3936-9628-B7538D2E7D79}
	EndProjectSection
EndProject
Project("{8BC9CEB8-8B4A-11D0-8D11-00A0C91BC942}") = "SnippetImmediateArticulation", "SnippetImmediateArticulation.vcxproj", "{F2916547-1E5B-3CB7-9A83-CC7EB19F8837}"
	ProjectSection(ProjectDependencies) = postProject
		{F74B7B4C-A35C-32BA-947D-7B6656147449} = {F74B7B4C-A35C-32BA-947D-7B6656147449}
		{8B69FF1A-3D3D-3279-9559-422F63FF839E} = {8B69FF1A-3D3D-3279-9559-422F63FF839E}
		{66A4A21A-0A08-3671-8469-D70E403ABF21} = {66A4A21A-0A08-3671-8469-D70E403ABF21}
		{F4B05E5E-F8A1-3C33-8E86-D7BAA5812213} = {F4B05E5E-F8A1-3C33-8E86-D7BAA5812213}
		{AA913E48-371A-30D2-BEE1-F4663E0D65D9} = {AA913E48-371A-30D2-BEE1-F4663E0D65D9}
		{214D1DA1-EF27-30B2-B87C-3BD99C1A67B2} = {214D1DA1-EF27-30B2-B87C-3BD99C1A67B2}
		{36A0D976-0A8E-3B14-8239-5AF4F0A20BAA} = {36A0D976-0A8E-3B14-8239-5AF4F0A20BAA}
		{3369D071-0A52-3A95-AA6A-C415B7A6D2AB} = {3369D071-0A52-3A95-AA6A-C415B7A6D2AB}
		{7A10591B-8BC7-370B-99CD-12704ABE370B} = {7A10591B-8BC7-370B-99CD-12704ABE370B}
		{74EA8ED0-1F8E-3936-9628-B7538D2E7D79} = {74EA8ED0-1F8E-3936-9628-B7538D2E7D79}
	EndProjectSection
EndProject
Project("{8BC9CEB8-8B4A-11D0-8D11-00A0C91BC942}") = "SnippetImmediateMode", "SnippetImmediateMode.vcxproj", "{E756E195-FD4E-36BD-A754-0FD7EA8BD0BF}"
	ProjectSection(ProjectDependencies) = postProject
		{F74B7B4C-A35C-32BA-947D-7B6656147449} = {F74B7B4C-A35C-32BA-947D-7B6656147449}
		{8B69FF1A-3D3D-3279-9559-422F63FF839E} = {8B69FF1A-3D3D-3279-9559-422F63FF839E}
		{66A4A21A-0A08-3671-8469-D70E403ABF21} = {66A4A21A-0A08-3671-8469-D70E403ABF21}
		{F4B05E5E-F8A1-3C33-8E86-D7BAA5812213} = {F4B05E5E-F8A1-3C33-8E86-D7BAA5812213}
		{AA913E48-371A-30D2-BEE1-F4663E0D65D9} = {AA913E48-371A-30D2-BEE1-F4663E0D65D9}
		{214D1DA1-EF27-30B2-B87C-3BD99C1A67B2} = {214D1DA1-EF27-30B2-B87C-3BD99C1A67B2}
		{36A0D976-0A8E-3B14-8239-5AF4F0A20BAA} = {36A0D976-0A8E-3B14-8239-5AF4F0A20BAA}
		{3369D071-0A52-3A95-AA6A-C415B7A6D2AB} = {3369D071-0A52-3A95-AA6A-C415B7A6D2AB}
		{7A10591B-8BC7-370B-99CD-12704ABE370B} = {7A10591B-8BC7-370B-99CD-12704ABE370B}
		{74EA8ED0-1F8E-3936-9628-B7538D2E7D79} = {74EA8ED0-1F8E-3936-9628-B7538D2E7D79}
	EndProjectSection
EndProject
Project("{8BC9CEB8-8B4A-11D0-8D11-00A0C91BC942}") = "SnippetJoint", "SnippetJoint.vcxproj", "{28687A2C-020A-3033-BDDF-ACC406A353BF}"
	ProjectSection(ProjectDependencies) = postProject
		{F74B7B4C-A35C-32BA-947D-7B6656147449} = {F74B7B4C-A35C-32BA-947D-7B6656147449}
		{8B69FF1A-3D3D-3279-9559-422F63FF839E} = {8B69FF1A-3D3D-3279-9559-422F63FF839E}
		{66A4A21A-0A08-3671-8469-D70E403ABF21} = {66A4A21A-0A08-3671-8469-D70E403ABF21}
		{F4B05E5E-F8A1-3C33-8E86-D7BAA5812213} = {F4B05E5E-F8A1-3C33-8E86-D7BAA5812213}
		{AA913E48-371A-30D2-BEE1-F4663E0D65D9} = {AA913E48-371A-30D2-BEE1-F4663E0D65D9}
		{214D1DA1-EF27-30B2-B87C-3BD99C1A67B2} = {214D1DA1-EF27-30B2-B87C-3BD99C1A67B2}
		{36A0D976-0A8E-3B14-8239-5AF4F0A20BAA} = {36A0D976-0A8E-3B14-8239-5AF4F0A20BAA}
		{3369D071-0A52-3A95-AA6A-C415B7A6D2AB} = {3369D071-0A52-3A95-AA6A-C415B7A6D2AB}
		{7A10591B-8BC7-370B-99CD-12704ABE370B} = {7A10591B-8BC7-370B-99CD-12704ABE370B}
		{74EA8ED0-1F8E-3936-9628-B7538D2E7D79} = {74EA8ED0-1F8E-3936-9628-B7538D2E7D79}
	EndProjectSection
EndProject
Project("{8BC9CEB8-8B4A-11D0-8D11-00A0C91BC942}") = "SnippetLoadCollection", "SnippetLoadCollection.vcxproj", "{EC1746D6-9CE3-32B9-8291-5F06C772DB56}"
	ProjectSection(ProjectDependencies) = postProject
		{F74B7B4C-A35C-32BA-947D-7B6656147449} = {F74B7B4C-A35C-32BA-947D-7B6656147449}
		{8B69FF1A-3D3D-3279-9559-422F63FF839E} = {8B69FF1A-3D3D-3279-9559-422F63FF839E}
		{66A4A21A-0A08-3671-8469-D70E403ABF21} = {66A4A21A-0A08-3671-8469-D70E403ABF21}
		{F4B05E5E-F8A1-3C33-8E86-D7BAA5812213} = {F4B05E5E-F8A1-3C33-8E86-D7BAA5812213}
		{AA913E48-371A-30D2-BEE1-F4663E0D65D9} = {AA913E48-371A-30D2-BEE1-F4663E0D65D9}
		{214D1DA1-EF27-30B2-B87C-3BD99C1A67B2} = {214D1DA1-EF27-30B2-B87C-3BD99C1A67B2}
		{36A0D976-0A8E-3B14-8239-5AF4F0A20BAA} = {36A0D976-0A8E-3B14-8239-5AF4F0A20BAA}
		{3369D071-0A52-3A95-AA6A-C415B7A6D2AB} = {3369D071-0A52-3A95-AA6A-C415B7A6D2AB}
		{7A10591B-8BC7-370B-99CD-12704ABE370B} = {7A10591B-8BC7-370B-99CD-12704ABE370B}
		{74EA8ED0-1F8E-3936-9628-B7538D2E7D79} = {74EA8ED0-1F8E-3936-9628-B7538D2E7D79}
	EndProjectSection
EndProject
Project("{8BC9CEB8-8B4A-11D0-8D11-00A0C91BC942}") = "SnippetMBP", "SnippetMBP.vcxproj", "{25CCAD08-5F0D-39BC-AC92-6652D4369B4B}"
	ProjectSection(ProjectDependencies) = postProject
		{F74B7B4C-A35C-32BA-947D-7B6656147449} = {F74B7B4C-A35C-32BA-947D-7B6656147449}
		{8B69FF1A-3D3D-3279-9559-422F63FF839E} = {8B69FF1A-3D3D-3279-9559-422F63FF839E}
		{66A4A21A-0A08-3671-8469-D70E403ABF21} = {66A4A21A-0A08-3671-8469-D70E403ABF21}
		{F4B05E5E-F8A1-3C33-8E86-D7BAA5812213} = {F4B05E5E-F8A1-3C33-8E86-D7BAA5812213}
		{AA913E48-371A-30D2-BEE1-F4663E0D65D9} = {AA913E48-371A-30D2-BEE1-F4663E0D65D9}
		{214D1DA1-EF27-30B2-B87C-3BD99C1A67B2} = {214D1DA1-EF27-30B2-B87C-3BD99C1A67B2}
		{36A0D976-0A8E-3B14-8239-5AF4F0A20BAA} = {36A0D976-0A8E-3B14-8239-5AF4F0A20BAA}
		{3369D071-0A52-3A95-AA6A-C415B7A6D2AB} = {3369D071-0A52-3A95-AA6A-C415B7A6D2AB}
		{7A10591B-8BC7-370B-99CD-12704ABE370B} = {7A10591B-8BC7-370B-99CD-12704ABE370B}
		{74EA8ED0-1F8E-3936-9628-B7538D2E7D79} = {74EA8ED0-1F8E-3936-9628-B7538D2E7D79}
	EndProjectSection
EndProject
Project("{8BC9CEB8-8B4A-11D0-8D11-00A0C91BC942}") = "SnippetMultiThreading", "SnippetMultiThreading.vcxproj", "{7DF0161D-690F-3911-A9D5-D3602BFDBA07}"
	ProjectSection(ProjectDependencies) = postProject
		{F74B7B4C-A35C-32BA-947D-7B6656147449} = {F74B7B4C-A35C-32BA-947D-7B6656147449}
		{8B69FF1A-3D3D-3279-9559-422F63FF839E} = {8B69FF1A-3D3D-3279-9559-422F63FF839E}
		{66A4A21A-0A08-3671-8469-D70E403ABF21} = {66A4A21A-0A08-3671-8469-D70E403ABF21}
		{F4B05E5E-F8A1-3C33-8E86-D7BAA5812213} = {F4B05E5E-F8A1-3C33-8E86-D7BAA5812213}
		{AA913E48-371A-30D2-BEE1-F4663E0D65D9} = {AA913E48-371A-30D2-BEE1-F4663E0D65D9}
		{214D1DA1-EF27-30B2-B87C-3BD99C1A67B2} = {214D1DA1-EF27-30B2-B87C-3BD99C1A67B2}
		{36A0D976-0A8E-3B14-8239-5AF4F0A20BAA} = {36A0D976-0A8E-3B14-8239-5AF4F0A20BAA}
		{3369D071-0A52-3A95-AA6A-C415B7A6D2AB} = {3369D071-0A52-3A95-AA6A-C415B7A6D2AB}
		{7A10591B-8BC7-370B-99CD-12704ABE370B} = {7A10591B-8BC7-370B-99CD-12704ABE370B}
		{74EA8ED0-1F8E-3936-9628-B7538D2E7D79} = {74EA8ED0-1F8E-3936-9628-B7538D2E7D79}
	EndProjectSection
EndProject
Project("{8BC9CEB8-8B4A-11D0-8D11-00A0C91BC942}") = "SnippetNestedScene", "SnippetNestedScene.vcxproj", "{B2E167C1-BB38-330B-8665-280A91519962}"
	ProjectSection(ProjectDependencies) = postProject
		{F74B7B4C-A35C-32BA-947D-7B6656147449} = {F74B7B4C-A35C-32BA-947D-7B6656147449}
		{8B69FF1A-3D3D-3279-9559-422F63FF839E} = {8B69FF1A-3D3D-3279-9559-422F63FF839E}
		{66A4A21A-0A08-3671-8469-D70E403ABF21} = {66A4A21A-0A08-3671-8469-D70E403ABF21}
		{F4B05E5E-F8A1-3C33-8E86-D7BAA5812213} = {F4B05E5E-F8A1-3C33-8E86-D7BAA5812213}
		{AA913E48-371A-30D2-BEE1-F4663E0D65D9} = {AA913E48-371A-30D2-BEE1-F4663E0D65D9}
		{214D1DA1-EF27-30B2-B87C-3BD99C1A67B2} = {214D1DA1-EF27-30B2-B87C-3BD99C1A67B2}
		{36A0D976-0A8E-3B14-8239-5AF4F0A20BAA} = {36A0D976-0A8E-3B14-8239-5AF4F0A20BAA}
		{F3F77744-2568-3333-B747-0B1DEBAA0F5A} = {F3F77744-2568-3333-B747-0B1DEBAA0F5A}
		{3369D071-0A52-3A95-AA6A-C415B7A6D2AB} = {3369D071-0A52-3A95-AA6A-C415B7A6D2AB}
		{7A10591B-8BC7-370B-99CD-12704ABE370B} = {7A10591B-8BC7-370B-99CD-12704ABE370B}
		{74EA8ED0-1F8E-3936-9628-B7538D2E7D79} = {74EA8ED0-1F8E-3936-9628-B7538D2E7D79}
	EndProjectSection
EndProject
Project("{8BC9CEB8-8B4A-11D0-8D11-00A0C91BC942}") = "SnippetPrunerSerialization", "SnippetPrunerSerialization.vcxproj", "{92BCB13F-816D-3B61-933C-D475A4665485}"
	ProjectSection(ProjectDependencies) = postProject
		{F74B7B4C-A35C-32BA-947D-7B6656147449} = {F74B7B4C-A35C-32BA-947D-7B6656147449}
		{8B69FF1A-3D3D-3279-9559-422F63FF839E} = {8B69FF1A-3D3D-3279-9559-422F63FF839E}
		{66A4A21A-0A08-3671-8469-D70E403ABF21} = {66A4A21A-0A08-3671-8469-D70E403ABF21}
		{F4B05E5E-F8A1-3C33-8E86-D7BAA5812213} = {F4B05E5E-F8A1-3C33-8E86-D7BAA5812213}
		{AA913E48-371A-30D2-BEE1-F4663E0D65D9} = {AA913E48-371A-30D2-BEE1-F4663E0D65D9}
		{214D1DA1-EF27-30B2-B87C-3BD99C1A67B2} = {214D1DA1-EF27-30B2-B87C-3BD99C1A67B2}
		{36A0D976-0A8E-3B14-8239-5AF4F0A20BAA} = {36A0D976-0A8E-3B14-8239-5AF4F0A20BAA}
		{3369D071-0A52-3A95-AA6A-C415B7A6D2AB} = {3369D071-0A52-3A95-AA6A-C415B7A6D2AB}
		{7A10591B-8BC7-370B-99CD-12704ABE370B} = {7A10591B-8BC7-370B-99CD-12704ABE370B}
		{74EA8ED0-1F8E-3936-9628-B7538D2E7D79} = {74EA8ED0-1F8E-3936-9628-B7538D2E7D79}
	EndProjectSection
EndProject
Project("{8BC9CEB8-8B4A-11D0-8D11-00A0C91BC942}") = "SnippetRaycastCCD", "SnippetRaycastCCD.vcxproj", "{00878985-3D83-318F-AD86-693DC64ECC50}"
	ProjectSection(ProjectDependencies) = postProject
		{F74B7B4C-A35C-32BA-947D-7B6656147449} = {F74B7B4C-A35C-32BA-947D-7B6656147449}
		{8B69FF1A-3D3D-3279-9559-422F63FF839E} = {8B69FF1A-3D3D-3279-9559-422F63FF839E}
		{66A4A21A-0A08-3671-8469-D70E403ABF21} = {66A4A21A-0A08-3671-8469-D70E403ABF21}
		{F4B05E5E-F8A1-3C33-8E86-D7BAA5812213} = {F4B05E5E-F8A1-3C33-8E86-D7BAA5812213}
		{AA913E48-371A-30D2-BEE1-F4663E0D65D9} = {AA913E48-371A-30D2-BEE1-F4663E0D65D9}
		{214D1DA1-EF27-30B2-B87C-3BD99C1A67B2} = {214D1DA1-EF27-30B2-B87C-3BD99C1A67B2}
		{36A0D976-0A8E-3B14-8239-5AF4F0A20BAA} = {36A0D976-0A8E-3B14-8239-5AF4F0A20BAA}
		{3369D071-0A52-3A95-AA6A-C415B7A6D2AB} = {3369D071-0A52-3A95-AA6A-C415B7A6D2AB}
		{7A10591B-8BC7-370B-99CD-12704ABE370B} = {7A10591B-8BC7-370B-99CD-12704ABE370B}
		{74EA8ED0-1F8E-3936-9628-B7538D2E7D79} = {74EA8ED0-1F8E-3936-9628-B7538D2E7D79}
	EndProjectSection
EndProject
Project("{8BC9CEB8-8B4A-11D0-8D11-00A0C91BC942}") = "SnippetRender", "SnippetRender.vcxproj", "{7A10591B-8BC7-370B-99CD-12704ABE370B}"
	ProjectSection(ProjectDependencies) = postProject
		{214D1DA1-EF27-30B2-B87C-3BD99C1A67B2} = {214D1DA1-EF27-30B2-B87C-3BD99C1A67B2}
	EndProjectSection
EndProject
Project("{8BC9CEB8-8B4A-11D0-8D11-00A0C91BC942}") = "SnippetSerialization", "SnippetSerialization.vcxproj", "{AFC803E8-C293-3DF9-92F9-4090BEAAE2A7}"
	ProjectSection(ProjectDependencies) = postProject
		{F74B7B4C-A35C-32BA-947D-7B6656147449} = {F74B7B4C-A35C-32BA-947D-7B6656147449}
		{8B69FF1A-3D3D-3279-9559-422F63FF839E} = {8B69FF1A-3D3D-3279-9559-422F63FF839E}
		{66A4A21A-0A08-3671-8469-D70E403ABF21} = {66A4A21A-0A08-3671-8469-D70E403ABF21}
		{F4B05E5E-F8A1-3C33-8E86-D7BAA5812213} = {F4B05E5E-F8A1-3C33-8E86-D7BAA5812213}
		{AA913E48-371A-30D2-BEE1-F4663E0D65D9} = {AA913E48-371A-30D2-BEE1-F4663E0D65D9}
		{214D1DA1-EF27-30B2-B87C-3BD99C1A67B2} = {214D1DA1-EF27-30B2-B87C-3BD99C1A67B2}
		{36A0D976-0A8E-3B14-8239-5AF4F0A20BAA} = {36A0D976-0A8E-3B14-8239-5AF4F0A20BAA}
		{3369D071-0A52-3A95-AA6A-C415B7A6D2AB} = {3369D071-0A52-3A95-AA6A-C415B7A6D2AB}
		{7A10591B-8BC7-370B-99CD-12704ABE370B} = {7A10591B-8BC7-370B-99CD-12704ABE370B}
		{74EA8ED0-1F8E-3936-9628-B7538D2E7D79} = {74EA8ED0-1F8E-3936-9628-B7538D2E7D79}
	EndProjectSection
EndProject
Project("{8BC9CEB8-8B4A-11D0-8D11-00A0C91BC942}") = "SnippetSplitFetchResults", "SnippetSplitFetchResults.vcxproj", "{5B180293-D33B-3C8A-9DCF-D8A282F2AD04}"
	ProjectSection(ProjectDependencies) = postProject
		{F74B7B4C-A35C-32BA-947D-7B6656147449} = {F74B7B4C-A35C-32BA-947D-7B6656147449}
		{8B69FF1A-3D3D-3279-9559-422F63FF839E} = {8B69FF1A-3D3D-3279-9559-422F63FF839E}
		{66A4A21A-0A08-3671-8469-D70E403ABF21} = {66A4A21A-0A08-3671-8469-D70E403ABF21}
		{F4B05E5E-F8A1-3C33-8E86-D7BAA5812213} = {F4B05E5E-F8A1-3C33-8E86-D7BAA5812213}
		{AA913E48-371A-30D2-BEE1-F4663E0D65D9} = {AA913E48-371A-30D2-BEE1-F4663E0D65D9}
		{214D1DA1-EF27-30B2-B87C-3BD99C1A67B2} = {214D1DA1-EF27-30B2-B87C-3BD99C1A67B2}
		{36A0D976-0A8E-3B14-8239-5AF4F0A20BAA} = {36A0D976-0A8E-3B14-8239-5AF4F0A20BAA}
		{3369D071-0A52-3A95-AA6A-C415B7A6D2AB} = {3369D071-0A52-3A95-AA6A-C415B7A6D2AB}
		{7A10591B-8BC7-370B-99CD-12704ABE370B} = {7A10591B-8BC7-370B-99CD-12704ABE370B}
		{74EA8ED0-1F8E-3936-9628-B7538D2E7D79} = {74EA8ED0-1F8E-3936-9628-B7538D2E7D79}
	EndProjectSection
EndProject
Project("{8BC9CEB8-8B4A-11D0-8D11-00A0C91BC942}") = "SnippetSplitSim", "SnippetSplitSim.vcxproj", "{BDB4C753-3D22-3430-849D-961F5B79FD81}"
	ProjectSection(ProjectDependencies) = postProject
		{F74B7B4C-A35C-32BA-947D-7B6656147449} = {F74B7B4C-A35C-32BA-947D-7B6656147449}
		{8B69FF1A-3D3D-3279-9559-422F63FF839E} = {8B69FF1A-3D3D-3279-9559-422F63FF839E}
		{66A4A21A-0A08-3671-8469-D70E403ABF21} = {66A4A21A-0A08-3671-8469-D70E403ABF21}
		{F4B05E5E-F8A1-3C33-8E86-D7BAA5812213} = {F4B05E5E-F8A1-3C33-8E86-D7BAA5812213}
		{AA913E48-371A-30D2-BEE1-F4663E0D65D9} = {AA913E48-371A-30D2-BEE1-F4663E0D65D9}
		{214D1DA1-EF27-30B2-B87C-3BD99C1A67B2} = {214D1DA1-EF27-30B2-B87C-3BD99C1A67B2}
		{36A0D976-0A8E-3B14-8239-5AF4F0A20BAA} = {36A0D976-0A8E-3B14-8239-5AF4F0A20BAA}
		{3369D071-0A52-3A95-AA6A-C415B7A6D2AB} = {3369D071-0A52-3A95-AA6A-C415B7A6D2AB}
		{7A10591B-8BC7-370B-99CD-12704ABE370B} = {7A10591B-8BC7-370B-99CD-12704ABE370B}
		{74EA8ED0-1F8E-3936-9628-B7538D2E7D79} = {74EA8ED0-1F8E-3936-9628-B7538D2E7D79}
	EndProjectSection
EndProject
Project("{8BC9CEB8-8B4A-11D0-8D11-00A0C91BC942}") = "SnippetStepper", "SnippetStepper.vcxproj", "{4790D912-E2A3-36CF-A3AE-0D0E697F1264}"
	ProjectSection(ProjectDependencies) = postProject
		{F74B7B4C-A35C-32BA-947D-7B6656147449} = {F74B7B4C-A35C-32BA-947D-7B6656147449}
		{8B69FF1A-3D3D-3279-9559-422F63FF839E} = {8B69FF1A-3D3D-3279-9559-422F63FF839E}
		{66A4A21A-0A08-3671-8469-D70E403ABF21} = {66A4A21A-0A08-3671-8469-D70E403ABF21}
		{F4B05E5E-F8A1-3C33-8E86-D7BAA5812213} = {F4B05E5E-F8A1-3C33-8E86-D7BAA5812213}
		{AA913E48-371A-30D2-BEE1-F4663E0D65D9} = {AA913E48-371A-30D2-BEE1-F4663E0D65D9}
		{214D1DA1-EF27-30B2-B87C-3BD99C1A67B2} = {214D1DA1-EF27-30B2-B87C-3BD99C1A67B2}
		{36A0D976-0A8E-3B14-8239-5AF4F0A20BAA} = {36A0D976-0A8E-3B14-8239-5AF4F0A20BAA}
		{3369D071-0A52-3A95-AA6A-C415B7A6D2AB} = {3369D071-0A52-3A95-AA6A-C415B7A6D2AB}
		{7A10591B-8BC7-370B-99CD-12704ABE370B} = {7A10591B-8BC7-370B-99CD-12704ABE370B}
		{74EA8ED0-1F8E-3936-9628-B7538D2E7D79} = {74EA8ED0-1F8E-3936-9628-B7538D2E7D79}
	EndProjectSection
EndProject
Project("{8BC9CEB8-8B4A-11D0-8D11-00A0C91BC942}") = "SnippetToleranceScale", "SnippetToleranceScale.vcxproj", "{3E59C70E-3EFF-358B-AF86-86BE8745109C}"
	ProjectSection(ProjectDependencies) = postProject
		{F74B7B4C-A35C-32BA-947D-7B6656147449} = {F74B7B4C-A35C-32BA-947D-7B6656147449}
		{8B69FF1A-3D3D-3279-9559-422F63FF839E} = {8B69FF1A-3D3D-3279-9559-422F63FF839E}
		{66A4A21A-0A08-3671-8469-D70E403ABF21} = {66A4A21A-0A08-3671-8469-D70E403ABF21}
		{F4B05E5E-F8A1-3C33-8E86-D7BAA5812213} = {F4B05E5E-F8A1-3C33-8E86-D7BAA5812213}
		{AA913E48-371A-30D2-BEE1-F4663E0D65D9} = {AA913E48-371A-30D2-BEE1-F4663E0D65D9}
		{214D1DA1-EF27-30B2-B87C-3BD99C1A67B2} = {214D1DA1-EF27-30B2-B87C-3BD99C1A67B2}
		{36A0D976-0A8E-3B14-8239-5AF4F0A20BAA} = {36A0D976-0A8E-3B14-8239-5AF4F0A20BAA}
		{3369D071-0A52-3A95-AA6A-C415B7A6D2AB} = {3369D071-0A52-3A95-AA6A-C415B7A6D2AB}
		{7A10591B-8BC7-370B-99CD-12704ABE370B} = {7A10591B-8BC7-370B-99CD-12704ABE370B}
		{74EA8ED0-1F8E-3936-9628-B7538D2E7D79} = {74EA8ED0-1F8E-3936-9628-B7538D2E7D79}
	EndProjectSection
EndProject
Project("{8BC9CEB8-8B4A-11D0-8D11-00A0C91BC942}") = "SnippetTriangleMeshCreate", "SnippetTriangleMeshCreate.vcxproj", "{600337A8-EB88-3DEC-811F-6983404CD3EE}"
	ProjectSection(ProjectDependencies) = postProject
		{F74B7B4C-A35C-32BA-947D-7B6656147449} = {F74B7B4C-A35C-32BA-947D-7B6656147449}
		{8B69FF1A-3D3D-3279-9559-422F63FF839E} = {8B69FF1A-3D3D-3279-9559-422F63FF839E}
		{66A4A21A-0A08-3671-8469-D70E403ABF21} = {66A4A21A-0A08-3671-8469-D70E403ABF21}
		{F4B05E5E-F8A1-3C33-8E86-D7BAA5812213} = {F4B05E5E-F8A1-3C33-8E86-D7BAA5812213}
		{AA913E48-371A-30D2-BEE1-F4663E0D65D9} = {AA913E48-371A-30D2-BEE1-F4663E0D65D9}
		{214D1DA1-EF27-30B2-B87C-3BD99C1A67B2} = {214D1DA1-EF27-30B2-B87C-3BD99C1A67B2}
		{36A0D976-0A8E-3B14-8239-5AF4F0A20BAA} = {36A0D976-0A8E-3B14-8239-5AF4F0A20BAA}
		{3369D071-0A52-3A95-AA6A-C415B7A6D2AB} = {3369D071-0A52-3A95-AA6A-C415B7A6D2AB}
		{7A10591B-8BC7-370B-99CD-12704ABE370B} = {7A10591B-8BC7-370B-99CD-12704ABE370B}
		{74EA8ED0-1F8E-3936-9628-B7538D2E7D79} = {74EA8ED0-1F8E-3936-9628-B7538D2E7D79}
	EndProjectSection
EndProject
Project("{8BC9CEB8-8B4A-11D0-8D11-00A0C91BC942}") = "SnippetTriggers", "SnippetTriggers.vcxproj", "{DA5C7AF9-3676-3EBD-A3CF-8647464F3C39}"
	ProjectSection(ProjectDependencies) = postProject
		{F74B7B4C-A35C-32BA-947D-7B6656147449} = {F74B7B4C-A35C-32BA-947D-7B6656147449}
		{8B69FF1A-3D3D-3279-9559-422F63FF839E} = {8B69FF1A-3D3D-3279-9559-422F63FF839E}
		{66A4A21A-0A08-3671-8469-D70E403ABF21} = {66A4A21A-0A08-3671-8469-D70E403ABF21}
		{F4B05E5E-F8A1-3C33-8E86-D7BAA5812213} = {F4B05E5E-F8A1-3C33-8E86-D7BAA5812213}
		{AA913E48-371A-30D2-BEE1-F4663E0D65D9} = {AA913E48-371A-30D2-BEE1-F4663E0D65D9}
		{214D1DA1-EF27-30B2-B87C-3BD99C1A67B2} = {214D1DA1-EF27-30B2-B87C-3BD99C1A67B2}
		{36A0D976-0A8E-3B14-8239-5AF4F0A20BAA} = {36A0D976-0A8E-3B14-8239-5AF4F0A20BAA}
		{3369D071-0A52-3A95-AA6A-C415B7A6D2AB} = {3369D071-0A52-3A95-AA6A-C415B7A6D2AB}
		{7A10591B-8BC7-370B-99CD-12704ABE370B} = {7A10591B-8BC7-370B-99CD-12704ABE370B}
		{74EA8ED0-1F8E-3936-9628-B7538D2E7D79} = {74EA8ED0-1F8E-3936-9628-B7538D2E7D79}
	EndProjectSection
EndProject
Project("{8BC9CEB8-8B4A-11D0-8D11-00A0C91BC942}") = "SnippetUtils", "SnippetUtils.vcxproj", "{74EA8ED0-1F8E-3936-9628-B7538D2E7D79}"
	ProjectSection(ProjectDependencies) = postProject
		{214D1DA1-EF27-30B2-B87C-3BD99C1A67B2} = {214D1DA1-EF27-30B2-B87C-3BD99C1A67B2}
	EndProjectSection
EndProject
Project("{8BC9CEB8-8B4A-11D0-8D11-00A0C91BC942}") = "SnippetVehicle4W", "SnippetVehicle4W.vcxproj", "{AB8FAE4D-2A26-3B81-9A59-34D6CD3F0A5F}"
	ProjectSection(ProjectDependencies) = postProject
		{F74B7B4C-A35C-32BA-947D-7B6656147449} = {F74B7B4C-A35C-32BA-947D-7B6656147449}
		{8B69FF1A-3D3D-3279-9559-422F63FF839E} = {8B69FF1A-3D3D-3279-9559-422F63FF839E}
		{66A4A21A-0A08-3671-8469-D70E403ABF21} = {66A4A21A-0A08-3671-8469-D70E403ABF21}
		{F4B05E5E-F8A1-3C33-8E86-D7BAA5812213} = {F4B05E5E-F8A1-3C33-8E86-D7BAA5812213}
		{AA913E48-371A-30D2-BEE1-F4663E0D65D9} = {AA913E48-371A-30D2-BEE1-F4663E0D65D9}
		{214D1DA1-EF27-30B2-B87C-3BD99C1A67B2} = {214D1DA1-EF27-30B2-B87C-3BD99C1A67B2}
		{36A0D976-0A8E-3B14-8239-5AF4F0A20BAA} = {36A0D976-0A8E-3B14-8239-5AF4F0A20BAA}
		{F3F77744-2568-3333-B747-0B1DEBAA0F5A} = {F3F77744-2568-3333-B747-0B1DEBAA0F5A}
		{3369D071-0A52-3A95-AA6A-C415B7A6D2AB} = {3369D071-0A52-3A95-AA6A-C415B7A6D2AB}
		{7A10591B-8BC7-370B-99CD-12704ABE370B} = {7A10591B-8BC7-370B-99CD-12704ABE370B}
		{74EA8ED0-1F8E-3936-9628-B7538D2E7D79} = {74EA8ED0-1F8E-3936-9628-B7538D2E7D79}
	EndProjectSection
EndProject
Project("{8BC9CEB8-8B4A-11D0-8D11-00A0C91BC942}") = "SnippetVehicleContactMod", "SnippetVehicleContactMod.vcxproj", "{FC7B3EA4-9E17-376B-97BE-2C8CDA523290}"
	ProjectSection(ProjectDependencies) = postProject
		{F74B7B4C-A35C-32BA-947D-7B6656147449} = {F74B7B4C-A35C-32BA-947D-7B6656147449}
		{8B69FF1A-3D3D-3279-9559-422F63FF839E} = {8B69FF1A-3D3D-3279-9559-422F63FF839E}
		{66A4A21A-0A08-3671-8469-D70E403ABF21} = {66A4A21A-0A08-3671-8469-D70E403ABF21}
		{F4B05E5E-F8A1-3C33-8E86-D7BAA5812213} = {F4B05E5E-F8A1-3C33-8E86-D7BAA5812213}
		{AA913E48-371A-30D2-BEE1-F4663E0D65D9} = {AA913E48-371A-30D2-BEE1-F4663E0D65D9}
		{214D1DA1-EF27-30B2-B87C-3BD99C1A67B2} = {214D1DA1-EF27-30B2-B87C-3BD99C1A67B2}
		{36A0D976-0A8E-3B14-8239-5AF4F0A20BAA} = {36A0D976-0A8E-3B14-8239-5AF4F0A20BAA}
		{F3F77744-2568-3333-B747-0B1DEBAA0F5A} = {F3F77744-2568-3333-B747-0B1DEBAA0F5A}
		{3369D071-0A52-3A95-AA6A-C415B7A6D2AB} = {3369D071-0A52-3A95-AA6A-C415B7A6D2AB}
		{7A10591B-8BC7-370B-99CD-12704ABE370B} = {7A10591B-8BC7-370B-99CD-12704ABE370B}
		{74EA8ED0-1F8E-3936-9628-B7538D2E7D79} = {74EA8ED0-1F8E-3936-9628-B7538D2E7D79}
	EndProjectSection
EndProject
Project("{8BC9CEB8-8B4A-11D0-8D11-00A0C91BC942}") = "SnippetVehicleMultiThreading", "SnippetVehicleMultiThreading.vcxproj", "{0E7B7C04-1CCC-318B-BA33-BCC927043A05}"
	ProjectSection(ProjectDependencies) = postProject
		{F74B7B4C-A35C-32BA-947D-7B6656147449} = {F74B7B4C-A35C-32BA-947D-7B6656147449}
		{8B69FF1A-3D3D-3279-9559-422F63FF839E} = {8B69FF1A-3D3D-3279-9559-422F63FF839E}
		{66A4A21A-0A08-3671-8469-D70E403ABF21} = {66A4A21A-0A08-3671-8469-D70E403ABF21}
		{F4B05E5E-F8A1-3C33-8E86-D7BAA5812213} = {F4B05E5E-F8A1-3C33-8E86-D7BAA5812213}
		{AA913E48-371A-30D2-BEE1-F4663E0D65D9} = {AA913E48-371A-30D2-BEE1-F4663E0D65D9}
		{214D1DA1-EF27-30B2-B87C-3BD99C1A67B2} = {214D1DA1-EF27-30B2-B87C-3BD99C1A67B2}
		{36A0D976-0A8E-3B14-8239-5AF4F0A20BAA} = {36A0D976-0A8E-3B14-8239-5AF4F0A20BAA}
		{F3F77744-2568-3333-B747-0B1DEBAA0F5A} = {F3F77744-2568-3333-B747-0B1DEBAA0F5A}
		{3369D071-0A52-3A95-AA6A-C415B7A6D2AB} = {3369D071-0A52-3A95-AA6A-C415B7A6D2AB}
		{7A10591B-8BC7-370B-99CD-12704ABE370B} = {7A10591B-8BC7-370B-99CD-12704ABE370B}
		{74EA8ED0-1F8E-3936-9628-B7538D2E7D79} = {74EA8ED0-1F8E-3936-9628-B7538D2E7D79}
	EndProjectSection
EndProject
Project("{8BC9CEB8-8B4A-11D0-8D11-00A0C91BC942}") = "SnippetVehicleNoDrive", "SnippetVehicleNoDrive.vcxproj", "{4FE76E94-0526-31C0-9A61-FB7C48F1912A}"
	ProjectSection(ProjectDependencies) = postProject
		{F74B7B4C-A35C-32BA-947D-7B6656147449} = {F74B7B4C-A35C-32BA-947D-7B6656147449}
		{8B69FF1A-3D3D-3279-9559-422F63FF839E} = {8B69FF1A-3D3D-3279-9559-422F63FF839E}
		{66A4A21A-0A08-3671-8469-D70E403ABF21} = {66A4A21A-0A08-3671-8469-D70E403ABF21}
		{F4B05E5E-F8A1-3C33-8E86-D7BAA5812213} = {F4B05E5E-F8A1-3C33-8E86-D7BAA5812213}
		{AA913E48-371A-30D2-BEE1-F4663E0D65D9} = {AA913E48-371A-30D2-BEE1-F4663E0D65D9}
		{214D1DA1-EF27-30B2-B87C-3BD99C1A67B2} = {214D1DA1-EF27-30B2-B87C-3BD99C1A67B2}
		{36A0D976-0A8E-3B14-8239-5AF4F0A20BAA} = {36A0D976-0A8E-3B14-8239-5AF4F0A20BAA}
		{F3F77744-2568-3333-B747-0B1DEBAA0F5A} = {F3F77744-2568-3333-B747-0B1DEBAA0F5A}
		{3369D071-0A52-3A95-AA6A-C415B7A6D2AB} = {3369D071-0A52-3A95-AA6A-C415B7A6D2AB}
		{7A10591B-8BC7-370B-99CD-12704ABE370B} = {7A10591B-8BC7-370B-99CD-12704ABE370B}
		{74EA8ED0-1F8E-3936-9628-B7538D2E7D79} = {74EA8ED0-1F8E-3936-9628-B7538D2E7D79}
	EndProjectSection
EndProject
Project("{8BC9CEB8-8B4A-11D0-8D11-00A0C91BC942}") = "SnippetVehicleScale", "SnippetVehicleScale.vcxproj", "{6F72CEB5-763C-39D1-9888-EF19CE2B5CEF}"
	ProjectSection(ProjectDependencies) = postProject
		{F74B7B4C-A35C-32BA-947D-7B6656147449} = {F74B7B4C-A35C-32BA-947D-7B6656147449}
		{8B69FF1A-3D3D-3279-9559-422F63FF839E} = {8B69FF1A-3D3D-3279-9559-422F63FF839E}
		{66A4A21A-0A08-3671-8469-D70E403ABF21} = {66A4A21A-0A08-3671-8469-D70E403ABF21}
		{F4B05E5E-F8A1-3C33-8E86-D7BAA5812213} = {F4B05E5E-F8A1-3C33-8E86-D7BAA5812213}
		{AA913E48-371A-30D2-BEE1-F4663E0D65D9} = {AA913E48-371A-30D2-BEE1-F4663E0D65D9}
		{214D1DA1-EF27-30B2-B87C-3BD99C1A67B2} = {214D1DA1-EF27-30B2-B87C-3BD99C1A67B2}
		{36A0D976-0A8E-3B14-8239-5AF4F0A20BAA} = {36A0D976-0A8E-3B14-8239-5AF4F0A20BAA}
		{F3F77744-2568-3333-B747-0B1DEBAA0F5A} = {F3F77744-2568-3333-B747-0B1DEBAA0F5A}
		{3369D071-0A52-3A95-AA6A-C415B7A6D2AB} = {3369D071-0A52-3A95-AA6A-C415B7A6D2AB}
		{7A10591B-8BC7-370B-99CD-12704ABE370B} = {7A10591B-8BC7-370B-99CD-12704ABE370B}
		{74EA8ED0-1F8E-3936-9628-B7538D2E7D79} = {74EA8ED0-1F8E-3936-9628-B7538D2E7D79}
	EndProjectSection
EndProject
Project("{8BC9CEB8-8B4A-11D0-8D11-00A0C91BC942}") = "SnippetVehicleTank", "SnippetVehicleTank.vcxproj", "{26109CCD-00B9-3B56-9FA4-A256738A3FCE}"
	ProjectSection(ProjectDependencies) = postProject
		{F74B7B4C-A35C-32BA-947D-7B6656147449} = {F74B7B4C-A35C-32BA-947D-7B6656147449}
		{8B69FF1A-3D3D-3279-9559-422F63FF839E} = {8B69FF1A-3D3D-3279-9559-422F63FF839E}
		{66A4A21A-0A08-3671-8469-D70E403ABF21} = {66A4A21A-0A08-3671-8469-D70E403ABF21}
		{F4B05E5E-F8A1-3C33-8E86-D7BAA5812213} = {F4B05E5E-F8A1-3C33-8E86-D7BAA5812213}
		{AA913E48-371A-30D2-BEE1-F4663E0D65D9} = {AA913E48-371A-30D2-BEE1-F4663E0D65D9}
		{214D1DA1-EF27-30B2-B87C-3BD99C1A67B2} = {214D1DA1-EF27-30B2-B87C-3BD99C1A67B2}
		{36A0D976-0A8E-3B14-8239-5AF4F0A20BAA} = {36A0D976-0A8E-3B14-8239-5AF4F0A20BAA}
		{F3F77744-2568-3333-B747-0B1DEBAA0F5A} = {F3F77744-2568-3333-B747-0B1DEBAA0F5A}
		{3369D071-0A52-3A95-AA6A-C415B7A6D2AB} = {3369D071-0A52-3A95-AA6A-C415B7A6D2AB}
		{7A10591B-8BC7-370B-99CD-12704ABE370B} = {7A10591B-8BC7-370B-99CD-12704ABE370B}
		{74EA8ED0-1F8E-3936-9628-B7538D2E7D79} = {74EA8ED0-1F8E-3936-9628-B7538D2E7D79}
	EndProjectSection
EndProject
Global
	GlobalSection(SolutionConfigurationPlatforms) = preSolution
		debug|x64 = debug|x64
		checked|x64 = checked|x64
		profile|x64 = profile|x64
		release|x64 = release|x64
	EndGlobalSection
	GlobalSection(ProjectConfigurationPlatforms) = postSolution
		{CFB641C9-434F-30C0-A04F-1D5A37D9970A}.debug|x64.ActiveCfg = debug|x64
		{CFB641C9-434F-30C0-A04F-1D5A37D9970A}.debug|x64.Build.0 = debug|x64
		{CFB641C9-434F-30C0-A04F-1D5A37D9970A}.checked|x64.ActiveCfg = checked|x64
		{CFB641C9-434F-30C0-A04F-1D5A37D9970A}.checked|x64.Build.0 = checked|x64
		{CFB641C9-434F-30C0-A04F-1D5A37D9970A}.profile|x64.ActiveCfg = profile|x64
		{CFB641C9-434F-30C0-A04F-1D5A37D9970A}.profile|x64.Build.0 = profile|x64
		{CFB641C9-434F-30C0-A04F-1D5A37D9970A}.release|x64.ActiveCfg = release|x64
		{CFB641C9-434F-30C0-A04F-1D5A37D9970A}.release|x64.Build.0 = release|x64
		{F1C3B078-87C3-3872-B5C0-973139E035D6}.debug|x64.ActiveCfg = debug|x64
		{F1C3B078-87C3-3872-B5C0-973139E035D6}.debug|x64.Build.0 = debug|x64
		{F1C3B078-87C3-3872-B5C0-973139E035D6}.checked|x64.ActiveCfg = checked|x64
		{F1C3B078-87C3-3872-B5C0-973139E035D6}.checked|x64.Build.0 = checked|x64
		{F1C3B078-87C3-3872-B5C0-973139E035D6}.profile|x64.ActiveCfg = profile|x64
		{F1C3B078-87C3-3872-B5C0-973139E035D6}.profile|x64.Build.0 = profile|x64
		{F1C3B078-87C3-3872-B5C0-973139E035D6}.release|x64.ActiveCfg = release|x64
		{F1C3B078-87C3-3872-B5C0-973139E035D6}.release|x64.Build.0 = release|x64
		{C8560745-C1DA-348C-84FD-F653A33D18DD}.debug|x64.ActiveCfg = debug|x64
		{C8560745-C1DA-348C-84FD-F653A33D18DD}.checked|x64.ActiveCfg = checked|x64
		{C8560745-C1DA-348C-84FD-F653A33D18DD}.profile|x64.ActiveCfg = profile|x64
		{C8560745-C1DA-348C-84FD-F653A33D18DD}.release|x64.ActiveCfg = release|x64
		{98BE029D-7369-38E8-9254-611EDCBAD20E}.debug|x64.ActiveCfg = debug|x64
		{98BE029D-7369-38E8-9254-611EDCBAD20E}.debug|x64.Build.0 = debug|x64
		{98BE029D-7369-38E8-9254-611EDCBAD20E}.checked|x64.ActiveCfg = checked|x64
		{98BE029D-7369-38E8-9254-611EDCBAD20E}.checked|x64.Build.0 = checked|x64
		{98BE029D-7369-38E8-9254-611EDCBAD20E}.profile|x64.ActiveCfg = profile|x64
		{98BE029D-7369-38E8-9254-611EDCBAD20E}.profile|x64.Build.0 = profile|x64
		{98BE029D-7369-38E8-9254-611EDCBAD20E}.release|x64.ActiveCfg = release|x64
		{98BE029D-7369-38E8-9254-611EDCBAD20E}.release|x64.Build.0 = release|x64
		{86921EAF-B669-3360-B634-81A702F6B371}.debug|x64.ActiveCfg = debug|x64
		{86921EAF-B669-3360-B634-81A702F6B371}.debug|x64.Build.0 = debug|x64
		{86921EAF-B669-3360-B634-81A702F6B371}.checked|x64.ActiveCfg = checked|x64
		{86921EAF-B669-3360-B634-81A702F6B371}.checked|x64.Build.0 = checked|x64
		{86921EAF-B669-3360-B634-81A702F6B371}.profile|x64.ActiveCfg = profile|x64
		{86921EAF-B669-3360-B634-81A702F6B371}.profile|x64.Build.0 = profile|x64
		{86921EAF-B669-3360-B634-81A702F6B371}.release|x64.ActiveCfg = release|x64
		{86921EAF-B669-3360-B634-81A702F6B371}.release|x64.Build.0 = release|x64
		{BCAD4D84-F0CF-371C-B273-0D3C6E5FBDDE}.debug|x64.ActiveCfg = debug|x64
		{BCAD4D84-F0CF-371C-B273-0D3C6E5FBDDE}.debug|x64.Build.0 = debug|x64
		{BCAD4D84-F0CF-371C-B273-0D3C6E5FBDDE}.checked|x64.ActiveCfg = checked|x64
		{BCAD4D84-F0CF-371C-B273-0D3C6E5FBDDE}.checked|x64.Build.0 = checked|x64
		{BCAD4D84-F0CF-371C-B273-0D3C6E5FBDDE}.profile|x64.ActiveCfg = profile|x64
		{BCAD4D84-F0CF-371C-B273-0D3C6E5FBDDE}.profile|x64.Build.0 = profile|x64
		{BCAD4D84-F0CF-371C-B273-0D3C6E5FBDDE}.release|x64.ActiveCfg = release|x64
		{BCAD4D84-F0CF-371C-B273-0D3C6E5FBDDE}.release|x64.Build.0 = release|x64
		{F74B7B4C-A35C-32BA-947D-7B6656147449}.debug|x64.ActiveCfg = debug|x64
		{F74B7B4C-A35C-32BA-947D-7B6656147449}.debug|x64.Build.0 = debug|x64
		{F74B7B4C-A35C-32BA-947D-7B6656147449}.checked|x64.ActiveCfg = checked|x64
		{F74B7B4C-A35C-32BA-947D-7B6656147449}.checked|x64.Build.0 = checked|x64
		{F74B7B4C-A35C-32BA-947D-7B6656147449}.profile|x64.ActiveCfg = profile|x64
		{F74B7B4C-A35C-32BA-947D-7B6656147449}.profile|x64.Build.0 = profile|x64
		{F74B7B4C-A35C-32BA-947D-7B6656147449}.release|x64.ActiveCfg = release|x64
		{F74B7B4C-A35C-32BA-947D-7B6656147449}.release|x64.Build.0 = release|x64
		{8B69FF1A-3D3D-3279-9559-422F63FF839E}.debug|x64.ActiveCfg = debug|x64
		{8B69FF1A-3D3D-3279-9559-422F63FF839E}.debug|x64.Build.0 = debug|x64
		{8B69FF1A-3D3D-3279-9559-422F63FF839E}.checked|x64.ActiveCfg = checked|x64
		{8B69FF1A-3D3D-3279-9559-422F63FF839E}.checked|x64.Build.0 = checked|x64
		{8B69FF1A-3D3D-3279-9559-422F63FF839E}.profile|x64.ActiveCfg = profile|x64
		{8B69FF1A-3D3D-3279-9559-422F63FF839E}.profile|x64.Build.0 = profile|x64
		{8B69FF1A-3D3D-3279-9559-422F63FF839E}.release|x64.ActiveCfg = release|x64
		{8B69FF1A-3D3D-3279-9559-422F63FF839E}.release|x64.Build.0 = release|x64
		{66A4A21A-0A08-3671-8469-D70E403ABF21}.debug|x64.ActiveCfg = debug|x64
		{66A4A21A-0A08-3671-8469-D70E403ABF21}.debug|x64.Build.0 = debug|x64
		{66A4A21A-0A08-3671-8469-D70E403ABF21}.checked|x64.ActiveCfg = checked|x64
		{66A4A21A-0A08-3671-8469-D70E403ABF21}.checked|x64.Build.0 = checked|x64
		{66A4A21A-0A08-3671-8469-D70E403ABF21}.profile|x64.ActiveCfg = profile|x64
		{66A4A21A-0A08-3671-8469-D70E403ABF21}.profile|x64.Build.0 = profile|x64
		{66A4A21A-0A08-3671-8469-D70E403ABF21}.release|x64.ActiveCfg = release|x64
		{66A4A21A-0A08-3671-8469-D70E403ABF21}.release|x64.Build.0 = release|x64
		{F4B05E5E-F8A1-3C33-8E86-D7BAA5812213}.debug|x64.ActiveCfg = debug|x64
		{F4B05E5E-F8A1-3C33-8E86-D7BAA5812213}.debug|x64.Build.0 = debug|x64
		{F4B05E5E-F8A1-3C33-8E86-D7BAA5812213}.checked|x64.ActiveCfg = checked|x64
		{F4B05E5E-F8A1-3C33-8E86-D7BAA5812213}.checked|x64.Build.0 = checked|x64
		{F4B05E5E-F8A1-3C33-8E86-D7BAA5812213}.profile|x64.ActiveCfg = profile|x64
		{F4B05E5E-F8A1-3C33-8E86-D7BAA5812213}.profile|x64.Build.0 = profile|x64
		{F4B05E5E-F8A1-3C33-8E86-D7BAA5812213}.release|x64.ActiveCfg = release|x64
		{F4B05E5E-F8A1-3C33-8E86-D7BAA5812213}.release|x64.Build.0 = release|x64
		{AA913E48-371A-30D2-BEE1-F4663E0D65D9}.debug|x64.ActiveCfg = debug|x64
		{AA913E48-371A-30D2-BEE1-F4663E0D65D9}.debug|x64.Build.0 = debug|x64
		{AA913E48-371A-30D2-BEE1-F4663E0D65D9}.checked|x64.ActiveCfg = checked|x64
		{AA913E48-371A-30D2-BEE1-F4663E0D65D9}.checked|x64.Build.0 = checked|x64
		{AA913E48-371A-30D2-BEE1-F4663E0D65D9}.profile|x64.ActiveCfg = profile|x64
		{AA913E48-371A-30D2-BEE1-F4663E0D65D9}.profile|x64.Build.0 = profile|x64
		{AA913E48-371A-30D2-BEE1-F4663E0D65D9}.release|x64.ActiveCfg = release|x64
		{AA913E48-371A-30D2-BEE1-F4663E0D65D9}.release|x64.Build.0 = release|x64
		{214D1DA1-EF27-30B2-B87C-3BD99C1A67B2}.debug|x64.ActiveCfg = debug|x64
		{214D1DA1-EF27-30B2-B87C-3BD99C1A67B2}.debug|x64.Build.0 = debug|x64
		{214D1DA1-EF27-30B2-B87C-3BD99C1A67B2}.checked|x64.ActiveCfg = checked|x64
		{214D1DA1-EF27-30B2-B87C-3BD99C1A67B2}.checked|x64.Build.0 = checked|x64
		{214D1DA1-EF27-30B2-B87C-3BD99C1A67B2}.profile|x64.ActiveCfg = profile|x64
		{214D1DA1-EF27-30B2-B87C-3BD99C1A67B2}.profile|x64.Build.0 = profile|x64
		{214D1DA1-EF27-30B2-B87C-3BD99C1A67B2}.release|x64.ActiveCfg = release|x64
		{214D1DA1-EF27-30B2-B87C-3BD99C1A67B2}.release|x64.Build.0 = release|x64
		{36A0D976-0A8E-3B14-8239-5AF4F0A20BAA}.debug|x64.ActiveCfg = debug|x64
		{36A0D976-0A8E-3B14-8239-5AF4F0A20BAA}.debug|x64.Build.0 = debug|x64
		{36A0D976-0A8E-3B14-8239-5AF4F0A20BAA}.checked|x64.ActiveCfg = checked|x64
		{36A0D976-0A8E-3B14-8239-5AF4F0A20BAA}.checked|x64.Build.0 = checked|x64
		{36A0D976-0A8E-3B14-8239-5AF4F0A20BAA}.profile|x64.ActiveCfg = profile|x64
		{36A0D976-0A8E-3B14-8239-5AF4F0A20BAA}.profile|x64.Build.0 = profile|x64
		{36A0D976-0A8E-3B14-8239-5AF4F0A20BAA}.release|x64.ActiveCfg = release|x64
		{36A0D976-0A8E-3B14-8239-5AF4F0A20BAA}.release|x64.Build.0 = release|x64
		{F3F77744-2568-3333-B747-0B1DEBAA0F5A}.debug|x64.ActiveCfg = debug|x64
		{F3F77744-2568-3333-B747-0B1DEBAA0F5A}.debug|x64.Build.0 = debug|x64
		{F3F77744-2568-3333-B747-0B1DEBAA0F5A}.checked|x64.ActiveCfg = checked|x64
		{F3F77744-2568-3333-B747-0B1DEBAA0F5A}.checked|x64.Build.0 = checked|x64
		{F3F77744-2568-3333-B747-0B1DEBAA0F5A}.profile|x64.ActiveCfg = profile|x64
		{F3F77744-2568-3333-B747-0B1DEBAA0F5A}.profile|x64.Build.0 = profile|x64
		{F3F77744-2568-3333-B747-0B1DEBAA0F5A}.release|x64.ActiveCfg = release|x64
		{F3F77744-2568-3333-B747-0B1DEBAA0F5A}.release|x64.Build.0 = release|x64
		{3369D071-0A52-3A95-AA6A-C415B7A6D2AB}.debug|x64.ActiveCfg = debug|x64
		{3369D071-0A52-3A95-AA6A-C415B7A6D2AB}.debug|x64.Build.0 = debug|x64
		{3369D071-0A52-3A95-AA6A-C415B7A6D2AB}.checked|x64.ActiveCfg = checked|x64
		{3369D071-0A52-3A95-AA6A-C415B7A6D2AB}.checked|x64.Build.0 = checked|x64
		{3369D071-0A52-3A95-AA6A-C415B7A6D2AB}.profile|x64.ActiveCfg = profile|x64
		{3369D071-0A52-3A95-AA6A-C415B7A6D2AB}.profile|x64.Build.0 = profile|x64
		{3369D071-0A52-3A95-AA6A-C415B7A6D2AB}.release|x64.ActiveCfg = release|x64
		{3369D071-0A52-3A95-AA6A-C415B7A6D2AB}.release|x64.Build.0 = release|x64
		{CC569D35-110A-3790-A7FF-3DB2A5FB0D0A}.debug|x64.ActiveCfg = debug|x64
		{CC569D35-110A-3790-A7FF-3DB2A5FB0D0A}.debug|x64.Build.0 = debug|x64
		{CC569D35-110A-3790-A7FF-3DB2A5FB0D0A}.checked|x64.ActiveCfg = checked|x64
		{CC569D35-110A-3790-A7FF-3DB2A5FB0D0A}.checked|x64.Build.0 = checked|x64
		{CC569D35-110A-3790-A7FF-3DB2A5FB0D0A}.profile|x64.ActiveCfg = profile|x64
		{CC569D35-110A-3790-A7FF-3DB2A5FB0D0A}.profile|x64.Build.0 = profile|x64
		{CC569D35-110A-3790-A7FF-3DB2A5FB0D0A}.release|x64.ActiveCfg = release|x64
		{CC569D35-110A-3790-A7FF-3DB2A5FB0D0A}.release|x64.Build.0 = release|x64
		{9F6F7E64-2899-3C04-ADD2-6256005EA3A8}.debug|x64.ActiveCfg = debug|x64
		{9F6F7E64-2899-3C04-ADD2-6256005EA3A8}.debug|x64.Build.0 = debug|x64
		{9F6F7E64-2899-3C04-ADD2-6256005EA3A8}.checked|x64.ActiveCfg = checked|x64
		{9F6F7E64-2899-3C04-ADD2-6256005EA3A8}.checked|x64.Build.0 = checked|x64
		{9F6F7E64-2899-3C04-ADD2-6256005EA3A8}.profile|x64.ActiveCfg = profile|x64
		{9F6F7E64-2899-3C04-ADD2-6256005EA3A8}.profile|x64.Build.0 = profile|x64
		{9F6F7E64-2899-3C04-ADD2-6256005EA3A8}.release|x64.ActiveCfg = release|x64
		{9F6F7E64-2899-3C04-ADD2-6256005EA3A8}.release|x64.Build.0 = release|x64
		{C08185D7-4683-39D5-A140-EFFBA6673F27}.debug|x64.ActiveCfg = debug|x64
		{C08185D7-4683-39D5-A140-EFFBA6673F27}.debug|x64.Build.0 = debug|x64
		{C08185D7-4683-39D5-A140-EFFBA6673F27}.checked|x64.ActiveCfg = checked|x64
		{C08185D7-4683-39D5-A140-EFFBA6673F27}.checked|x64.Build.0 = checked|x64
		{C08185D7-4683-39D5-A140-EFFBA6673F27}.profile|x64.ActiveCfg = profile|x64
		{C08185D7-4683-39D5-A140-EFFBA6673F27}.profile|x64.Build.0 = profile|x64
		{C08185D7-4683-39D5-A140-EFFBA6673F27}.release|x64.ActiveCfg = release|x64
		{C08185D7-4683-39D5-A140-EFFBA6673F27}.release|x64.Build.0 = release|x64
		{9ADA1F42-AEB0-355D-869D-EDE5CA80AB76}.debug|x64.ActiveCfg = debug|x64
		{9ADA1F42-AEB0-355D-869D-EDE5CA80AB76}.debug|x64.Build.0 = debug|x64
		{9ADA1F42-AEB0-355D-869D-EDE5CA80AB76}.checked|x64.ActiveCfg = checked|x64
		{9ADA1F42-AEB0-355D-869D-EDE5CA80AB76}.checked|x64.Build.0 = checked|x64
		{9ADA1F42-AEB0-355D-869D-EDE5CA80AB76}.profile|x64.ActiveCfg = profile|x64
		{9ADA1F42-AEB0-355D-869D-EDE5CA80AB76}.profile|x64.Build.0 = profile|x64
		{9ADA1F42-AEB0-355D-869D-EDE5CA80AB76}.release|x64.ActiveCfg = release|x64
		{9ADA1F42-AEB0-355D-869D-EDE5CA80AB76}.release|x64.Build.0 = release|x64
		{F5C9A3D0-3D64-3B77-9415-17082162E235}.debug|x64.ActiveCfg = debug|x64
		{F5C9A3D0-3D64-3B77-9415-17082162E235}.debug|x64.Build.0 = debug|x64
		{F5C9A3D0-3D64-3B77-9415-17082162E235}.checked|x64.ActiveCfg = checked|x64
		{F5C9A3D0-3D64-3B77-9415-17082162E235}.checked|x64.Build.0 = checked|x64
		{F5C9A3D0-3D64-3B77-9415-17082162E235}.profile|x64.ActiveCfg = profile|x64
		{F5C9A3D0-3D64-3B77-9415-17082162E235}.profile|x64.Build.0 = profile|x64
		{F5C9A3D0-3D64-3B77-9415-17082162E235}.release|x64.ActiveCfg = release|x64
		{F5C9A3D0-3D64-3B77-9415-17082162E235}.release|x64.Build.0 = release|x64
		{863B4E41-2AFA-3B03-AADF-DA9369BFB2E8}.debug|x64.ActiveCfg = debug|x64
		{863B4E41-2AFA-3B03-AADF-DA9369BFB2E8}.debug|x64.Build.0 = debug|x64
		{863B4E41-2AFA-3B03-AADF-DA9369BFB2E8}.checked|x64.ActiveCfg = checked|x64
		{863B4E41-2AFA-3B03-AADF-DA9369BFB2E8}.checked|x64.Build.0 = checked|x64
		{863B4E41-2AFA-3B03-AADF-DA9369BFB2E8}.profile|x64.ActiveCfg = profile|x64
		{863B4E41-2AFA-3B03-AADF-DA9369BFB2E8}.profile|x64.Build.0 = profile|x64
		{863B4E41-2AFA-3B03-AADF-DA9369BFB2E8}.release|x64.ActiveCfg = release|x64
		{863B4E41-2AFA-3B03-AADF-DA9369BFB2E8}.release|x64.Build.0 = release|x64
		{FB834EF8-04AB-32AB-8F33-54CC2DB2586B}.debug|x64.ActiveCfg = debug|x64
		{FB834EF8-04AB-32AB-8F33-54CC2DB2586B}.debug|x64.Build.0 = debug|x64
		{FB834EF8-04AB-32AB-8F33-54CC2DB2586B}.checked|x64.ActiveCfg = checked|x64
		{FB834EF8-04AB-32AB-8F33-54CC2DB2586B}.checked|x64.Build.0 = checked|x64
		{FB834EF8-04AB-32AB-8F33-54CC2DB2586B}.profile|x64.ActiveCfg = profile|x64
		{FB834EF8-04AB-32AB-8F33-54CC2DB2586B}.profile|x64.Build.0 = profile|x64
		{FB834EF8-04AB-32AB-8F33-54CC2DB2586B}.release|x64.ActiveCfg = release|x64
		{FB834EF8-04AB-32AB-8F33-54CC2DB2586B}.release|x64.Build.0 = release|x64
		{07A6CD29-0820-3421-BE8C-CE3652E4339D}.debug|x64.ActiveCfg = debug|x64
		{07A6CD29-0820-3421-BE8C-CE3652E4339D}.debug|x64.Build.0 = debug|x64
		{07A6CD29-0820-3421-BE8C-CE3652E4339D}.checked|x64.ActiveCfg = checked|x64
		{07A6CD29-0820-3421-BE8C-CE3652E4339D}.checked|x64.Build.0 = checked|x64
		{07A6CD29-0820-3421-BE8C-CE3652E4339D}.profile|x64.ActiveCfg = profile|x64
		{07A6CD29-0820-3421-BE8C-CE3652E4339D}.profile|x64.Build.0 = profile|x64
		{07A6CD29-0820-3421-BE8C-CE3652E4339D}.release|x64.ActiveCfg = release|x64
		{07A6CD29-0820-3421-BE8C-CE3652E4339D}.release|x64.Build.0 = release|x64
		{4E8BD5DC-EF19-3AC2-B4FC-632B12D6611F}.debug|x64.ActiveCfg = debug|x64
		{4E8BD5DC-EF19-3AC2-B4FC-632B12D6611F}.debug|x64.Build.0 = debug|x64
		{4E8BD5DC-EF19-3AC2-B4FC-632B12D6611F}.checked|x64.ActiveCfg = checked|x64
		{4E8BD5DC-EF19-3AC2-B4FC-632B12D6611F}.checked|x64.Build.0 = checked|x64
		{4E8BD5DC-EF19-3AC2-B4FC-632B12D6611F}.profile|x64.ActiveCfg = profile|x64
		{4E8BD5DC-EF19-3AC2-B4FC-632B12D6611F}.profile|x64.Build.0 = profile|x64
		{4E8BD5DC-EF19-3AC2-B4FC-632B12D6611F}.release|x64.ActiveCfg = release|x64
		{4E8BD5DC-EF19-3AC2-B4FC-632B12D6611F}.release|x64.Build.0 = release|x64
		{B309D9EB-C09B-3BFD-B50F-C01664F5A408}.debug|x64.ActiveCfg = debug|x64
		{B309D9EB-C09B-3BFD-B50F-C01664F5A408}.debug|x64.Build.0 = debug|x64
		{B309D9EB-C09B-3BFD-B50F-C01664F5A408}.checked|x64.ActiveCfg = checked|x64
		{B309D9EB-C09B-3BFD-B50F-C01664F5A408}.checked|x64.Build.0 = checked|x64
		{B309D9EB-C09B-3BFD-B50F-C01664F5A408}.profile|x64.ActiveCfg = profile|x64
		{B309D9EB-C09B-3BFD-B50F-C01664F5A408}.profile|x64.Build.0 = profile|x64
		{B309D9EB-C09B-3BFD-B50F-C01664F5A408}.release|x64.ActiveCfg = release|x64
		{B309D9EB-C09B-3BFD-B50F-C01664F5A408}.release|x64.Build.0 = release|x64
		{C075BC19-EFA2-36E3-8A77-396962778FBF}.debug|x64.ActiveCfg = debug|x64
		{C075BC19-EFA2-36E3-8A77-396962778FBF}.debug|x64.Build.0 = debug|x64
		{C075BC19-EFA2-36E3-8A77-396962778FBF}.checked|x64.ActiveCfg = checked|x64
		{C075BC19-EFA2-36E3-8A77-396962778FBF}.checked|x64.Build.0 = checked|x64
		{C075BC19-EFA2-36E3-8A77-396962778FBF}.profile|x64.ActiveCfg = profile|x64
		{C075BC19-EFA2-36E3-8A77-396962778FBF}.profile|x64.Build.0 = profile|x64
		{C075BC19-EFA2-36E3-8A77-396962778FBF}.release|x64.ActiveCfg = release|x64
		{C075BC19-EFA2-36E3-8A77-396962778FBF}.release|x64.Build.0 = release|x64
		{F43D1557-634E-330F-9CC4-29C6BD5DBBC3}.debug|x64.ActiveCfg = debug|x64
		{F43D1557-634E-330F-9CC4-29C6BD5DBBC3}.debug|x64.Build.0 = debug|x64
		{F43D1557-634E-330F-9CC4-29C6BD5DBBC3}.checked|x64.ActiveCfg = checked|x64
		{F43D1557-634E-330F-9CC4-29C6BD5DBBC3}.checked|x64.Build.0 = checked|x64
		{F43D1557-634E-330F-9CC4-29C6BD5DBBC3}.profile|x64.ActiveCfg = profile|x64
		{F43D1557-634E-330F-9CC4-29C6BD5DBBC3}.profile|x64.Build.0 = profile|x64
		{F43D1557-634E-330F-9CC4-29C6BD5DBBC3}.release|x64.ActiveCfg = release|x64
		{F43D1557-634E-330F-9CC4-29C6BD5DBBC3}.release|x64.Build.0 = release|x64
		{83F34875-546E-34D2-8AE0-B5A6994014A1}.debug|x64.ActiveCfg = debug|x64
		{83F34875-546E-34D2-8AE0-B5A6994014A1}.debug|x64.Build.0 = debug|x64
		{83F34875-546E-34D2-8AE0-B5A6994014A1}.checked|x64.ActiveCfg = checked|x64
		{83F34875-546E-34D2-8AE0-B5A6994014A1}.checked|x64.Build.0 = checked|x64
		{83F34875-546E-34D2-8AE0-B5A6994014A1}.profile|x64.ActiveCfg = profile|x64
		{83F34875-546E-34D2-8AE0-B5A6994014A1}.profile|x64.Build.0 = profile|x64
		{83F34875-546E-34D2-8AE0-B5A6994014A1}.release|x64.ActiveCfg = release|x64
		{83F34875-546E-34D2-8AE0-B5A6994014A1}.release|x64.Build.0 = release|x64
		{02DA0BAA-E8F9-3CAD-9C6C-08A0D7207868}.debug|x64.ActiveCfg = debug|x64
		{02DA0BAA-E8F9-3CAD-9C6C-08A0D7207868}.debug|x64.Build.0 = debug|x64
		{02DA0BAA-E8F9-3CAD-9C6C-08A0D7207868}.checked|x64.ActiveCfg = checked|x64
		{02DA0BAA-E8F9-3CAD-9C6C-08A0D7207868}.checked|x64.Build.0 = checked|x64
		{02DA0BAA-E8F9-3CAD-9C6C-08A0D7207868}.profile|x64.ActiveCfg = profile|x64
		{02DA0BAA-E8F9-3CAD-9C6C-08A0D7207868}.profile|x64.Build.0 = profile|x64
		{02DA0BAA-E8F9-3CAD-9C6C-08A0D7207868}.release|x64.ActiveCfg = release|x64
		{02DA0BAA-E8F9-3CAD-9C6C-08A0D7207868}.release|x64.Build.0 = release|x64
		{2115F461-248D-37AA-A4EF-C813D03B7D8A}.debug|x64.ActiveCfg = debug|x64
		{2115F461-248D-37AA-A4EF-C813D03B7D8A}.debug|x64.Build.0 = debug|x64
		{2115F461-248D-37AA-A4EF-C813D03B7D8A}.checked|x64.ActiveCfg = checked|x64
		{2115F461-248D-37AA-A4EF-C813D03B7D8A}.checked|x64.Build.0 = checked|x64
		{2115F461-248D-37AA-A4EF-C813D03B7D8A}.profile|x64.ActiveCfg = profile|x64
		{2115F461-248D-37AA-A4EF-C813D03B7D8A}.profile|x64.Build.0 = profile|x64
		{2115F461-248D-37AA-A4EF-C813D03B7D8A}.release|x64.ActiveCfg = release|x64
		{2115F461-248D-37AA-A4EF-C813D03B7D8A}.release|x64.Build.0 = release|x64
		{F2916547-1E5B-3CB7-9A83-CC7EB19F8837}.debug|x64.ActiveCfg = debug|x64
		{F2916547-1E5B-3CB7-9A83-CC7EB19F8837}.debug|x64.Build.0 = debug|x64
		{F2916547-1E5B-3CB7-9A83-CC7EB19F8837}.checked|x64.ActiveCfg = checked|x64
		{F2916547-1E5B-3CB7-9A83-CC7EB19F8837}.checked|x64.Build.0 = checked|x64
		{F2916547-1E5B-3CB7-9A83-CC7EB19F8837}.profile|x64.ActiveCfg = profile|x64
		{F2916547-1E5B-3CB7-9A83-CC7EB19F8837}.profile|x64.Build.0 = profile|x64
		{F2916547-1E5B-3CB7-9A83-CC7EB19F8837}.release|x64.ActiveCfg = release|x64
		{F2916547-1E5B-3CB7-9A83-CC7EB19F8837}.release|x64.Build.0 = release|x64
		{E756E195-FD4E-36BD-A754-0FD7EA8BD0BF}.debug|x64.ActiveCfg = debug|x64
		{E756E195-FD4E-36BD-A754-0FD7EA8BD0BF}.debug|x64.Build.0 = debug|x64
		{E756E195-FD4E-36BD-A754-0FD7EA8BD0BF}.checked|x64.ActiveCfg = checked|x64
		{E756E195-FD4E-36BD-A754-0FD7EA8BD0BF}.checked|x64.Build.0 = checked|x64
		{E756E195-FD4E-36BD-A754-0FD7EA8BD0BF}.profile|x64.ActiveCfg = profile|x64
		{E756E195-FD4E-36BD-A754-0FD7EA8BD0BF}.profile|x64.Build.0 = profile|x64
		{E756E195-FD4E-36BD-A754-0FD7EA8BD0BF}.release|x64.ActiveCfg = release|x64
		{E756E195-FD4E-36BD-A754-0FD7EA8BD0BF}.release|x64.Build.0 = release|x64
		{28687A2C-020A-3033-BDDF-ACC406A353BF}.debug|x64.ActiveCfg = debug|x64
		{28687A2C-020A-3033-BDDF-ACC406A353BF}.debug|x64.Build.0 = debug|x64
		{28687A2C-020A-3033-BDDF-ACC406A353BF}.checked|x64.ActiveCfg = checked|x64
		{28687A2C-020A-3033-BDDF-ACC406A353BF}.checked|x64.Build.0 = checked|x64
		{28687A2C-020A-3033-BDDF-ACC406A353BF}.profile|x64.ActiveCfg = profile|x64
		{28687A2C-020A-3033-BDDF-ACC406A353BF}.profile|x64.Build.0 = profile|x64
		{28687A2C-020A-3033-BDDF-ACC406A353BF}.release|x64.ActiveCfg = release|x64
		{28687A2C-020A-3033-BDDF-ACC406A353BF}.release|x64.Build.0 = release|x64
		{EC1746D6-9CE3-32B9-8291-5F06C772DB56}.debug|x64.ActiveCfg = debug|x64
		{EC1746D6-9CE3-32B9-8291-5F06C772DB56}.debug|x64.Build.0 = debug|x64
		{EC1746D6-9CE3-32B9-8291-5F06C772DB56}.checked|x64.ActiveCfg = checked|x64
		{EC1746D6-9CE3-32B9-8291-5F06C772DB56}.checked|x64.Build.0 = checked|x64
		{EC1746D6-9CE3-32B9-8291-5F06C772DB56}.profile|x64.ActiveCfg = profile|x64
		{EC1746D6-9CE3-32B9-8291-5F06C772DB56}.profile|x64.Build.0 = profile|x64
		{EC1746D6-9CE3-32B9-8291-5F06C772DB56}.release|x64.ActiveCfg = release|x64
		{EC1746D6-9CE3-32B9-8291-5F06C772DB56}.release|x64.Build.0 = release|x64
		{25CCAD08-5F0D-39BC-AC92-6652D4369B4B}.debug|x64.ActiveCfg = debug|x64
		{25CCAD08-5F0D-39BC-AC92-6652D4369B4B}.debug|x64.Build.0 = debug|x64
		{25CCAD08-5F0D-39BC-AC92-6652D4369B4B}.checked|x64.ActiveCfg = checked|x64
		{25CCAD08-5F0D-39BC-AC92-6652D4369B4B}.checked|x64.Build.0 = checked|x64
		{25CCAD08-5F0D-39BC-AC92-6652D4369B4B}.profile|x64.ActiveCfg = profile|x64
		{25CCAD08-5F0D-39BC-AC92-6652D4369B4B}.profile|x64.Build.0 = profile|x64
		{25CCAD08-5F0D-39BC-AC92-6652D4369B4B}.release|x64.ActiveCfg = release|x64
		{25CCAD08-5F0D-39BC-AC92-6652D4369B4B}.release|x64.Build.0 = release|x64
		{7DF0161D-690F-3911-A9D5-D3602BFDBA07}.debug|x64.ActiveCfg = debug|x64
		{7DF0161D-690F-3911-A9D5-D3602BFDBA07}.debug|x64.Build.0 = debug|x64
		{7DF0161D-690F-3911-A9D5-D3602BFDBA07}.checked|x64.ActiveCfg = checked|x64
		{7DF0161D-690F-3911-A9D5-D3602BFDBA07}.checked|x64.Build.0 = checked|x64
		{7DF0161D-690F-3911-A9D5-D3602BFDBA07}.profile|x64.ActiveCfg = profile|x64
		{7DF0161D-690F-3911-A9D5-D3602BFDBA07}.profile|x64.Build.0 = profile|x64
		{7DF0161D-690F-3911-A9D5-D3602BFDBA07}.release|x64.ActiveCfg = release|x64
		{7DF0161D-690F-3911-A9D5-D3602BFDBA07}.release|x64.Build.0 = release|x64
		{B2E167C1-BB38-330B-8665-280A91519962}.debug|x64.ActiveCfg = debug|x64
		{B2E167C1-BB38-330B-8665-280A91519962}.debug|x64.Build.0 = debug|x64
		{B2E167C1-BB38-330B-8665-280A91519962}.checked|x64.ActiveCfg = checked|x64
		{B2E167C1-BB38-330B-8665-280A91519962}.checked|x64.Build.0 = checked|x64
		{B2E167C1-BB38-330B-8665-280A91519962}.profile|x64.ActiveCfg = profile|x64
		{B2E167C1-BB38-330B-8665-280A91519962}.profile|x64.Build.0 = profile|x64
		{B2E167C1-BB38-330B-8665-280A91519962}.release|x64.ActiveCfg = release|x64
		{B2E167C1-BB38-330B-8665-280A91519962}.release|x64.Build.0 = release|x64
		{92BCB13F-816D-3B61-933C-D475A4665485}.debug|x64.ActiveCfg = debug|x64
		{92BCB13F-816D-3B61-933C-D475A4665485}.debug|x64.Build.0 = debug|x64
		{92BCB13F-816D-3B61-933C-D475A4665485}.checked|x64.ActiveCfg = checked|x64
		{92BCB13F-816D-3B61-933C-D475A4665485}.checked|x64.Build.0 = checked|x64
		{92BCB13F-816D-3B61-933C-D475A4665485}.profile|x64.ActiveCfg = profile|x64
		{92BCB13F-816D-3B61-933C-D475A4665485}.profile|x64.Build.0 = profile|x64
		{92BCB13F-816D-3B61-933C-D475A4665485}.release|x64.ActiveCfg = release|x64
		{92BCB13F-816D-3B61-933C-D475A4665485}.release|x64.Build.0 = release|x64
		{00878985-3D83-318F-AD86-693DC64ECC50}.debug|x64.ActiveCfg = debug|x64
		{00878985-3D83-318F-AD86-693DC64ECC50}.debug|x64.Build.0 = debug|x64
		{00878985-3D83-318F-AD86-693DC64ECC50}.checked|x64.ActiveCfg = checked|x64
		{00878985-3D83-318F-AD86-693DC64ECC50}.checked|x64.Build.0 = checked|x64
		{00878985-3D83-318F-AD86-693DC64ECC50}.profile|x64.ActiveCfg = profile|x64
		{00878985-3D83-318F-AD86-693DC64ECC50}.profile|x64.Build.0 = profile|x64
		{00878985-3D83-318F-AD86-693DC64ECC50}.release|x64.ActiveCfg = release|x64
		{00878985-3D83-318F-AD86-693DC64ECC50}.release|x64.Build.0 = release|x64
		{7A10591B-8BC7-370B-99CD-12704ABE370B}.debug|x64.ActiveCfg = debug|x64
		{7A10591B-8BC7-370B-99CD-12704ABE370B}.debug|x64.Build.0 = debug|x64
		{7A10591B-8BC7-370B-99CD-12704ABE370B}.checked|x64.ActiveCfg = checked|x64
		{7A10591B-8BC7-370B-99CD-12704ABE370B}.checked|x64.Build.0 = checked|x64
		{7A10591B-8BC7-370B-99CD-12704ABE370B}.profile|x64.ActiveCfg = profile|x64
		{7A10591B-8BC7-370B-99CD-12704ABE370B}.profile|x64.Build.0 = profile|x64
		{7A10591B-8BC7-370B-99CD-12704ABE370B}.release|x64.ActiveCfg = release|x64
		{7A10591B-8BC7-370B-99CD-12704ABE370B}.release|x64.Build.0 = release|x64
		{AFC803E8-C293-3DF9-92F9-4090BEAAE2A7}.debug|x64.ActiveCfg = debug|x64
		{AFC803E8-C293-3DF9-92F9-4090BEAAE2A7}.debug|x64.Build.0 = debug|x64
		{AFC803E8-C293-3DF9-92F9-4090BEAAE2A7}.checked|x64.ActiveCfg = checked|x64
		{AFC803E8-C293-3DF9-92F9-4090BEAAE2A7}.checked|x64.Build.0 = checked|x64
		{AFC803E8-C293-3DF9-92F9-4090BEAAE2A7}.profile|x64.ActiveCfg = profile|x64
		{AFC803E8-C293-3DF9-92F9-4090BEAAE2A7}.profile|x64.Build.0 = profile|x64
		{AFC803E8-C293-3DF9-92F9-4090BEAAE2A7}.release|x64.ActiveCfg = release|x64
		{AFC803E8-C293-3DF9-92F9-4090BEAAE2A7}.release|x64.Build.0 = release|x64
		{5B180293-D33B-3C8A-9DCF-D8A282F2AD04}.debug|x64.ActiveCfg = debug|x64
		{5B180293-D33B-3C8A-9DCF-D8A282F2AD04}.debug|x64.Build.0 = debug|x64
		{5B180293-D33B-3C8A-9DCF-D8A282F2AD04}.checked|x64.ActiveCfg = checked|x64
		{5B180293-D33B-3C8A-9DCF-D8A282F2AD04}.checked|x64.Build.0 = checked|x64
		{5B180293-D33B-3C8A-9DCF-D8A282F2AD04}.profile|x64.ActiveCfg = profile|x64
		{5B180293-D33B-3C8A-9DCF-D8A282F2AD04}.profile|x64.Build.0 = profile|x64
		{5B180293-D33B-3C8A-9DCF-D8A282F2AD04}.release|x64.ActiveCfg = release|x64
		{5B180293-D33B-3C8A-9DCF-D8A282F2AD04}.release|x64.Build.0 = release|x64
		{BDB4C753-3D22-3430-849D-961F5B79FD81}.debug|x64.ActiveCfg = debug|x64
		{BDB4C753-3D22-3430-849D-961F5B79FD81}.debug|x64.Build.0 = debug|x64
		{BDB4C753-3D22-3430-849D-961F5B79FD81}.checked|x64.ActiveCfg = checked|x64
		{BDB4C753-3D22-3430-849D-961F5B79FD81}.checked|x64.Build.0 = checked|x64
		{BDB4C753-3D22-3430-849D-961F5B79FD81}.profile|x64.ActiveCfg = profile|x64
		{BDB4C753-3D22-3430-849D-961F5B79FD81}.profile|x64.Build.0 = profile|x64
		{BDB4C753-3D22-3430-849D-961F5B79FD81}.release|x64.ActiveCfg = release|x64
		{BDB4C753-3D22-3430-849D-961F5B79FD81}.release|x64.Build.0 = release|x64
		{4790D912-E2A3-36CF-A3AE-0D0E697F1264}.debug|x64.ActiveCfg = debug|x64
		{4790D912-E2A3-36CF-A3AE-0D0E697F1264}.debug|x64.Build.0 = debug|x64
		{4790D912-E2A3-36CF-A3AE-0D0E697F1264}.checked|x64.ActiveCfg = checked|x64
		{4790D912-E2A3-36CF-A3AE-0D0E697F1264}.checked|x64.Build.0 = checked|x64
		{4790D912-E2A3-36CF-A3AE-0D0E697F1264}.profile|x64.ActiveCfg = profile|x64
		{4790D912-E2A3-36CF-A3AE-0D0E697F1264}.profile|x64.Build.0 = profile|x64
		{4790D912-E2A3-36CF-A3AE-0D0E697F1264}.release|x64.ActiveCfg = release|x64
		{4790D912-E2A3-36CF-A3AE-0D0E697F1264}.release|x64.Build.0 = release|x64
		{3E59C70E-3EFF-358B-AF86-86BE8745109C}.debug|x64.ActiveCfg = debug|x64
		{3E59C70E-3EFF-358B-AF86-86BE8745109C}.debug|x64.Build.0 = debug|x64
		{3E59C70E-3EFF-358B-AF86-86BE8745109C}.checked|x64.ActiveCfg = checked|x64
		{3E59C70E-3EFF-358B-AF86-86BE8745109C}.checked|x64.Build.0 = checked|x64
		{3E59C70E-3EFF-358B-AF86-86BE8745109C}.profile|x64.ActiveCfg = profile|x64
		{3E59C70E-3EFF-358B-AF86-86BE8745109C}.profile|x64.Build.0 = profile|x64
		{3E59C70E-3EFF-358B-AF86-86BE8745109C}.release|x64.ActiveCfg = release|x64
		{3E59C70E-3EFF-358B-AF86-86BE8745109C}.release|x64.Build.0 = release|x64
		{600337A8-EB88-3DEC-811F-6983404CD3EE}.debug|x64.ActiveCfg = debug|x64
		{600337A8-EB88-3DEC-811F-6983404CD3EE}.debug|x64.Build.0 = debug|x64
		{600337A8-EB88-3DEC-811F-6983404CD3EE}.checked|x64.ActiveCfg = checked|x64
		{600337A8-EB88-3DEC-811F-6983404CD3EE}.checked|x64.Build.0 = checked|x64
		{600337A8-EB88-3DEC-811F-6983404CD3EE}.profile|x64.ActiveCfg = profile|x64
		{600337A8-EB88-3DEC-811F-6983404CD3EE}.profile|x64.Build.0 = profile|x64
		{600337A8-EB88-3DEC-811F-6983404CD3EE}.release|x64.ActiveCfg = release|x64
		{600337A8-EB88-3DEC-811F-6983404CD3EE}.release|x64.Build.0 = release|x64
		{DA5C7AF9-3676-3EBD-A3CF-8647464F3C39}.debug|x64.ActiveCfg = debug|x64
		{DA5C7AF9-3676-3EBD-A3CF-8647464F3C39}.debug|x64.Build.0 = debug|x64
		{DA5C7AF9-3676-3EBD-A3CF-8647464F3C39}.checked|x64.ActiveCfg = checked|x64
		{DA5C7AF9-3676-3EBD-A3CF-8647464F3C39}.checked|x64.Build.0 = checked|x64
		{DA5C7AF9-3676-3EBD-A3CF-8647464F3C39}.profile|x64.ActiveCfg = profile|x64
		{DA5C7AF9-3676-3EBD-A3CF-8647464F3C39}.profile|x64.Build.0 = profile|x64
		{DA5C7AF9-3676-3EBD-A3CF-8647464F3C39}.release|x64.ActiveCfg = release|x64
		{DA5C7AF9-3676-3EBD-A3CF-8647464F3C39}.release|x64.Build.0 = release|x64
		{74EA8ED0-1F8E-3936-9628-B7538D2E7D79}.debug|x64.ActiveCfg = debug|x64
		{74EA8ED0-1F8E-3936-9628-B7538D2E7D79}.debug|x64.Build.0 = debug|x64
		{74EA8ED0-1F8E-3936-9628-B7538D2E7D79}.checked|x64.ActiveCfg = checked|x64
		{74EA8ED0-1F8E-3936-9628-B7538D2E7D79}.checked|x64.Build.0 = checked|x64
		{74EA8ED0-1F8E-3936-9628-B7538D2E7D79}.profile|x64.ActiveCfg = profile|x64
		{74EA8ED0-1F8E-3936-9628-B7538D2E7D79}.profile|x64.Build.0 = profile|x64
		{74EA8ED0-1F8E-3936-9628-B7538D2E7D79}.release|x64.ActiveCfg = release|x64
		{74EA8ED0-1F8E-3936-9628-B7538D2E7D79}.release|x64.Build.0 = release|x64
		{AB8FAE4D-2A26-3B81-9A59-34D6CD3F0A5F}.debug|x64.ActiveCfg = debug|x64
		{AB8FAE4D-2A26-3B81-9A59-34D6CD3F0A5F}.debug|x64.Build.0 = debug|x64
		{AB8FAE4D-2A26-3B81-9A59-34D6CD3F0A5F}.checked|x64.ActiveCfg = checked|x64
		{AB8FAE4D-2A26-3B81-9A59-34D6CD3F0A5F}.checked|x64.Build.0 = checked|x64
		{AB8FAE4D-2A26-3B81-9A59-34D6CD3F0A5F}.profile|x64.ActiveCfg = profile|x64
		{AB8FAE4D-2A26-3B81-9A59-34D6CD3F0A5F}.profile|x64.Build.0 = profile|x64
		{AB8FAE4D-2A26-3B81-9A59-34D6CD3F0A5F}.release|x64.ActiveCfg = release|x64
		{AB8FAE4D-2A26-3B81-9A59-34D6CD3F0A5F}.release|x64.Build.0 = release|x64
		{FC7B3EA4-9E17-376B-97BE-2C8CDA523290}.debug|x64.ActiveCfg = debug|x64
		{FC7B3EA4-9E17-376B-97BE-2C8CDA523290}.debug|x64.Build.0 = debug|x64
		{FC7B3EA4-9E17-376B-97BE-2C8CDA523290}.checked|x64.ActiveCfg = checked|x64
		{FC7B3EA4-9E17-376B-97BE-2C8CDA523290}.checked|x64.Build.0 = checked|x64
		{FC7B3EA4-9E17-376B-97BE-2C8CDA523290}.profile|x64.ActiveCfg = profile|x64
		{FC7B3EA4-9E17-376B-97BE-2C8CDA523290}.profile|x64.Build.0 = profile|x64
		{FC7B3EA4-9E17-376B-97BE-2C8CDA523290}.release|x64.ActiveCfg = release|x64
		{FC7B3EA4-9E17-376B-97BE-2C8CDA523290}.release|x64.Build.0 = release|x64
		{0E7B7C04-1CCC-318B-BA33-BCC927043A05}.debug|x64.ActiveCfg = debug|x64
		{0E7B7C04-1CCC-318B-BA33-BCC927043A05}.debug|x64.Build.0 = debug|x64
		{0E7B7C04-1CCC-318B-BA33-BCC927043A05}.checked|x64.ActiveCfg = checked|x64
		{0E7B7C04-1CCC-318B-BA33-BCC927043A05}.checked|x64.Build.0 = checked|x64
		{0E7B7C04-1CCC-318B-BA33-BCC927043A05}.profile|x64.ActiveCfg = profile|x64
		{0E7B7C04-1CCC-318B-BA33-BCC927043A05}.profile|x64.Build.0 = profile|x64
		{0E7B7C04-1CCC-318B-BA33-BCC927043A05}.release|x64.ActiveCfg = release|x64
		{0E7B7C04-1CCC-318B-BA33-BCC927043A05}.release|x64.Build.0 = release|x64
		{4FE76E94-0526-31C0-9A61-FB7C48F1912A}.debug|x64.ActiveCfg = debug|x64
		{4FE76E94-0526-31C0-9A61-FB7C48F1912A}.debug|x64.Build.0 = debug|x64
		{4FE76E94-0526-31C0-9A61-FB7C48F1912A}.checked|x64.ActiveCfg = checked|x64
		{4FE76E94-0526-31C0-9A61-FB7C48F1912A}.checked|x64.Build.0 = checked|x64
		{4FE76E94-0526-31C0-9A61-FB7C48F1912A}.profile|x64.ActiveCfg = profile|x64
		{4FE76E94-0526-31C0-9A61-FB7C48F1912A}.profile|x64.Build.0 = profile|x64
		{4FE76E94-0526-31C0-9A61-FB7C48F1912A}.release|x64.ActiveCfg = release|x64
		{4FE76E94-0526-31C0-9A61-FB7C48F1912A}.release|x64.Build.0 = release|x64
		{6F72CEB5-763C-39D1-9888-EF19CE2B5CEF}.debug|x64.ActiveCfg = debug|x64
		{6F72CEB5-763C-39D1-9888-EF19CE2B5CEF}.debug|x64.Build.0 = debug|x64
		{6F72CEB5-763C-39D1-9888-EF19CE2B5CEF}.checked|x64.ActiveCfg = checked|x64
		{6F72CEB5-763C-39D1-9888-EF19CE2B5CEF}.checked|x64.Build.0 = checked|x64
		{6F72CEB5-763C-39D1-9888-EF19CE2B5CEF}.profile|x64.ActiveCfg = profile|x64
		{6F72CEB5-763C-39D1-9888-EF19CE2B5CEF}.profile|x64.Build.0 = profile|x64
		{6F72CEB5-763C-39D1-9888-EF19CE2B5CEF}.release|x64.ActiveCfg = release|x64
		{6F72CEB5-763C-39D1-9888-EF19CE2B5CEF}.release|x64.Build.0 = release|x64
		{26109CCD-00B9-3B56-9FA4-A256738A3FCE}.debug|x64.ActiveCfg = debug|x64
		{26109CCD-00B9-3B56-9FA4-A256738A3FCE}.debug|x64.Build.0 = debug|x64
		{26109CCD-00B9-3B56-9FA4-A256738A3FCE}.checked|x64.ActiveCfg = checked|x64
		{26109CCD-00B9-3B56-9FA4-A256738A3FCE}.checked|x64.Build.0 = checked|x64
		{26109CCD-00B9-3B56-9FA4-A256738A3FCE}.profile|x64.ActiveCfg = profile|x64
		{26109CCD-00B9-3B56-9FA4-A256738A3FCE}.profile|x64.Build.0 = profile|x64
		{26109CCD-00B9-3B56-9FA4-A256738A3FCE}.release|x64.ActiveCfg = release|x64
		{26109CCD-00B9-3B56-9FA4-A256738A3FCE}.release|x64.Build.0 = release|x64
	EndGlobalSection
	GlobalSection(NestedProjects) = preSolution
		{CFB641C9-434F-30C0-A04F-1D5A37D9970A} = {6DA95F9F-9CC5-33BE-8FA7-E036D86BAD74}
		{C8560745-C1DA-348C-84FD-F653A33D18DD} = {6DA95F9F-9CC5-33BE-8FA7-E036D86BAD74}
		{F1C3B078-87C3-3872-B5C0-973139E035D6} = {F05A2F1E-2150-3066-89E5-A2F24691CB96}
		{98BE029D-7369-38E8-9254-611EDCBAD20E} = {F05A2F1E-2150-3066-89E5-A2F24691CB96}
		{86921EAF-B669-3360-B634-81A702F6B371} = {F05A2F1E-2150-3066-89E5-A2F24691CB96}
		{BCAD4D84-F0CF-371C-B273-0D3C6E5FBDDE} = {F05A2F1E-2150-3066-89E5-A2F24691CB96}
		{F74B7B4C-A35C-32BA-947D-7B6656147449} = {F05A2F1E-2150-3066-89E5-A2F24691CB96}
		{8B69FF1A-3D3D-3279-9559-422F63FF839E} = {F05A2F1E-2150-3066-89E5-A2F24691CB96}
		{66A4A21A-0A08-3671-8469-D70E403ABF21} = {F05A2F1E-2150-3066-89E5-A2F24691CB96}
		{F4B05E5E-F8A1-3C33-8E86-D7BAA5812213} = {F05A2F1E-2150-3066-89E5-A2F24691CB96}
		{AA913E48-371A-30D2-BEE1-F4663E0D65D9} = {F05A2F1E-2150-3066-89E5-A2F24691CB96}
		{214D1DA1-EF27-30B2-B87C-3BD99C1A67B2} = {F05A2F1E-2150-3066-89E5-A2F24691CB96}
		{36A0D976-0A8E-3B14-8239-5AF4F0A20BAA} = {F05A2F1E-2150-3066-89E5-A2F24691CB96}
		{F3F77744-2568-3333-B747-0B1DEBAA0F5A} = {F05A2F1E-2150-3066-89E5-A2F24691CB96}
		{3369D071-0A52-3A95-AA6A-C415B7A6D2AB} = {F05A2F1E-2150-3066-89E5-A2F24691CB96}
		{CC569D35-110A-3790-A7FF-3DB2A5FB0D0A} = {F05A2F1E-2150-3066-89E5-A2F24691CB96}
		{9F6F7E64-2899-3C04-ADD2-6256005EA3A8} = {F05A2F1E-2150-3066-89E5-A2F24691CB96}
		{3912E299-2292-39CE-8853-C0F6A8AA5545} = {E7BFF7F2-3133-3943-B484-CFF5EC88884D}
		{C08185D7-4683-39D5-A140-EFFBA6673F27} = {E7BFF7F2-3133-3943-B484-CFF5EC88884D}
		{9ADA1F42-AEB0-355D-869D-EDE5CA80AB76} = {E7BFF7F2-3133-3943-B484-CFF5EC88884D}
		{F5C9A3D0-3D64-3B77-9415-17082162E235} = {E7BFF7F2-3133-3943-B484-CFF5EC88884D}
		{863B4E41-2AFA-3B03-AADF-DA9369BFB2E8} = {E7BFF7F2-3133-3943-B484-CFF5EC88884D}
		{FB834EF8-04AB-32AB-8F33-54CC2DB2586B} = {E7BFF7F2-3133-3943-B484-CFF5EC88884D}
		{07A6CD29-0820-3421-BE8C-CE3652E4339D} = {E7BFF7F2-3133-3943-B484-CFF5EC88884D}
		{4E8BD5DC-EF19-3AC2-B4FC-632B12D6611F} = {E7BFF7F2-3133-3943-B484-CFF5EC88884D}
		{B309D9EB-C09B-3BFD-B50F-C01664F5A408} = {E7BFF7F2-3133-3943-B484-CFF5EC88884D}
		{C075BC19-EFA2-36E3-8A77-396962778FBF} = {E7BFF7F2-3133-3943-B484-CFF5EC88884D}
		{F43D1557-634E-330F-9CC4-29C6BD5DBBC3} = {E7BFF7F2-3133-3943-B484-CFF5EC88884D}
		{83F34875-546E-34D2-8AE0-B5A6994014A1} = {E7BFF7F2-3133-3943-B484-CFF5EC88884D}
		{02DA0BAA-E8F9-3CAD-9C6C-08A0D7207868} = {E7BFF7F2-3133-3943-B484-CFF5EC88884D}
		{2115F461-248D-37AA-A4EF-C813D03B7D8A} = {E7BFF7F2-3133-3943-B484-CFF5EC88884D}
		{F2916547-1E5B-3CB7-9A83-CC7EB19F8837} = {E7BFF7F2-3133-3943-B484-CFF5EC88884D}
		{E756E195-FD4E-36BD-A754-0FD7EA8BD0BF} = {E7BFF7F2-3133-3943-B484-CFF5EC88884D}
		{28687A2C-020A-3033-BDDF-ACC406A353BF} = {E7BFF7F2-3133-3943-B484-CFF5EC88884D}
		{EC1746D6-9CE3-32B9-8291-5F06C772DB56} = {E7BFF7F2-3133-3943-B484-CFF5EC88884D}
		{25CCAD08-5F0D-39BC-AC92-6652D4369B4B} = {E7BFF7F2-3133-3943-B484-CFF5EC88884D}
		{7DF0161D-690F-3911-A9D5-D3602BFDBA07} = {E7BFF7F2-3133-3943-B484-CFF5EC88884D}
		{B2E167C1-BB38-330B-8665-280A91519962} = {E7BFF7F2-3133-3943-B484-CFF5EC88884D}
		{92BCB13F-816D-3B61-933C-D475A4665485} = {E7BFF7F2-3133-3943-B484-CFF5EC88884D}
		{00878985-3D83-318F-AD86-693DC64ECC50} = {E7BFF7F2-3133-3943-B484-CFF5EC88884D}
		{AFC803E8-C293-3DF9-92F9-4090BEAAE2A7} = {E7BFF7F2-3133-3943-B484-CFF5EC88884D}
		{5B180293-D33B-3C8A-9DCF-D8A282F2AD04} = {E7BFF7F2-3133-3943-B484-CFF5EC88884D}
		{BDB4C753-3D22-3430-849D-961F5B79FD81} = {E7BFF7F2-3133-3943-B484-CFF5EC88884D}
		{4790D912-E2A3-36CF-A3AE-0D0E697F1264} = {E7BFF7F2-3133-3943-B484-CFF5EC88884D}
		{3E59C70E-3EFF-358B-AF86-86BE8745109C} = {E7BFF7F2-3133-3943-B484-CFF5EC88884D}
		{600337A8-EB88-3DEC-811F-6983404CD3EE} = {E7BFF7F2-3133-3943-B484-CFF5EC88884D}
		{DA5C7AF9-3676-3EBD-A3CF-8647464F3C39} = {E7BFF7F2-3133-3943-B484-CFF5EC88884D}
		{AB8FAE4D-2A26-3B81-9A59-34D6CD3F0A5F} = {E7BFF7F2-3133-3943-B484-CFF5EC88884D}
		{FC7B3EA4-9E17-376B-97BE-2C8CDA523290} = {E7BFF7F2-3133-3943-B484-CFF5EC88884D}
		{0E7B7C04-1CCC-318B-BA33-BCC927043A05} = {E7BFF7F2-3133-3943-B484-CFF5EC88884D}
		{4FE76E94-0526-31C0-9A61-FB7C48F1912A} = {E7BFF7F2-3133-3943-B484-CFF5EC88884D}
		{6F72CEB5-763C-39D1-9888-EF19CE2B5CEF} = {E7BFF7F2-3133-3943-B484-CFF5EC88884D}
		{26109CCD-00B9-3B56-9FA4-A256738A3FCE} = {E7BFF7F2-3133-3943-B484-CFF5EC88884D}
		{7A10591B-8BC7-370B-99CD-12704ABE370B} = {3912E299-2292-39CE-8853-C0F6A8AA5545}
		{74EA8ED0-1F8E-3936-9628-B7538D2E7D79} = {3912E299-2292-39CE-8853-C0F6A8AA5545}
	EndGlobalSection
	GlobalSection(ExtensibilityGlobals) = postSolution
		SolutionGuid = {E8310D79-33C9-3170-ACB9-6804B2B3AB7B}
	EndGlobalSection
	GlobalSection(ExtensibilityAddIns) = postSolution
	EndGlobalSection
EndGlobal
